PODS:
  - Alamofire (4.8.2)
  - RoasterHammerShared (0.0.20):
    - RoasterHammerShared/Core (= 0.0.20)
  - RoasterHammerShared/Core (0.0.20)

DEPENDENCIES:
  - Alamofire
  - "RoasterHammerShared (from `git@github.com:klein-thibault/RoasterHammer-Shared.git`, tag `0.0.20`)"

SPEC REPOS:
  https://github.com/cocoapods/specs.git:
    - Alamofire

EXTERNAL SOURCES:
  RoasterHammerShared:
    :git: "git@github.com:klein-thibault/RoasterHammer-Shared.git"
    :tag: 0.0.20

CHECKOUT OPTIONS:
  RoasterHammerShared:
    :git: "git@github.com:klein-thibault/RoasterHammer-Shared.git"
    :tag: 0.0.20

SPEC CHECKSUMS:
  Alamofire: ae5c501addb7afdbb13687d7f2f722c78734c2d3
  RoasterHammerShared: 53fdb64da1239bb5c21efb4d7a50a0e82cb80feb

PODFILE CHECKSUM: 437e3b77be3c2bb4befbc4dc9b18ad5b69e02abf

COCOAPODS: 1.5.3
