PODS:
  - Alamofire (4.8.1)
  - RoasterHammerShared (0.0.9):
    - RoasterHammerShared/Core (= 0.0.9)
  - RoasterHammerShared/Core (0.0.9)

DEPENDENCIES:
  - Alamofire
  - "RoasterHammerShared (from `git@github.com:klein-thibault/RoasterHammer-Shared.git`, branch `master`)"

SPEC REPOS:
  https://github.com/cocoapods/specs.git:
    - Alamofire

EXTERNAL SOURCES:
  RoasterHammerShared:
    :branch: master
    :git: "git@github.com:klein-thibault/RoasterHammer-Shared.git"

CHECKOUT OPTIONS:
  RoasterHammerShared:
    :commit: 44a34e3a79585a3eaeaae899a0a6a7a7b9d0a133
    :git: "git@github.com:klein-thibault/RoasterHammer-Shared.git"

SPEC CHECKSUMS:
  Alamofire: 16ce2c353fb72865124ddae8a57c5942388f4f11
  RoasterHammerShared: c836b4097c4ee082f8bc39461a0fdeea11316ad8

PODFILE CHECKSUM: 0c36a4dcc7e59e3e4df463690b3d14a830be5de5

COCOAPODS: 1.5.3
