// !$*UTF8*$!
{
	archiveVersion = 1;
	classes = {
	};
	objectVersion = 50;
	objects = {

/* Begin PBXBuildFile section */
		27EB0BFF28BC7AB9F3D16A62 /* Pods_RoasterHammer.framework in Frameworks */ = {isa = PBXBuildFile; fileRef = B4AEE1820CAD5C57303E9F64 /* Pods_RoasterHammer.framework */; };
		8E19B32E222D57BA003F10FA /* RoasterRouter.swift in Sources */ = {isa = PBXBuildFile; fileRef = 8E19B32D222D57BA003F10FA /* RoasterRouter.swift */; };
		8E19B336222D59E8003F10FA /* DetachmentTypeView.swift in Sources */ = {isa = PBXBuildFile; fileRef = 8E19B335222D59E8003F10FA /* DetachmentTypeView.swift */; };
		8E19B338222D59F5003F10FA /* DetachmentTypeBaseViewController.swift in Sources */ = {isa = PBXBuildFile; fileRef = 8E19B337222D59F5003F10FA /* DetachmentTypeBaseViewController.swift */; };
		8E19B33A222D5A00003F10FA /* DetachmentTypeViewController.swift in Sources */ = {isa = PBXBuildFile; fileRef = 8E19B339222D5A00003F10FA /* DetachmentTypeViewController.swift */; };
		8E19B33C222D5A98003F10FA /* DetachmentTypeViewOutput.swift in Sources */ = {isa = PBXBuildFile; fileRef = 8E19B33B222D5A98003F10FA /* DetachmentTypeViewOutput.swift */; };
		8E19B33E222D5AC4003F10FA /* DetachmentTypeInteractor.swift in Sources */ = {isa = PBXBuildFile; fileRef = 8E19B33D222D5AC4003F10FA /* DetachmentTypeInteractor.swift */; };
		8E19B340222D5B02003F10FA /* DetachmentTypeInteractorOutput.swift in Sources */ = {isa = PBXBuildFile; fileRef = 8E19B33F222D5B02003F10FA /* DetachmentTypeInteractorOutput.swift */; };
		8E19B342222D5B1C003F10FA /* DetachmentTypePresenter.swift in Sources */ = {isa = PBXBuildFile; fileRef = 8E19B341222D5B1C003F10FA /* DetachmentTypePresenter.swift */; };
		8E19B344222D5B52003F10FA /* DetachmentTypeBuilder.swift in Sources */ = {isa = PBXBuildFile; fileRef = 8E19B343222D5B52003F10FA /* DetachmentTypeBuilder.swift */; };
		8E19B5B5222D6383003F10FA /* DetachmentDataManager.swift in Sources */ = {isa = PBXBuildFile; fileRef = 8E19B5B4222D6383003F10FA /* DetachmentDataManager.swift */; };
		8E19D7EB222AB69E00051784 /* GameDataStore.swift in Sources */ = {isa = PBXBuildFile; fileRef = 8E19D7EA222AB69E00051784 /* GameDataStore.swift */; };
		8E19D7ED222ABA2900051784 /* RoasterDataManager.swift in Sources */ = {isa = PBXBuildFile; fileRef = 8E19D7EC222ABA2900051784 /* RoasterDataManager.swift */; };
		8E19E6B1222B368E00051784 /* RoasterView.swift in Sources */ = {isa = PBXBuildFile; fileRef = 8E19E6B0222B368E00051784 /* RoasterView.swift */; };
		8E19E6B3222B36A600051784 /* RoasterBaseViewController.swift in Sources */ = {isa = PBXBuildFile; fileRef = 8E19E6B2222B36A600051784 /* RoasterBaseViewController.swift */; };
		8E19E6B5222B36CE00051784 /* RoasterViewController.swift in Sources */ = {isa = PBXBuildFile; fileRef = 8E19E6B4222B36CE00051784 /* RoasterViewController.swift */; };
		8E19E6B8222B36F200051784 /* RoasterViewOutput.swift in Sources */ = {isa = PBXBuildFile; fileRef = 8E19E6B7222B36F200051784 /* RoasterViewOutput.swift */; };
		8E19E6BA222B370900051784 /* RoasterInteractor.swift in Sources */ = {isa = PBXBuildFile; fileRef = 8E19E6B9222B370900051784 /* RoasterInteractor.swift */; };
		8E19E6BD222B373700051784 /* RoasterInteractorOutput.swift in Sources */ = {isa = PBXBuildFile; fileRef = 8E19E6BC222B373700051784 /* RoasterInteractorOutput.swift */; };
		8E19E6BF222B373F00051784 /* RoasterPresenter.swift in Sources */ = {isa = PBXBuildFile; fileRef = 8E19E6BE222B373F00051784 /* RoasterPresenter.swift */; };
		8E19E6C2222B37AC00051784 /* RoasterBuilder.swift in Sources */ = {isa = PBXBuildFile; fileRef = 8E19E6C1222B37AC00051784 /* RoasterBuilder.swift */; };
		8E311B712225793A00C58DBF /* HTTPResponse.swift in Sources */ = {isa = PBXBuildFile; fileRef = 8E311B702225793A00C58DBF /* HTTPResponse.swift */; };
		8E311B7422257A5F00C58DBF /* AccountDataManager.swift in Sources */ = {isa = PBXBuildFile; fileRef = 8E311B7322257A5F00C58DBF /* AccountDataManager.swift */; };
		8E646CE62224FA4800599834 /* JSONDecoder+Data.swift in Sources */ = {isa = PBXBuildFile; fileRef = 8E646CE52224FA4800599834 /* JSONDecoder+Data.swift */; };
		8E646CE82224FBB300599834 /* JSONConvertible.swift in Sources */ = {isa = PBXBuildFile; fileRef = 8E646CE72224FBB300599834 /* JSONConvertible.swift */; };
		8EDA1C87222E088A0005A15B /* DetachmentTypeRouter.swift in Sources */ = {isa = PBXBuildFile; fileRef = 8EDA1C86222E088A0005A15B /* DetachmentTypeRouter.swift */; };
		8EDA1EF8223159450005A15B /* RoasterRoleTableViewCell.swift in Sources */ = {isa = PBXBuildFile; fileRef = 8EDA1EF7223159450005A15B /* RoasterRoleTableViewCell.swift */; };
		8EE227B822235FAE00DF0D72 /* AppDelegate.swift in Sources */ = {isa = PBXBuildFile; fileRef = 8EE227B722235FAE00DF0D72 /* AppDelegate.swift */; };
		8EE227BF22235FB000DF0D72 /* Assets.xcassets in Resources */ = {isa = PBXBuildFile; fileRef = 8EE227BE22235FB000DF0D72 /* Assets.xcassets */; };
		8EE227C222235FB000DF0D72 /* LaunchScreen.storyboard in Resources */ = {isa = PBXBuildFile; fileRef = 8EE227C022235FB000DF0D72 /* LaunchScreen.storyboard */; };
		8EE227CD22235FB000DF0D72 /* RoasterHammerTests.swift in Sources */ = {isa = PBXBuildFile; fileRef = 8EE227CC22235FB000DF0D72 /* RoasterHammerTests.swift */; };
		8EFA0263222DC7BB00DAE956 /* ArmyDataManager.swift in Sources */ = {isa = PBXBuildFile; fileRef = 8EFA0262222DC7BB00DAE956 /* ArmyDataManager.swift */; };
		8EFA04DC2231AB2500DAE956 /* AccountView.swift in Sources */ = {isa = PBXBuildFile; fileRef = 8EFA04DB2231AB2500DAE956 /* AccountView.swift */; };
		8EFA04DE2231AB8600DAE956 /* AccountBaseViewController.swift in Sources */ = {isa = PBXBuildFile; fileRef = 8EFA04DD2231AB8600DAE956 /* AccountBaseViewController.swift */; };
		8EFA04E02231ABB400DAE956 /* AccountViewController.swift in Sources */ = {isa = PBXBuildFile; fileRef = 8EFA04DF2231ABB400DAE956 /* AccountViewController.swift */; };
		8EFA04E22231AC6E00DAE956 /* AccountViewOutput.swift in Sources */ = {isa = PBXBuildFile; fileRef = 8EFA04E12231AC6E00DAE956 /* AccountViewOutput.swift */; };
		8EFA04E42231AC7B00DAE956 /* AccountInteractor.swift in Sources */ = {isa = PBXBuildFile; fileRef = 8EFA04E32231AC7B00DAE956 /* AccountInteractor.swift */; };
		8EFA04E62231AC9D00DAE956 /* AccountInteractorOutput.swift in Sources */ = {isa = PBXBuildFile; fileRef = 8EFA04E52231AC9D00DAE956 /* AccountInteractorOutput.swift */; };
		8EFA04E82231ACAB00DAE956 /* AccountPresenter.swift in Sources */ = {isa = PBXBuildFile; fileRef = 8EFA04E72231ACAB00DAE956 /* AccountPresenter.swift */; };
		8EFA04EA2231ACF900DAE956 /* AccountRouter.swift in Sources */ = {isa = PBXBuildFile; fileRef = 8EFA04E92231ACF900DAE956 /* AccountRouter.swift */; };
		8EFA04EC2231ADEB00DAE956 /* AccountBuilder.swift in Sources */ = {isa = PBXBuildFile; fileRef = 8EFA04EB2231ADEB00DAE956 /* AccountBuilder.swift */; };
		8EFAF03E2224A90500DAE956 /* CreateAccountViewController.swift in Sources */ = {isa = PBXBuildFile; fileRef = 8EFAF03D2224A90500DAE956 /* CreateAccountViewController.swift */; };
		8EFAF0402224A91200DAE956 /* LoginViewController.swift in Sources */ = {isa = PBXBuildFile; fileRef = 8EFAF03F2224A91200DAE956 /* LoginViewController.swift */; };
		8EFAF0422224A9B500DAE956 /* CreateAccountLayoutViewController.swift in Sources */ = {isa = PBXBuildFile; fileRef = 8EFAF0412224A9B500DAE956 /* CreateAccountLayoutViewController.swift */; };
		8EFAF0462224AAB200DAE956 /* UIView+Autolayout.swift in Sources */ = {isa = PBXBuildFile; fileRef = 8EFAF0452224AAB200DAE956 /* UIView+Autolayout.swift */; };
		8EFAF5272225F9AE00DAE956 /* JSONDecodingError.swift in Sources */ = {isa = PBXBuildFile; fileRef = 8EFAF5262225F9AE00DAE956 /* JSONDecodingError.swift */; };
		8EFAF52A2225FB8300DAE956 /* String+Encoding.swift in Sources */ = {isa = PBXBuildFile; fileRef = 8EFAF5292225FB8300DAE956 /* String+Encoding.swift */; };
		8EFAF52F2226009F00DAE956 /* AccountDataStore.swift in Sources */ = {isa = PBXBuildFile; fileRef = 8EFAF52E2226009F00DAE956 /* AccountDataStore.swift */; };
		8EFAF531222600C300DAE956 /* Storable.swift in Sources */ = {isa = PBXBuildFile; fileRef = 8EFAF530222600C300DAE956 /* Storable.swift */; };
		8EFAF5332226011000DAE956 /* UserDefaultStore.swift in Sources */ = {isa = PBXBuildFile; fileRef = 8EFAF5322226011000DAE956 /* UserDefaultStore.swift */; };
		8EFAF536222602F000DAE956 /* LoginLayoutViewController.swift in Sources */ = {isa = PBXBuildFile; fileRef = 8EFAF535222602F000DAE956 /* LoginLayoutViewController.swift */; };
		8EFAF53D22284B0700DAE956 /* LoginViewOutput.swift in Sources */ = {isa = PBXBuildFile; fileRef = 8EFAF53C22284B0600DAE956 /* LoginViewOutput.swift */; };
		8EFAF53F22284B1F00DAE956 /* LoginInteractor.swift in Sources */ = {isa = PBXBuildFile; fileRef = 8EFAF53E22284B1F00DAE956 /* LoginInteractor.swift */; };
		8EFAF54122284BC200DAE956 /* LoginInteractorOutput.swift in Sources */ = {isa = PBXBuildFile; fileRef = 8EFAF54022284BC200DAE956 /* LoginInteractorOutput.swift */; };
		8EFAF54422284C6900DAE956 /* LoginBuilder.swift in Sources */ = {isa = PBXBuildFile; fileRef = 8EFAF54322284C6900DAE956 /* LoginBuilder.swift */; };
		8EFAF54622284CBB00DAE956 /* LoginPresenter.swift in Sources */ = {isa = PBXBuildFile; fileRef = 8EFAF54522284CBB00DAE956 /* LoginPresenter.swift */; };
		8EFAF54822284D4600DAE956 /* LoginView.swift in Sources */ = {isa = PBXBuildFile; fileRef = 8EFAF54722284D4500DAE956 /* LoginView.swift */; };
		8EFAF54B22284E9F00DAE956 /* FeatureFactory.swift in Sources */ = {isa = PBXBuildFile; fileRef = 8EFAF54A22284E9F00DAE956 /* FeatureFactory.swift */; };
		8EFAF54D22284EBD00DAE956 /* DependencyManager.swift in Sources */ = {isa = PBXBuildFile; fileRef = 8EFAF54C22284EBD00DAE956 /* DependencyManager.swift */; };
		8EFAF54F22284ECF00DAE956 /* RoasterHammerDependencyManager.swift in Sources */ = {isa = PBXBuildFile; fileRef = 8EFAF54E22284ECF00DAE956 /* RoasterHammerDependencyManager.swift */; };
		8EFAF553222850F500DAE956 /* CreateAccountView.swift in Sources */ = {isa = PBXBuildFile; fileRef = 8EFAF552222850F500DAE956 /* CreateAccountView.swift */; };
		8EFAF5552228511900DAE956 /* CreateAccountViewOutput.swift in Sources */ = {isa = PBXBuildFile; fileRef = 8EFAF5542228511900DAE956 /* CreateAccountViewOutput.swift */; };
		8EFAF5572228513E00DAE956 /* CreateAccountInteractorOutput.swift in Sources */ = {isa = PBXBuildFile; fileRef = 8EFAF5562228513E00DAE956 /* CreateAccountInteractorOutput.swift */; };
		8EFAF5592228560E00DAE956 /* CreateAccountInteractor.swift in Sources */ = {isa = PBXBuildFile; fileRef = 8EFAF5582228560E00DAE956 /* CreateAccountInteractor.swift */; };
		8EFAF55B2228567E00DAE956 /* CreateAccountPresenter.swift in Sources */ = {isa = PBXBuildFile; fileRef = 8EFAF55A2228567E00DAE956 /* CreateAccountPresenter.swift */; };
		8EFAF55D222856CA00DAE956 /* CreateAccountBuilder.swift in Sources */ = {isa = PBXBuildFile; fileRef = 8EFAF55C222856CA00DAE956 /* CreateAccountBuilder.swift */; };
		8EFAF5602228575C00DAE956 /* Alerter.swift in Sources */ = {isa = PBXBuildFile; fileRef = 8EFAF55F2228575C00DAE956 /* Alerter.swift */; };
		8EFAF56322285AF500DAE956 /* RoastersLayoutViewController.swift in Sources */ = {isa = PBXBuildFile; fileRef = 8EFAF56222285AF500DAE956 /* RoastersLayoutViewController.swift */; };
		8EFAF56522285B2700DAE956 /* BaseViewController.swift in Sources */ = {isa = PBXBuildFile; fileRef = 8EFAF56422285B2700DAE956 /* BaseViewController.swift */; };
		8EFAF56722285BE700DAE956 /* RoastersViewController.swift in Sources */ = {isa = PBXBuildFile; fileRef = 8EFAF56622285BE700DAE956 /* RoastersViewController.swift */; };
		8EFAF56A22285D1400DAE956 /* RoastersBuilder.swift in Sources */ = {isa = PBXBuildFile; fileRef = 8EFAF56922285D1400DAE956 /* RoastersBuilder.swift */; };
		8EFAF56D2228750200DAE956 /* RoastersViewOutput.swift in Sources */ = {isa = PBXBuildFile; fileRef = 8EFAF56C2228750200DAE956 /* RoastersViewOutput.swift */; };
		8EFAF56F2228752F00DAE956 /* RoastersInteractor.swift in Sources */ = {isa = PBXBuildFile; fileRef = 8EFAF56E2228752F00DAE956 /* RoastersInteractor.swift */; };
		8EFAF5722228760C00DAE956 /* RoastersInteractorOutput.swift in Sources */ = {isa = PBXBuildFile; fileRef = 8EFAF5712228760C00DAE956 /* RoastersInteractorOutput.swift */; };
		8EFAF5742228763900DAE956 /* RoastersPresenter.swift in Sources */ = {isa = PBXBuildFile; fileRef = 8EFAF5732228763900DAE956 /* RoastersPresenter.swift */; };
		8EFAF5762228767F00DAE956 /* RoastersView.swift in Sources */ = {isa = PBXBuildFile; fileRef = 8EFAF5752228767F00DAE956 /* RoastersView.swift */; };
		8EFAF5792228782400DAE956 /* RoastersRouter.swift in Sources */ = {isa = PBXBuildFile; fileRef = 8EFAF5782228782400DAE956 /* RoastersRouter.swift */; };
		8EFAF57D2228948200DAE956 /* LoginRouter.swift in Sources */ = {isa = PBXBuildFile; fileRef = 8EFAF57C2228948200DAE956 /* LoginRouter.swift */; };
		8EFAF5802228957C00DAE956 /* CreateAccountRouter.swift in Sources */ = {isa = PBXBuildFile; fileRef = 8EFAF57F2228957C00DAE956 /* CreateAccountRouter.swift */; };
		8EFAFD452228A50200DAE956 /* SingleLabelTableViewCell.swift in Sources */ = {isa = PBXBuildFile; fileRef = 8EFAFD442228A50100DAE956 /* SingleLabelTableViewCell.swift */; };
		8EFAFD472228A55000DAE956 /* IdentifiableView.swift in Sources */ = {isa = PBXBuildFile; fileRef = 8EFAFD462228A55000DAE956 /* IdentifiableView.swift */; };
		8EFAFD492228A61700DAE956 /* UITableView+IdentifiableView.swift in Sources */ = {isa = PBXBuildFile; fileRef = 8EFAFD482228A61700DAE956 /* UITableView+IdentifiableView.swift */; };
		8EFAFD4B2228A8E900DAE956 /* GameDataManager.swift in Sources */ = {isa = PBXBuildFile; fileRef = 8EFAFD4A2228A8E900DAE956 /* GameDataManager.swift */; };
		8EFAFD4F2228A96300DAE956 /* ResponseHandling.swift in Sources */ = {isa = PBXBuildFile; fileRef = 8EFAFD4E2228A96300DAE956 /* ResponseHandling.swift */; };
		8EFAFD512228A9CB00DAE956 /* HTTPEnvironment.swift in Sources */ = {isa = PBXBuildFile; fileRef = 8EFAFD502228A9CB00DAE956 /* HTTPEnvironment.swift */; };
		8EFAFD542228AA0800DAE956 /* HTTPEnvironmentManager.swift in Sources */ = {isa = PBXBuildFile; fileRef = 8EFAFD532228AA0800DAE956 /* HTTPEnvironmentManager.swift */; };
		8EFAFD562228AA3B00DAE956 /* HTTPRequest.swift in Sources */ = {isa = PBXBuildFile; fileRef = 8EFAFD552228AA3B00DAE956 /* HTTPRequest.swift */; };
		8EFAFD582228AA5600DAE956 /* HTTPMethod.swift in Sources */ = {isa = PBXBuildFile; fileRef = 8EFAFD572228AA5600DAE956 /* HTTPMethod.swift */; };
		8EFAFD5A2228AAB200DAE956 /* Dictionary+Utils.swift in Sources */ = {isa = PBXBuildFile; fileRef = 8EFAFD592228AAB200DAE956 /* Dictionary+Utils.swift */; };
		8EFAFD5C2228AAF900DAE956 /* HTTPClient.swift in Sources */ = {isa = PBXBuildFile; fileRef = 8EFAFD5B2228AAF900DAE956 /* HTTPClient.swift */; };
		8EFAFD5E2228AB1D00DAE956 /* AlamofireHTTPClient.swift in Sources */ = {isa = PBXBuildFile; fileRef = 8EFAFD5D2228AB1D00DAE956 /* AlamofireHTTPClient.swift */; };
		8EFAFD602228ABDE00DAE956 /* RoasterHammerEnvironmentManager.swift in Sources */ = {isa = PBXBuildFile; fileRef = 8EFAFD5F2228ABDE00DAE956 /* RoasterHammerEnvironmentManager.swift */; };
		8EFAFD632228AEF400DAE956 /* FeatureBuilderBase.swift in Sources */ = {isa = PBXBuildFile; fileRef = 8EFAFD622228AEF400DAE956 /* FeatureBuilderBase.swift */; };
		8EFAFFD72229BEDE00DAE956 /* BaseDataManager.swift in Sources */ = {isa = PBXBuildFile; fileRef = 8EFAFFD62229BEDE00DAE956 /* BaseDataManager.swift */; };
		8EFAFFDA2229C10B00DAE956 /* RoasterHammerError.swift in Sources */ = {isa = PBXBuildFile; fileRef = 8EFAFFD92229C10B00DAE956 /* RoasterHammerError.swift */; };
		8EFAFFE2222DC44D00DAE956 /* ArmiesView.swift in Sources */ = {isa = PBXBuildFile; fileRef = 8EFAFFE1222DC44D00DAE956 /* ArmiesView.swift */; };
		8EFAFFE4222DC47D00DAE956 /* ArmiesBaseViewController.swift in Sources */ = {isa = PBXBuildFile; fileRef = 8EFAFFE3222DC47D00DAE956 /* ArmiesBaseViewController.swift */; };
		8EFAFFE6222DC49A00DAE956 /* ArmiesViewController.swift in Sources */ = {isa = PBXBuildFile; fileRef = 8EFAFFE5222DC49A00DAE956 /* ArmiesViewController.swift */; };
		8EFAFFE8222DC4B400DAE956 /* ArmiesViewOutput.swift in Sources */ = {isa = PBXBuildFile; fileRef = 8EFAFFE7222DC4B400DAE956 /* ArmiesViewOutput.swift */; };
		8EFAFFEA222DC4C200DAE956 /* ArmiesInteractor.swift in Sources */ = {isa = PBXBuildFile; fileRef = 8EFAFFE9222DC4C200DAE956 /* ArmiesInteractor.swift */; };
		8EFAFFEC222DC4D500DAE956 /* ArmiesInteractorOutput.swift in Sources */ = {isa = PBXBuildFile; fileRef = 8EFAFFEB222DC4D500DAE956 /* ArmiesInteractorOutput.swift */; };
		8EFAFFEE222DC4E000DAE956 /* ArmiesPresenter.swift in Sources */ = {isa = PBXBuildFile; fileRef = 8EFAFFED222DC4E000DAE956 /* ArmiesPresenter.swift */; };
		8EFAFFF0222DC53100DAE956 /* ArmiesBuilder.swift in Sources */ = {isa = PBXBuildFile; fileRef = 8EFAFFEF222DC53100DAE956 /* ArmiesBuilder.swift */; };
		8EFAFFF2222DC58900DAE956 /* ArmiesRouter.swift in Sources */ = {isa = PBXBuildFile; fileRef = 8EFAFFF1222DC58900DAE956 /* ArmiesRouter.swift */; };
/* End PBXBuildFile section */

/* Begin PBXContainerItemProxy section */
		8EE227C922235FB000DF0D72 /* PBXContainerItemProxy */ = {
			isa = PBXContainerItemProxy;
			containerPortal = 8EE227AC22235FAE00DF0D72 /* Project object */;
			proxyType = 1;
			remoteGlobalIDString = 8EE227B322235FAE00DF0D72;
			remoteInfo = RoasterHammer;
		};
/* End PBXContainerItemProxy section */

/* Begin PBXFileReference section */
		5CAB593934FB800EDA79F6FD /* Pods-RoasterHammer.release.xcconfig */ = {isa = PBXFileReference; includeInIndex = 1; lastKnownFileType = text.xcconfig; name = "Pods-RoasterHammer.release.xcconfig"; path = "../Pods/Target Support Files/Pods-RoasterHammer/Pods-RoasterHammer.release.xcconfig"; sourceTree = "<group>"; };
		844F19CF2A860DC859BFC27C /* Pods-RoasterHammer.debug.xcconfig */ = {isa = PBXFileReference; includeInIndex = 1; lastKnownFileType = text.xcconfig; name = "Pods-RoasterHammer.debug.xcconfig"; path = "../Pods/Target Support Files/Pods-RoasterHammer/Pods-RoasterHammer.debug.xcconfig"; sourceTree = "<group>"; };
		8E19B32D222D57BA003F10FA /* RoasterRouter.swift */ = {isa = PBXFileReference; lastKnownFileType = sourcecode.swift; path = RoasterRouter.swift; sourceTree = "<group>"; };
		8E19B335222D59E8003F10FA /* DetachmentTypeView.swift */ = {isa = PBXFileReference; lastKnownFileType = sourcecode.swift; path = DetachmentTypeView.swift; sourceTree = "<group>"; };
		8E19B337222D59F5003F10FA /* DetachmentTypeBaseViewController.swift */ = {isa = PBXFileReference; lastKnownFileType = sourcecode.swift; path = DetachmentTypeBaseViewController.swift; sourceTree = "<group>"; };
		8E19B339222D5A00003F10FA /* DetachmentTypeViewController.swift */ = {isa = PBXFileReference; lastKnownFileType = sourcecode.swift; path = DetachmentTypeViewController.swift; sourceTree = "<group>"; };
		8E19B33B222D5A98003F10FA /* DetachmentTypeViewOutput.swift */ = {isa = PBXFileReference; lastKnownFileType = sourcecode.swift; path = DetachmentTypeViewOutput.swift; sourceTree = "<group>"; };
		8E19B33D222D5AC4003F10FA /* DetachmentTypeInteractor.swift */ = {isa = PBXFileReference; lastKnownFileType = sourcecode.swift; path = DetachmentTypeInteractor.swift; sourceTree = "<group>"; };
		8E19B33F222D5B02003F10FA /* DetachmentTypeInteractorOutput.swift */ = {isa = PBXFileReference; lastKnownFileType = sourcecode.swift; path = DetachmentTypeInteractorOutput.swift; sourceTree = "<group>"; };
		8E19B341222D5B1C003F10FA /* DetachmentTypePresenter.swift */ = {isa = PBXFileReference; lastKnownFileType = sourcecode.swift; path = DetachmentTypePresenter.swift; sourceTree = "<group>"; };
		8E19B343222D5B52003F10FA /* DetachmentTypeBuilder.swift */ = {isa = PBXFileReference; lastKnownFileType = sourcecode.swift; path = DetachmentTypeBuilder.swift; sourceTree = "<group>"; };
		8E19B5B4222D6383003F10FA /* DetachmentDataManager.swift */ = {isa = PBXFileReference; lastKnownFileType = sourcecode.swift; path = DetachmentDataManager.swift; sourceTree = "<group>"; };
		8E19D7EA222AB69E00051784 /* GameDataStore.swift */ = {isa = PBXFileReference; lastKnownFileType = sourcecode.swift; path = GameDataStore.swift; sourceTree = "<group>"; };
		8E19D7EC222ABA2900051784 /* RoasterDataManager.swift */ = {isa = PBXFileReference; lastKnownFileType = sourcecode.swift; path = RoasterDataManager.swift; sourceTree = "<group>"; };
		8E19E6B0222B368E00051784 /* RoasterView.swift */ = {isa = PBXFileReference; lastKnownFileType = sourcecode.swift; path = RoasterView.swift; sourceTree = "<group>"; };
		8E19E6B2222B36A600051784 /* RoasterBaseViewController.swift */ = {isa = PBXFileReference; lastKnownFileType = sourcecode.swift; path = RoasterBaseViewController.swift; sourceTree = "<group>"; };
		8E19E6B4222B36CE00051784 /* RoasterViewController.swift */ = {isa = PBXFileReference; lastKnownFileType = sourcecode.swift; path = RoasterViewController.swift; sourceTree = "<group>"; };
		8E19E6B7222B36F200051784 /* RoasterViewOutput.swift */ = {isa = PBXFileReference; lastKnownFileType = sourcecode.swift; path = RoasterViewOutput.swift; sourceTree = "<group>"; };
		8E19E6B9222B370900051784 /* RoasterInteractor.swift */ = {isa = PBXFileReference; lastKnownFileType = sourcecode.swift; path = RoasterInteractor.swift; sourceTree = "<group>"; };
		8E19E6BC222B373700051784 /* RoasterInteractorOutput.swift */ = {isa = PBXFileReference; lastKnownFileType = sourcecode.swift; path = RoasterInteractorOutput.swift; sourceTree = "<group>"; };
		8E19E6BE222B373F00051784 /* RoasterPresenter.swift */ = {isa = PBXFileReference; lastKnownFileType = sourcecode.swift; path = RoasterPresenter.swift; sourceTree = "<group>"; };
		8E19E6C1222B37AC00051784 /* RoasterBuilder.swift */ = {isa = PBXFileReference; lastKnownFileType = sourcecode.swift; path = RoasterBuilder.swift; sourceTree = "<group>"; };
		8E311B702225793A00C58DBF /* HTTPResponse.swift */ = {isa = PBXFileReference; lastKnownFileType = sourcecode.swift; path = HTTPResponse.swift; sourceTree = "<group>"; };
		8E311B7322257A5F00C58DBF /* AccountDataManager.swift */ = {isa = PBXFileReference; lastKnownFileType = sourcecode.swift; path = AccountDataManager.swift; sourceTree = "<group>"; };
		8E646CE52224FA4800599834 /* JSONDecoder+Data.swift */ = {isa = PBXFileReference; lastKnownFileType = sourcecode.swift; path = "JSONDecoder+Data.swift"; sourceTree = "<group>"; };
		8E646CE72224FBB300599834 /* JSONConvertible.swift */ = {isa = PBXFileReference; lastKnownFileType = sourcecode.swift; path = JSONConvertible.swift; sourceTree = "<group>"; };
		8EDA1C86222E088A0005A15B /* DetachmentTypeRouter.swift */ = {isa = PBXFileReference; lastKnownFileType = sourcecode.swift; path = DetachmentTypeRouter.swift; sourceTree = "<group>"; };
		8EDA1EF7223159450005A15B /* RoasterRoleTableViewCell.swift */ = {isa = PBXFileReference; lastKnownFileType = sourcecode.swift; path = RoasterRoleTableViewCell.swift; sourceTree = "<group>"; };
		8EE227B422235FAE00DF0D72 /* RoasterHammer.app */ = {isa = PBXFileReference; explicitFileType = wrapper.application; includeInIndex = 0; path = RoasterHammer.app; sourceTree = BUILT_PRODUCTS_DIR; };
		8EE227B722235FAE00DF0D72 /* AppDelegate.swift */ = {isa = PBXFileReference; lastKnownFileType = sourcecode.swift; path = AppDelegate.swift; sourceTree = "<group>"; };
		8EE227BE22235FB000DF0D72 /* Assets.xcassets */ = {isa = PBXFileReference; lastKnownFileType = folder.assetcatalog; path = Assets.xcassets; sourceTree = "<group>"; };
		8EE227C122235FB000DF0D72 /* Base */ = {isa = PBXFileReference; lastKnownFileType = file.storyboard; name = Base; path = Base.lproj/LaunchScreen.storyboard; sourceTree = "<group>"; };
		8EE227C322235FB000DF0D72 /* Info.plist */ = {isa = PBXFileReference; lastKnownFileType = text.plist.xml; path = Info.plist; sourceTree = "<group>"; };
		8EE227C822235FB000DF0D72 /* RoasterHammerTests.xctest */ = {isa = PBXFileReference; explicitFileType = wrapper.cfbundle; includeInIndex = 0; path = RoasterHammerTests.xctest; sourceTree = BUILT_PRODUCTS_DIR; };
		8EE227CC22235FB000DF0D72 /* RoasterHammerTests.swift */ = {isa = PBXFileReference; lastKnownFileType = sourcecode.swift; path = RoasterHammerTests.swift; sourceTree = "<group>"; };
		8EE227CE22235FB000DF0D72 /* Info.plist */ = {isa = PBXFileReference; lastKnownFileType = text.plist.xml; path = Info.plist; sourceTree = "<group>"; };
		8EFA0262222DC7BB00DAE956 /* ArmyDataManager.swift */ = {isa = PBXFileReference; lastKnownFileType = sourcecode.swift; path = ArmyDataManager.swift; sourceTree = "<group>"; };
		8EFA04DB2231AB2500DAE956 /* AccountView.swift */ = {isa = PBXFileReference; lastKnownFileType = sourcecode.swift; path = AccountView.swift; sourceTree = "<group>"; };
		8EFA04DD2231AB8600DAE956 /* AccountBaseViewController.swift */ = {isa = PBXFileReference; lastKnownFileType = sourcecode.swift; path = AccountBaseViewController.swift; sourceTree = "<group>"; };
		8EFA04DF2231ABB400DAE956 /* AccountViewController.swift */ = {isa = PBXFileReference; lastKnownFileType = sourcecode.swift; path = AccountViewController.swift; sourceTree = "<group>"; };
		8EFA04E12231AC6E00DAE956 /* AccountViewOutput.swift */ = {isa = PBXFileReference; lastKnownFileType = sourcecode.swift; path = AccountViewOutput.swift; sourceTree = "<group>"; };
		8EFA04E32231AC7B00DAE956 /* AccountInteractor.swift */ = {isa = PBXFileReference; lastKnownFileType = sourcecode.swift; path = AccountInteractor.swift; sourceTree = "<group>"; };
		8EFA04E52231AC9D00DAE956 /* AccountInteractorOutput.swift */ = {isa = PBXFileReference; lastKnownFileType = sourcecode.swift; path = AccountInteractorOutput.swift; sourceTree = "<group>"; };
		8EFA04E72231ACAB00DAE956 /* AccountPresenter.swift */ = {isa = PBXFileReference; lastKnownFileType = sourcecode.swift; path = AccountPresenter.swift; sourceTree = "<group>"; };
		8EFA04E92231ACF900DAE956 /* AccountRouter.swift */ = {isa = PBXFileReference; lastKnownFileType = sourcecode.swift; path = AccountRouter.swift; sourceTree = "<group>"; };
		8EFA04EB2231ADEB00DAE956 /* AccountBuilder.swift */ = {isa = PBXFileReference; lastKnownFileType = sourcecode.swift; path = AccountBuilder.swift; sourceTree = "<group>"; };
		8EFAF03D2224A90500DAE956 /* CreateAccountViewController.swift */ = {isa = PBXFileReference; lastKnownFileType = sourcecode.swift; path = CreateAccountViewController.swift; sourceTree = "<group>"; };
		8EFAF03F2224A91200DAE956 /* LoginViewController.swift */ = {isa = PBXFileReference; lastKnownFileType = sourcecode.swift; path = LoginViewController.swift; sourceTree = "<group>"; };
		8EFAF0412224A9B500DAE956 /* CreateAccountLayoutViewController.swift */ = {isa = PBXFileReference; lastKnownFileType = sourcecode.swift; path = CreateAccountLayoutViewController.swift; sourceTree = "<group>"; };
		8EFAF0452224AAB200DAE956 /* UIView+Autolayout.swift */ = {isa = PBXFileReference; lastKnownFileType = sourcecode.swift; path = "UIView+Autolayout.swift"; sourceTree = "<group>"; };
		8EFAF5262225F9AE00DAE956 /* JSONDecodingError.swift */ = {isa = PBXFileReference; lastKnownFileType = sourcecode.swift; path = JSONDecodingError.swift; sourceTree = "<group>"; };
		8EFAF5292225FB8300DAE956 /* String+Encoding.swift */ = {isa = PBXFileReference; lastKnownFileType = sourcecode.swift; path = "String+Encoding.swift"; sourceTree = "<group>"; };
		8EFAF52E2226009F00DAE956 /* AccountDataStore.swift */ = {isa = PBXFileReference; lastKnownFileType = sourcecode.swift; path = AccountDataStore.swift; sourceTree = "<group>"; };
		8EFAF530222600C300DAE956 /* Storable.swift */ = {isa = PBXFileReference; lastKnownFileType = sourcecode.swift; path = Storable.swift; sourceTree = "<group>"; };
		8EFAF5322226011000DAE956 /* UserDefaultStore.swift */ = {isa = PBXFileReference; lastKnownFileType = sourcecode.swift; path = UserDefaultStore.swift; sourceTree = "<group>"; };
		8EFAF535222602F000DAE956 /* LoginLayoutViewController.swift */ = {isa = PBXFileReference; lastKnownFileType = sourcecode.swift; path = LoginLayoutViewController.swift; sourceTree = "<group>"; };
		8EFAF53C22284B0600DAE956 /* LoginViewOutput.swift */ = {isa = PBXFileReference; lastKnownFileType = sourcecode.swift; path = LoginViewOutput.swift; sourceTree = "<group>"; };
		8EFAF53E22284B1F00DAE956 /* LoginInteractor.swift */ = {isa = PBXFileReference; lastKnownFileType = sourcecode.swift; path = LoginInteractor.swift; sourceTree = "<group>"; };
		8EFAF54022284BC200DAE956 /* LoginInteractorOutput.swift */ = {isa = PBXFileReference; lastKnownFileType = sourcecode.swift; path = LoginInteractorOutput.swift; sourceTree = "<group>"; };
		8EFAF54322284C6900DAE956 /* LoginBuilder.swift */ = {isa = PBXFileReference; lastKnownFileType = sourcecode.swift; path = LoginBuilder.swift; sourceTree = "<group>"; };
		8EFAF54522284CBB00DAE956 /* LoginPresenter.swift */ = {isa = PBXFileReference; lastKnownFileType = sourcecode.swift; path = LoginPresenter.swift; sourceTree = "<group>"; };
		8EFAF54722284D4500DAE956 /* LoginView.swift */ = {isa = PBXFileReference; lastKnownFileType = sourcecode.swift; path = LoginView.swift; sourceTree = "<group>"; };
		8EFAF54A22284E9F00DAE956 /* FeatureFactory.swift */ = {isa = PBXFileReference; lastKnownFileType = sourcecode.swift; path = FeatureFactory.swift; sourceTree = "<group>"; };
		8EFAF54C22284EBD00DAE956 /* DependencyManager.swift */ = {isa = PBXFileReference; lastKnownFileType = sourcecode.swift; path = DependencyManager.swift; sourceTree = "<group>"; };
		8EFAF54E22284ECF00DAE956 /* RoasterHammerDependencyManager.swift */ = {isa = PBXFileReference; lastKnownFileType = sourcecode.swift; path = RoasterHammerDependencyManager.swift; sourceTree = "<group>"; };
		8EFAF552222850F500DAE956 /* CreateAccountView.swift */ = {isa = PBXFileReference; lastKnownFileType = sourcecode.swift; path = CreateAccountView.swift; sourceTree = "<group>"; };
		8EFAF5542228511900DAE956 /* CreateAccountViewOutput.swift */ = {isa = PBXFileReference; lastKnownFileType = sourcecode.swift; path = CreateAccountViewOutput.swift; sourceTree = "<group>"; };
		8EFAF5562228513E00DAE956 /* CreateAccountInteractorOutput.swift */ = {isa = PBXFileReference; lastKnownFileType = sourcecode.swift; path = CreateAccountInteractorOutput.swift; sourceTree = "<group>"; };
		8EFAF5582228560E00DAE956 /* CreateAccountInteractor.swift */ = {isa = PBXFileReference; lastKnownFileType = sourcecode.swift; path = CreateAccountInteractor.swift; sourceTree = "<group>"; };
		8EFAF55A2228567E00DAE956 /* CreateAccountPresenter.swift */ = {isa = PBXFileReference; lastKnownFileType = sourcecode.swift; path = CreateAccountPresenter.swift; sourceTree = "<group>"; };
		8EFAF55C222856CA00DAE956 /* CreateAccountBuilder.swift */ = {isa = PBXFileReference; lastKnownFileType = sourcecode.swift; path = CreateAccountBuilder.swift; sourceTree = "<group>"; };
		8EFAF55F2228575C00DAE956 /* Alerter.swift */ = {isa = PBXFileReference; lastKnownFileType = sourcecode.swift; path = Alerter.swift; sourceTree = "<group>"; };
		8EFAF56222285AF500DAE956 /* RoastersLayoutViewController.swift */ = {isa = PBXFileReference; lastKnownFileType = sourcecode.swift; path = RoastersLayoutViewController.swift; sourceTree = "<group>"; };
		8EFAF56422285B2700DAE956 /* BaseViewController.swift */ = {isa = PBXFileReference; lastKnownFileType = sourcecode.swift; path = BaseViewController.swift; sourceTree = "<group>"; };
		8EFAF56622285BE700DAE956 /* RoastersViewController.swift */ = {isa = PBXFileReference; lastKnownFileType = sourcecode.swift; path = RoastersViewController.swift; sourceTree = "<group>"; };
		8EFAF56922285D1400DAE956 /* RoastersBuilder.swift */ = {isa = PBXFileReference; lastKnownFileType = sourcecode.swift; path = RoastersBuilder.swift; sourceTree = "<group>"; };
		8EFAF56C2228750200DAE956 /* RoastersViewOutput.swift */ = {isa = PBXFileReference; lastKnownFileType = sourcecode.swift; path = RoastersViewOutput.swift; sourceTree = "<group>"; };
		8EFAF56E2228752F00DAE956 /* RoastersInteractor.swift */ = {isa = PBXFileReference; lastKnownFileType = sourcecode.swift; path = RoastersInteractor.swift; sourceTree = "<group>"; };
		8EFAF5712228760C00DAE956 /* RoastersInteractorOutput.swift */ = {isa = PBXFileReference; lastKnownFileType = sourcecode.swift; path = RoastersInteractorOutput.swift; sourceTree = "<group>"; };
		8EFAF5732228763900DAE956 /* RoastersPresenter.swift */ = {isa = PBXFileReference; lastKnownFileType = sourcecode.swift; path = RoastersPresenter.swift; sourceTree = "<group>"; };
		8EFAF5752228767F00DAE956 /* RoastersView.swift */ = {isa = PBXFileReference; lastKnownFileType = sourcecode.swift; path = RoastersView.swift; sourceTree = "<group>"; };
		8EFAF5782228782400DAE956 /* RoastersRouter.swift */ = {isa = PBXFileReference; lastKnownFileType = sourcecode.swift; path = RoastersRouter.swift; sourceTree = "<group>"; };
		8EFAF57C2228948200DAE956 /* LoginRouter.swift */ = {isa = PBXFileReference; lastKnownFileType = sourcecode.swift; path = LoginRouter.swift; sourceTree = "<group>"; };
		8EFAF57F2228957C00DAE956 /* CreateAccountRouter.swift */ = {isa = PBXFileReference; lastKnownFileType = sourcecode.swift; path = CreateAccountRouter.swift; sourceTree = "<group>"; };
		8EFAFD442228A50100DAE956 /* SingleLabelTableViewCell.swift */ = {isa = PBXFileReference; lastKnownFileType = sourcecode.swift; path = SingleLabelTableViewCell.swift; sourceTree = "<group>"; };
		8EFAFD462228A55000DAE956 /* IdentifiableView.swift */ = {isa = PBXFileReference; lastKnownFileType = sourcecode.swift; path = IdentifiableView.swift; sourceTree = "<group>"; };
		8EFAFD482228A61700DAE956 /* UITableView+IdentifiableView.swift */ = {isa = PBXFileReference; lastKnownFileType = sourcecode.swift; path = "UITableView+IdentifiableView.swift"; sourceTree = "<group>"; };
		8EFAFD4A2228A8E900DAE956 /* GameDataManager.swift */ = {isa = PBXFileReference; lastKnownFileType = sourcecode.swift; path = GameDataManager.swift; sourceTree = "<group>"; };
		8EFAFD4E2228A96300DAE956 /* ResponseHandling.swift */ = {isa = PBXFileReference; lastKnownFileType = sourcecode.swift; path = ResponseHandling.swift; sourceTree = "<group>"; };
		8EFAFD502228A9CB00DAE956 /* HTTPEnvironment.swift */ = {isa = PBXFileReference; lastKnownFileType = sourcecode.swift; path = HTTPEnvironment.swift; sourceTree = "<group>"; };
		8EFAFD532228AA0800DAE956 /* HTTPEnvironmentManager.swift */ = {isa = PBXFileReference; fileEncoding = 4; lastKnownFileType = sourcecode.swift; path = HTTPEnvironmentManager.swift; sourceTree = "<group>"; };
		8EFAFD552228AA3B00DAE956 /* HTTPRequest.swift */ = {isa = PBXFileReference; fileEncoding = 4; lastKnownFileType = sourcecode.swift; path = HTTPRequest.swift; sourceTree = "<group>"; };
		8EFAFD572228AA5600DAE956 /* HTTPMethod.swift */ = {isa = PBXFileReference; fileEncoding = 4; lastKnownFileType = sourcecode.swift; path = HTTPMethod.swift; sourceTree = "<group>"; };
		8EFAFD592228AAB200DAE956 /* Dictionary+Utils.swift */ = {isa = PBXFileReference; lastKnownFileType = sourcecode.swift; path = "Dictionary+Utils.swift"; sourceTree = "<group>"; };
		8EFAFD5B2228AAF900DAE956 /* HTTPClient.swift */ = {isa = PBXFileReference; lastKnownFileType = sourcecode.swift; path = HTTPClient.swift; sourceTree = "<group>"; };
		8EFAFD5D2228AB1D00DAE956 /* AlamofireHTTPClient.swift */ = {isa = PBXFileReference; lastKnownFileType = sourcecode.swift; path = AlamofireHTTPClient.swift; sourceTree = "<group>"; };
		8EFAFD5F2228ABDE00DAE956 /* RoasterHammerEnvironmentManager.swift */ = {isa = PBXFileReference; lastKnownFileType = sourcecode.swift; path = RoasterHammerEnvironmentManager.swift; sourceTree = "<group>"; };
		8EFAFD622228AEF400DAE956 /* FeatureBuilderBase.swift */ = {isa = PBXFileReference; lastKnownFileType = sourcecode.swift; path = FeatureBuilderBase.swift; sourceTree = "<group>"; };
		8EFAFFD62229BEDE00DAE956 /* BaseDataManager.swift */ = {isa = PBXFileReference; lastKnownFileType = sourcecode.swift; path = BaseDataManager.swift; sourceTree = "<group>"; };
		8EFAFFD92229C10B00DAE956 /* RoasterHammerError.swift */ = {isa = PBXFileReference; lastKnownFileType = sourcecode.swift; path = RoasterHammerError.swift; sourceTree = "<group>"; };
		8EFAFFE1222DC44D00DAE956 /* ArmiesView.swift */ = {isa = PBXFileReference; lastKnownFileType = sourcecode.swift; path = ArmiesView.swift; sourceTree = "<group>"; };
		8EFAFFE3222DC47D00DAE956 /* ArmiesBaseViewController.swift */ = {isa = PBXFileReference; lastKnownFileType = sourcecode.swift; path = ArmiesBaseViewController.swift; sourceTree = "<group>"; };
		8EFAFFE5222DC49A00DAE956 /* ArmiesViewController.swift */ = {isa = PBXFileReference; lastKnownFileType = sourcecode.swift; path = ArmiesViewController.swift; sourceTree = "<group>"; };
		8EFAFFE7222DC4B400DAE956 /* ArmiesViewOutput.swift */ = {isa = PBXFileReference; lastKnownFileType = sourcecode.swift; path = ArmiesViewOutput.swift; sourceTree = "<group>"; };
		8EFAFFE9222DC4C200DAE956 /* ArmiesInteractor.swift */ = {isa = PBXFileReference; lastKnownFileType = sourcecode.swift; path = ArmiesInteractor.swift; sourceTree = "<group>"; };
		8EFAFFEB222DC4D500DAE956 /* ArmiesInteractorOutput.swift */ = {isa = PBXFileReference; lastKnownFileType = sourcecode.swift; path = ArmiesInteractorOutput.swift; sourceTree = "<group>"; };
		8EFAFFED222DC4E000DAE956 /* ArmiesPresenter.swift */ = {isa = PBXFileReference; lastKnownFileType = sourcecode.swift; path = ArmiesPresenter.swift; sourceTree = "<group>"; };
		8EFAFFEF222DC53100DAE956 /* ArmiesBuilder.swift */ = {isa = PBXFileReference; lastKnownFileType = sourcecode.swift; path = ArmiesBuilder.swift; sourceTree = "<group>"; };
		8EFAFFF1222DC58900DAE956 /* ArmiesRouter.swift */ = {isa = PBXFileReference; lastKnownFileType = sourcecode.swift; path = ArmiesRouter.swift; sourceTree = "<group>"; };
		B4AEE1820CAD5C57303E9F64 /* Pods_RoasterHammer.framework */ = {isa = PBXFileReference; explicitFileType = wrapper.framework; includeInIndex = 0; path = Pods_RoasterHammer.framework; sourceTree = BUILT_PRODUCTS_DIR; };
/* End PBXFileReference section */

/* Begin PBXFrameworksBuildPhase section */
		8EE227B122235FAE00DF0D72 /* Frameworks */ = {
			isa = PBXFrameworksBuildPhase;
			buildActionMask = 2147483647;
			files = (
				27EB0BFF28BC7AB9F3D16A62 /* Pods_RoasterHammer.framework in Frameworks */,
			);
			runOnlyForDeploymentPostprocessing = 0;
		};
		8EE227C522235FB000DF0D72 /* Frameworks */ = {
			isa = PBXFrameworksBuildPhase;
			buildActionMask = 2147483647;
			files = (
			);
			runOnlyForDeploymentPostprocessing = 0;
		};
/* End PBXFrameworksBuildPhase section */

/* Begin PBXGroup section */
		077D7204872BF68C0FA50EE4 /* Pods */ = {
			isa = PBXGroup;
			children = (
				844F19CF2A860DC859BFC27C /* Pods-RoasterHammer.debug.xcconfig */,
				5CAB593934FB800EDA79F6FD /* Pods-RoasterHammer.release.xcconfig */,
			);
			name = Pods;
			sourceTree = "<group>";
		};
		8E19B32C222D57A6003F10FA /* Router */ = {
			isa = PBXGroup;
			children = (
				8E19B32D222D57BA003F10FA /* RoasterRouter.swift */,
			);
			path = Router;
			sourceTree = "<group>";
		};
		8E19B32F222D58C8003F10FA /* Detachment */ = {
			isa = PBXGroup;
			children = (
				8E19B330222D58D0003F10FA /* Detachment Types */,
			);
			path = Detachment;
			sourceTree = "<group>";
		};
		8E19B330222D58D0003F10FA /* Detachment Types */ = {
			isa = PBXGroup;
			children = (
				8EDA1C85222E087B0005A15B /* Router */,
				8E19B334222D59D6003F10FA /* Builder */,
				8E19B333222D59CF003F10FA /* Presenter */,
				8E19B332222D58F2003F10FA /* Interactor */,
				8E19B331222D58EB003F10FA /* View */,
			);
			path = "Detachment Types";
			sourceTree = "<group>";
		};
		8E19B331222D58EB003F10FA /* View */ = {
			isa = PBXGroup;
			children = (
				8E19B335222D59E8003F10FA /* DetachmentTypeView.swift */,
				8E19B337222D59F5003F10FA /* DetachmentTypeBaseViewController.swift */,
				8E19B339222D5A00003F10FA /* DetachmentTypeViewController.swift */,
			);
			path = View;
			sourceTree = "<group>";
		};
		8E19B332222D58F2003F10FA /* Interactor */ = {
			isa = PBXGroup;
			children = (
				8E19B33B222D5A98003F10FA /* DetachmentTypeViewOutput.swift */,
				8E19B33D222D5AC4003F10FA /* DetachmentTypeInteractor.swift */,
			);
			path = Interactor;
			sourceTree = "<group>";
		};
		8E19B333222D59CF003F10FA /* Presenter */ = {
			isa = PBXGroup;
			children = (
				8E19B33F222D5B02003F10FA /* DetachmentTypeInteractorOutput.swift */,
				8E19B341222D5B1C003F10FA /* DetachmentTypePresenter.swift */,
			);
			path = Presenter;
			sourceTree = "<group>";
		};
		8E19B334222D59D6003F10FA /* Builder */ = {
			isa = PBXGroup;
			children = (
				8E19B343222D5B52003F10FA /* DetachmentTypeBuilder.swift */,
			);
			path = Builder;
			sourceTree = "<group>";
		};
		8E19E6AE222B367500051784 /* Roaster */ = {
			isa = PBXGroup;
			children = (
				8E19B32C222D57A6003F10FA /* Router */,
				8E19E6C0222B37A000051784 /* Builder */,
				8E19E6BB222B372B00051784 /* Presenter */,
				8E19E6B6222B36E700051784 /* Interactor */,
				8E19E6AF222B368400051784 /* View */,
			);
			path = Roaster;
			sourceTree = "<group>";
		};
		8E19E6AF222B368400051784 /* View */ = {
			isa = PBXGroup;
			children = (
				8E19E6B0222B368E00051784 /* RoasterView.swift */,
				8E19E6B2222B36A600051784 /* RoasterBaseViewController.swift */,
				8E19E6B4222B36CE00051784 /* RoasterViewController.swift */,
				8EDA1EF7223159450005A15B /* RoasterRoleTableViewCell.swift */,
			);
			path = View;
			sourceTree = "<group>";
		};
		8E19E6B6222B36E700051784 /* Interactor */ = {
			isa = PBXGroup;
			children = (
				8E19E6B7222B36F200051784 /* RoasterViewOutput.swift */,
				8E19E6B9222B370900051784 /* RoasterInteractor.swift */,
			);
			path = Interactor;
			sourceTree = "<group>";
		};
		8E19E6BB222B372B00051784 /* Presenter */ = {
			isa = PBXGroup;
			children = (
				8E19E6BC222B373700051784 /* RoasterInteractorOutput.swift */,
				8E19E6BE222B373F00051784 /* RoasterPresenter.swift */,
			);
			path = Presenter;
			sourceTree = "<group>";
		};
		8E19E6C0222B37A000051784 /* Builder */ = {
			isa = PBXGroup;
			children = (
				8E19E6C1222B37AC00051784 /* RoasterBuilder.swift */,
			);
			path = Builder;
			sourceTree = "<group>";
		};
		8E311B7222257A5400C58DBF /* Interactor */ = {
			isa = PBXGroup;
			children = (
				8EFAF5542228511900DAE956 /* CreateAccountViewOutput.swift */,
				8EFAF5582228560E00DAE956 /* CreateAccountInteractor.swift */,
			);
			path = Interactor;
			sourceTree = "<group>";
		};
		8E6467F12224ED6500599834 /* View */ = {
			isa = PBXGroup;
			children = (
				8EFAF552222850F500DAE956 /* CreateAccountView.swift */,
				8EFAF0412224A9B500DAE956 /* CreateAccountLayoutViewController.swift */,
				8EFAF03D2224A90500DAE956 /* CreateAccountViewController.swift */,
			);
			path = View;
			sourceTree = "<group>";
		};
		8E6467F32224ED8400599834 /* Networking */ = {
			isa = PBXGroup;
			children = (
				8EFAFD522228A9F400DAE956 /* HTTP */,
				8EFAFD4E2228A96300DAE956 /* ResponseHandling.swift */,
				8EFAFD5D2228AB1D00DAE956 /* AlamofireHTTPClient.swift */,
				8EFAFD5F2228ABDE00DAE956 /* RoasterHammerEnvironmentManager.swift */,
			);
			path = Networking;
			sourceTree = "<group>";
		};
		8E646CE42224FA3E00599834 /* Data */ = {
			isa = PBXGroup;
			children = (
				8E646CE72224FBB300599834 /* JSONConvertible.swift */,
				8EFAF5262225F9AE00DAE956 /* JSONDecodingError.swift */,
			);
			path = Data;
			sourceTree = "<group>";
		};
		8EDA1C85222E087B0005A15B /* Router */ = {
			isa = PBXGroup;
			children = (
				8EDA1C86222E088A0005A15B /* DetachmentTypeRouter.swift */,
			);
			path = Router;
			sourceTree = "<group>";
		};
		8EE227AB22235FAE00DF0D72 = {
			isa = PBXGroup;
			children = (
				8EE227B622235FAE00DF0D72 /* RoasterHammer */,
				8EE227CB22235FB000DF0D72 /* RoasterHammerTests */,
				8EE227B522235FAE00DF0D72 /* Products */,
				077D7204872BF68C0FA50EE4 /* Pods */,
				C40B1FABD0F7938DD32EDC5E /* Frameworks */,
			);
			sourceTree = "<group>";
		};
		8EE227B522235FAE00DF0D72 /* Products */ = {
			isa = PBXGroup;
			children = (
				8EE227B422235FAE00DF0D72 /* RoasterHammer.app */,
				8EE227C822235FB000DF0D72 /* RoasterHammerTests.xctest */,
			);
			name = Products;
			sourceTree = "<group>";
		};
		8EE227B622235FAE00DF0D72 /* RoasterHammer */ = {
			isa = PBXGroup;
			children = (
				8EFAF54922284E8B00DAE956 /* Dependency Manager */,
				8EFAF52B2226006C00DAE956 /* Shared */,
				8E6467F32224ED8400599834 /* Networking */,
				8EFAF0432224AAA200DAE956 /* Utils */,
				8EFAF03A2224A8E400DAE956 /* Features */,
				8EE227B722235FAE00DF0D72 /* AppDelegate.swift */,
				8EE227BE22235FB000DF0D72 /* Assets.xcassets */,
				8EE227C022235FB000DF0D72 /* LaunchScreen.storyboard */,
				8EE227C322235FB000DF0D72 /* Info.plist */,
			);
			path = RoasterHammer;
			sourceTree = "<group>";
		};
		8EE227CB22235FB000DF0D72 /* RoasterHammerTests */ = {
			isa = PBXGroup;
			children = (
				8EE227CC22235FB000DF0D72 /* RoasterHammerTests.swift */,
				8EE227CE22235FB000DF0D72 /* Info.plist */,
			);
			path = RoasterHammerTests;
			sourceTree = "<group>";
		};
		8EFA04D52231AAF300DAE956 /* Account */ = {
			isa = PBXGroup;
			children = (
				8EFA04DA2231AB1700DAE956 /* Router */,
				8EFA04D92231AB0E00DAE956 /* Builder */,
				8EFA04D82231AB0800DAE956 /* Presenter */,
				8EFA04D72231AB0100DAE956 /* Interactor */,
				8EFA04D62231AAFB00DAE956 /* View */,
			);
			path = Account;
			sourceTree = "<group>";
		};
		8EFA04D62231AAFB00DAE956 /* View */ = {
			isa = PBXGroup;
			children = (
				8EFA04DB2231AB2500DAE956 /* AccountView.swift */,
				8EFA04DD2231AB8600DAE956 /* AccountBaseViewController.swift */,
				8EFA04DF2231ABB400DAE956 /* AccountViewController.swift */,
			);
			path = View;
			sourceTree = "<group>";
		};
		8EFA04D72231AB0100DAE956 /* Interactor */ = {
			isa = PBXGroup;
			children = (
				8EFA04E12231AC6E00DAE956 /* AccountViewOutput.swift */,
				8EFA04E32231AC7B00DAE956 /* AccountInteractor.swift */,
			);
			path = Interactor;
			sourceTree = "<group>";
		};
		8EFA04D82231AB0800DAE956 /* Presenter */ = {
			isa = PBXGroup;
			children = (
				8EFA04E52231AC9D00DAE956 /* AccountInteractorOutput.swift */,
				8EFA04E72231ACAB00DAE956 /* AccountPresenter.swift */,
			);
			path = Presenter;
			sourceTree = "<group>";
		};
		8EFA04D92231AB0E00DAE956 /* Builder */ = {
			isa = PBXGroup;
			children = (
				8EFA04EB2231ADEB00DAE956 /* AccountBuilder.swift */,
			);
			path = Builder;
			sourceTree = "<group>";
		};
		8EFA04DA2231AB1700DAE956 /* Router */ = {
			isa = PBXGroup;
			children = (
				8EFA04E92231ACF900DAE956 /* AccountRouter.swift */,
			);
			path = Router;
			sourceTree = "<group>";
		};
		8EFAF03A2224A8E400DAE956 /* Features */ = {
			isa = PBXGroup;
			children = (
				8EFA04D52231AAF300DAE956 /* Account */,
				8EFAFFDB222DC41600DAE956 /* Armies */,
				8E19B32F222D58C8003F10FA /* Detachment */,
				8E19E6AE222B367500051784 /* Roaster */,
				8EFAF53822284A5700DAE956 /* Roasters */,
				8EFAF03C2224A8F300DAE956 /* Create Account */,
				8EFAF03B2224A8ED00DAE956 /* Login */,
			);
			path = Features;
			sourceTree = "<group>";
		};
		8EFAF03B2224A8ED00DAE956 /* Login */ = {
			isa = PBXGroup;
			children = (
				8EFAF57B2228947900DAE956 /* Router */,
				8EFAF54222284C5E00DAE956 /* Builder */,
				8EFAF53A22284AAE00DAE956 /* Presenter */,
				8EFAF53922284A9F00DAE956 /* Interactor */,
				8EFAF534222602DD00DAE956 /* View */,
			);
			path = Login;
			sourceTree = "<group>";
		};
		8EFAF03C2224A8F300DAE956 /* Create Account */ = {
			isa = PBXGroup;
			children = (
				8EFAF57E2228957300DAE956 /* Router */,
				8EFAF551222850E500DAE956 /* Builder */,
				8EFAF550222850DF00DAE956 /* Presenter */,
				8E311B7222257A5400C58DBF /* Interactor */,
				8E6467F12224ED6500599834 /* View */,
			);
			path = "Create Account";
			sourceTree = "<group>";
		};
		8EFAF0432224AAA200DAE956 /* Utils */ = {
			isa = PBXGroup;
			children = (
				8EFAFFD82229C10300DAE956 /* Error */,
				8EFAF55E2228574D00DAE956 /* Interface */,
				8E646CE42224FA3E00599834 /* Data */,
				8EFAF0442224AAA700DAE956 /* Extensions */,
			);
			path = Utils;
			sourceTree = "<group>";
		};
		8EFAF0442224AAA700DAE956 /* Extensions */ = {
			isa = PBXGroup;
			children = (
				8E646CE52224FA4800599834 /* JSONDecoder+Data.swift */,
				8EFAF0452224AAB200DAE956 /* UIView+Autolayout.swift */,
				8EFAF5292225FB8300DAE956 /* String+Encoding.swift */,
				8EFAFD482228A61700DAE956 /* UITableView+IdentifiableView.swift */,
				8EFAFD592228AAB200DAE956 /* Dictionary+Utils.swift */,
			);
			path = Extensions;
			sourceTree = "<group>";
		};
		8EFAF52B2226006C00DAE956 /* Shared */ = {
			isa = PBXGroup;
			children = (
				8EFAFD612228AEDF00DAE956 /* Builder */,
				8EFAF52D2226008C00DAE956 /* Storage */,
				8EFAF52C2226007100DAE956 /* Data Manager */,
			);
			path = Shared;
			sourceTree = "<group>";
		};
		8EFAF52C2226007100DAE956 /* Data Manager */ = {
			isa = PBXGroup;
			children = (
				8EFAFFD62229BEDE00DAE956 /* BaseDataManager.swift */,
				8E311B7322257A5F00C58DBF /* AccountDataManager.swift */,
				8EFAFD4A2228A8E900DAE956 /* GameDataManager.swift */,
				8E19D7EC222ABA2900051784 /* RoasterDataManager.swift */,
				8E19B5B4222D6383003F10FA /* DetachmentDataManager.swift */,
				8EFA0262222DC7BB00DAE956 /* ArmyDataManager.swift */,
			);
			path = "Data Manager";
			sourceTree = "<group>";
		};
		8EFAF52D2226008C00DAE956 /* Storage */ = {
			isa = PBXGroup;
			children = (
				8EFAF52E2226009F00DAE956 /* AccountDataStore.swift */,
				8E19D7EA222AB69E00051784 /* GameDataStore.swift */,
				8EFAF530222600C300DAE956 /* Storable.swift */,
				8EFAF5322226011000DAE956 /* UserDefaultStore.swift */,
			);
			path = Storage;
			sourceTree = "<group>";
		};
		8EFAF534222602DD00DAE956 /* View */ = {
			isa = PBXGroup;
			children = (
				8EFAF54722284D4500DAE956 /* LoginView.swift */,
				8EFAF535222602F000DAE956 /* LoginLayoutViewController.swift */,
				8EFAF03F2224A91200DAE956 /* LoginViewController.swift */,
			);
			path = View;
			sourceTree = "<group>";
		};
		8EFAF53822284A5700DAE956 /* Roasters */ = {
			isa = PBXGroup;
			children = (
				8EFAF5772228781800DAE956 /* Router */,
				8EFAF570222875FB00DAE956 /* Presenter */,
				8EFAF56B2228747F00DAE956 /* Interactor */,
				8EFAF56822285D0C00DAE956 /* Builder */,
				8EFAF56122285AE700DAE956 /* View */,
			);
			path = Roasters;
			sourceTree = "<group>";
		};
		8EFAF53922284A9F00DAE956 /* Interactor */ = {
			isa = PBXGroup;
			children = (
				8EFAF53C22284B0600DAE956 /* LoginViewOutput.swift */,
				8EFAF53E22284B1F00DAE956 /* LoginInteractor.swift */,
			);
			path = Interactor;
			sourceTree = "<group>";
		};
		8EFAF53A22284AAE00DAE956 /* Presenter */ = {
			isa = PBXGroup;
			children = (
				8EFAF54022284BC200DAE956 /* LoginInteractorOutput.swift */,
				8EFAF54522284CBB00DAE956 /* LoginPresenter.swift */,
			);
			path = Presenter;
			sourceTree = "<group>";
		};
		8EFAF54222284C5E00DAE956 /* Builder */ = {
			isa = PBXGroup;
			children = (
				8EFAF54322284C6900DAE956 /* LoginBuilder.swift */,
			);
			path = Builder;
			sourceTree = "<group>";
		};
		8EFAF54922284E8B00DAE956 /* Dependency Manager */ = {
			isa = PBXGroup;
			children = (
				8EFAF54A22284E9F00DAE956 /* FeatureFactory.swift */,
				8EFAF54C22284EBD00DAE956 /* DependencyManager.swift */,
				8EFAF54E22284ECF00DAE956 /* RoasterHammerDependencyManager.swift */,
			);
			path = "Dependency Manager";
			sourceTree = "<group>";
		};
		8EFAF550222850DF00DAE956 /* Presenter */ = {
			isa = PBXGroup;
			children = (
				8EFAF5562228513E00DAE956 /* CreateAccountInteractorOutput.swift */,
				8EFAF55A2228567E00DAE956 /* CreateAccountPresenter.swift */,
			);
			path = Presenter;
			sourceTree = "<group>";
		};
		8EFAF551222850E500DAE956 /* Builder */ = {
			isa = PBXGroup;
			children = (
				8EFAF55C222856CA00DAE956 /* CreateAccountBuilder.swift */,
			);
			path = Builder;
			sourceTree = "<group>";
		};
		8EFAF55E2228574D00DAE956 /* Interface */ = {
			isa = PBXGroup;
			children = (
				8EFAF55F2228575C00DAE956 /* Alerter.swift */,
				8EFAF56422285B2700DAE956 /* BaseViewController.swift */,
				8EFAFD462228A55000DAE956 /* IdentifiableView.swift */,
			);
			path = Interface;
			sourceTree = "<group>";
		};
		8EFAF56122285AE700DAE956 /* View */ = {
			isa = PBXGroup;
			children = (
				8EFAF5752228767F00DAE956 /* RoastersView.swift */,
				8EFAF56222285AF500DAE956 /* RoastersLayoutViewController.swift */,
				8EFAF56622285BE700DAE956 /* RoastersViewController.swift */,
				8EFAFD442228A50100DAE956 /* SingleLabelTableViewCell.swift */,
			);
			path = View;
			sourceTree = "<group>";
		};
		8EFAF56822285D0C00DAE956 /* Builder */ = {
			isa = PBXGroup;
			children = (
				8EFAF56922285D1400DAE956 /* RoastersBuilder.swift */,
			);
			path = Builder;
			sourceTree = "<group>";
		};
		8EFAF56B2228747F00DAE956 /* Interactor */ = {
			isa = PBXGroup;
			children = (
				8EFAF56C2228750200DAE956 /* RoastersViewOutput.swift */,
				8EFAF56E2228752F00DAE956 /* RoastersInteractor.swift */,
			);
			path = Interactor;
			sourceTree = "<group>";
		};
		8EFAF570222875FB00DAE956 /* Presenter */ = {
			isa = PBXGroup;
			children = (
				8EFAF5712228760C00DAE956 /* RoastersInteractorOutput.swift */,
				8EFAF5732228763900DAE956 /* RoastersPresenter.swift */,
			);
			path = Presenter;
			sourceTree = "<group>";
		};
		8EFAF5772228781800DAE956 /* Router */ = {
			isa = PBXGroup;
			children = (
				8EFAF5782228782400DAE956 /* RoastersRouter.swift */,
			);
			path = Router;
			sourceTree = "<group>";
		};
		8EFAF57B2228947900DAE956 /* Router */ = {
			isa = PBXGroup;
			children = (
				8EFAF57C2228948200DAE956 /* LoginRouter.swift */,
			);
			path = Router;
			sourceTree = "<group>";
		};
		8EFAF57E2228957300DAE956 /* Router */ = {
			isa = PBXGroup;
			children = (
				8EFAF57F2228957C00DAE956 /* CreateAccountRouter.swift */,
			);
			path = Router;
			sourceTree = "<group>";
		};
		8EFAFD522228A9F400DAE956 /* HTTP */ = {
			isa = PBXGroup;
			children = (
				8EFAFD572228AA5600DAE956 /* HTTPMethod.swift */,
				8EFAFD552228AA3B00DAE956 /* HTTPRequest.swift */,
				8E311B702225793A00C58DBF /* HTTPResponse.swift */,
				8EFAFD502228A9CB00DAE956 /* HTTPEnvironment.swift */,
				8EFAFD532228AA0800DAE956 /* HTTPEnvironmentManager.swift */,
				8EFAFD5B2228AAF900DAE956 /* HTTPClient.swift */,
			);
			path = HTTP;
			sourceTree = "<group>";
		};
		8EFAFD612228AEDF00DAE956 /* Builder */ = {
			isa = PBXGroup;
			children = (
				8EFAFD622228AEF400DAE956 /* FeatureBuilderBase.swift */,
			);
			path = Builder;
			sourceTree = "<group>";
		};
		8EFAFFD82229C10300DAE956 /* Error */ = {
			isa = PBXGroup;
			children = (
				8EFAFFD92229C10B00DAE956 /* RoasterHammerError.swift */,
			);
			path = Error;
			sourceTree = "<group>";
		};
		8EFAFFDB222DC41600DAE956 /* Armies */ = {
			isa = PBXGroup;
			children = (
				8EFAFFE0222DC43A00DAE956 /* Router */,
				8EFAFFDF222DC43000DAE956 /* Builder */,
				8EFAFFDE222DC42A00DAE956 /* Presenter */,
				8EFAFFDD222DC42400DAE956 /* Interactor */,
				8EFAFFDC222DC41F00DAE956 /* View */,
			);
			path = Armies;
			sourceTree = "<group>";
		};
		8EFAFFDC222DC41F00DAE956 /* View */ = {
			isa = PBXGroup;
			children = (
				8EFAFFE1222DC44D00DAE956 /* ArmiesView.swift */,
				8EFAFFE3222DC47D00DAE956 /* ArmiesBaseViewController.swift */,
				8EFAFFE5222DC49A00DAE956 /* ArmiesViewController.swift */,
			);
			path = View;
			sourceTree = "<group>";
		};
		8EFAFFDD222DC42400DAE956 /* Interactor */ = {
			isa = PBXGroup;
			children = (
				8EFAFFE7222DC4B400DAE956 /* ArmiesViewOutput.swift */,
				8EFAFFE9222DC4C200DAE956 /* ArmiesInteractor.swift */,
			);
			path = Interactor;
			sourceTree = "<group>";
		};
		8EFAFFDE222DC42A00DAE956 /* Presenter */ = {
			isa = PBXGroup;
			children = (
				8EFAFFEB222DC4D500DAE956 /* ArmiesInteractorOutput.swift */,
				8EFAFFED222DC4E000DAE956 /* ArmiesPresenter.swift */,
			);
			path = Presenter;
			sourceTree = "<group>";
		};
		8EFAFFDF222DC43000DAE956 /* Builder */ = {
			isa = PBXGroup;
			children = (
				8EFAFFEF222DC53100DAE956 /* ArmiesBuilder.swift */,
			);
			path = Builder;
			sourceTree = "<group>";
		};
		8EFAFFE0222DC43A00DAE956 /* Router */ = {
			isa = PBXGroup;
			children = (
				8EFAFFF1222DC58900DAE956 /* ArmiesRouter.swift */,
			);
			path = Router;
			sourceTree = "<group>";
		};
		C40B1FABD0F7938DD32EDC5E /* Frameworks */ = {
			isa = PBXGroup;
			children = (
				B4AEE1820CAD5C57303E9F64 /* Pods_RoasterHammer.framework */,
			);
			name = Frameworks;
			sourceTree = "<group>";
		};
/* End PBXGroup section */

/* Begin PBXNativeTarget section */
		8EE227B322235FAE00DF0D72 /* RoasterHammer */ = {
			isa = PBXNativeTarget;
			buildConfigurationList = 8EE227D122235FB000DF0D72 /* Build configuration list for PBXNativeTarget "RoasterHammer" */;
			buildPhases = (
				B8D2975D45EB1A7167DCEBE5 /* [CP] Check Pods Manifest.lock */,
				8EE227B022235FAE00DF0D72 /* Sources */,
				8EE227B122235FAE00DF0D72 /* Frameworks */,
				8EE227B222235FAE00DF0D72 /* Resources */,
				28561CC6179EEE5204AB9B00 /* [CP] Embed Pods Frameworks */,
			);
			buildRules = (
			);
			dependencies = (
			);
			name = RoasterHammer;
			productName = RoasterHammer;
			productReference = 8EE227B422235FAE00DF0D72 /* RoasterHammer.app */;
			productType = "com.apple.product-type.application";
		};
		8EE227C722235FB000DF0D72 /* RoasterHammerTests */ = {
			isa = PBXNativeTarget;
			buildConfigurationList = 8EE227D422235FB000DF0D72 /* Build configuration list for PBXNativeTarget "RoasterHammerTests" */;
			buildPhases = (
				8EE227C422235FB000DF0D72 /* Sources */,
				8EE227C522235FB000DF0D72 /* Frameworks */,
				8EE227C622235FB000DF0D72 /* Resources */,
			);
			buildRules = (
			);
			dependencies = (
				8EE227CA22235FB000DF0D72 /* PBXTargetDependency */,
			);
			name = RoasterHammerTests;
			productName = RoasterHammerTests;
			productReference = 8EE227C822235FB000DF0D72 /* RoasterHammerTests.xctest */;
			productType = "com.apple.product-type.bundle.unit-test";
		};
/* End PBXNativeTarget section */

/* Begin PBXProject section */
		8EE227AC22235FAE00DF0D72 /* Project object */ = {
			isa = PBXProject;
			attributes = {
				LastSwiftUpdateCheck = 1010;
				LastUpgradeCheck = 1010;
				ORGANIZATIONNAME = "Thibault Klein";
				TargetAttributes = {
					8EE227B322235FAE00DF0D72 = {
						CreatedOnToolsVersion = 10.1;
					};
					8EE227C722235FB000DF0D72 = {
						CreatedOnToolsVersion = 10.1;
						TestTargetID = 8EE227B322235FAE00DF0D72;
					};
				};
			};
			buildConfigurationList = 8EE227AF22235FAE00DF0D72 /* Build configuration list for PBXProject "RoasterHammer" */;
			compatibilityVersion = "Xcode 9.3";
			developmentRegion = en;
			hasScannedForEncodings = 0;
			knownRegions = (
				en,
				Base,
			);
			mainGroup = 8EE227AB22235FAE00DF0D72;
			productRefGroup = 8EE227B522235FAE00DF0D72 /* Products */;
			projectDirPath = "";
			projectRoot = "";
			targets = (
				8EE227B322235FAE00DF0D72 /* RoasterHammer */,
				8EE227C722235FB000DF0D72 /* RoasterHammerTests */,
			);
		};
/* End PBXProject section */

/* Begin PBXResourcesBuildPhase section */
		8EE227B222235FAE00DF0D72 /* Resources */ = {
			isa = PBXResourcesBuildPhase;
			buildActionMask = 2147483647;
			files = (
				8EE227C222235FB000DF0D72 /* LaunchScreen.storyboard in Resources */,
				8EE227BF22235FB000DF0D72 /* Assets.xcassets in Resources */,
			);
			runOnlyForDeploymentPostprocessing = 0;
		};
		8EE227C622235FB000DF0D72 /* Resources */ = {
			isa = PBXResourcesBuildPhase;
			buildActionMask = 2147483647;
			files = (
			);
			runOnlyForDeploymentPostprocessing = 0;
		};
/* End PBXResourcesBuildPhase section */

/* Begin PBXShellScriptBuildPhase section */
		28561CC6179EEE5204AB9B00 /* [CP] Embed Pods Frameworks */ = {
			isa = PBXShellScriptBuildPhase;
			buildActionMask = 2147483647;
			files = (
			);
			inputPaths = (
				"${SRCROOT}/../Pods/Target Support Files/Pods-RoasterHammer/Pods-RoasterHammer-frameworks.sh",
				"${BUILT_PRODUCTS_DIR}/Alamofire/Alamofire.framework",
				"${BUILT_PRODUCTS_DIR}/RoasterHammerShared/RoasterHammerShared.framework",
			);
			name = "[CP] Embed Pods Frameworks";
			outputPaths = (
				"${TARGET_BUILD_DIR}/${FRAMEWORKS_FOLDER_PATH}/Alamofire.framework",
				"${TARGET_BUILD_DIR}/${FRAMEWORKS_FOLDER_PATH}/RoasterHammerShared.framework",
			);
			runOnlyForDeploymentPostprocessing = 0;
			shellPath = /bin/sh;
			shellScript = "\"${SRCROOT}/../Pods/Target Support Files/Pods-RoasterHammer/Pods-RoasterHammer-frameworks.sh\"\n";
			showEnvVarsInLog = 0;
		};
		B8D2975D45EB1A7167DCEBE5 /* [CP] Check Pods Manifest.lock */ = {
			isa = PBXShellScriptBuildPhase;
			buildActionMask = 2147483647;
			files = (
			);
			inputPaths = (
				"${PODS_PODFILE_DIR_PATH}/Podfile.lock",
				"${PODS_ROOT}/Manifest.lock",
			);
			name = "[CP] Check Pods Manifest.lock";
			outputPaths = (
				"$(DERIVED_FILE_DIR)/Pods-RoasterHammer-checkManifestLockResult.txt",
			);
			runOnlyForDeploymentPostprocessing = 0;
			shellPath = /bin/sh;
			shellScript = "diff \"${PODS_PODFILE_DIR_PATH}/Podfile.lock\" \"${PODS_ROOT}/Manifest.lock\" > /dev/null\nif [ $? != 0 ] ; then\n    # print error to STDERR\n    echo \"error: The sandbox is not in sync with the Podfile.lock. Run 'pod install' or update your CocoaPods installation.\" >&2\n    exit 1\nfi\n# This output is used by Xcode 'outputs' to avoid re-running this script phase.\necho \"SUCCESS\" > \"${SCRIPT_OUTPUT_FILE_0}\"\n";
			showEnvVarsInLog = 0;
		};
/* End PBXShellScriptBuildPhase section */

/* Begin PBXSourcesBuildPhase section */
		8EE227B022235FAE00DF0D72 /* Sources */ = {
			isa = PBXSourcesBuildPhase;
			buildActionMask = 2147483647;
			files = (
				8EFAF5572228513E00DAE956 /* CreateAccountInteractorOutput.swift in Sources */,
				8EFAF56D2228750200DAE956 /* RoastersViewOutput.swift in Sources */,
				8E19E6BD222B373700051784 /* RoasterInteractorOutput.swift in Sources */,
				8EFAF5762228767F00DAE956 /* RoastersView.swift in Sources */,
				8EFAFD542228AA0800DAE956 /* HTTPEnvironmentManager.swift in Sources */,
				8EFAF53F22284B1F00DAE956 /* LoginInteractor.swift in Sources */,
				8E19E6BA222B370900051784 /* RoasterInteractor.swift in Sources */,
				8E19B32E222D57BA003F10FA /* RoasterRouter.swift in Sources */,
				8EFA04DC2231AB2500DAE956 /* AccountView.swift in Sources */,
				8EFAF54D22284EBD00DAE956 /* DependencyManager.swift in Sources */,
				8E19E6B8222B36F200051784 /* RoasterViewOutput.swift in Sources */,
				8E19B33E222D5AC4003F10FA /* DetachmentTypeInteractor.swift in Sources */,
				8E19B338222D59F5003F10FA /* DetachmentTypeBaseViewController.swift in Sources */,
				8EFAF5742228763900DAE956 /* RoastersPresenter.swift in Sources */,
				8EFAF57D2228948200DAE956 /* LoginRouter.swift in Sources */,
				8EFAFFF0222DC53100DAE956 /* ArmiesBuilder.swift in Sources */,
				8EFAF5722228760C00DAE956 /* RoastersInteractorOutput.swift in Sources */,
				8E19B336222D59E8003F10FA /* DetachmentTypeView.swift in Sources */,
				8EFAFD5C2228AAF900DAE956 /* HTTPClient.swift in Sources */,
				8EFAF0402224A91200DAE956 /* LoginViewController.swift in Sources */,
				8E19E6C2222B37AC00051784 /* RoasterBuilder.swift in Sources */,
				8EFAF56522285B2700DAE956 /* BaseViewController.swift in Sources */,
				8EDA1C87222E088A0005A15B /* DetachmentTypeRouter.swift in Sources */,
				8EFAFD632228AEF400DAE956 /* FeatureBuilderBase.swift in Sources */,
				8EFAF5332226011000DAE956 /* UserDefaultStore.swift in Sources */,
				8EFAFFF2222DC58900DAE956 /* ArmiesRouter.swift in Sources */,
				8EFA04E42231AC7B00DAE956 /* AccountInteractor.swift in Sources */,
				8E19E6BF222B373F00051784 /* RoasterPresenter.swift in Sources */,
				8EFAF54822284D4600DAE956 /* LoginView.swift in Sources */,
				8EFA04E62231AC9D00DAE956 /* AccountInteractorOutput.swift in Sources */,
				8EFAF54622284CBB00DAE956 /* LoginPresenter.swift in Sources */,
				8EFAF5602228575C00DAE956 /* Alerter.swift in Sources */,
				8EFAF54F22284ECF00DAE956 /* RoasterHammerDependencyManager.swift in Sources */,
				8EFAFD472228A55000DAE956 /* IdentifiableView.swift in Sources */,
				8E311B712225793A00C58DBF /* HTTPResponse.swift in Sources */,
				8EFAF5272225F9AE00DAE956 /* JSONDecodingError.swift in Sources */,
				8E19E6B5222B36CE00051784 /* RoasterViewController.swift in Sources */,
				8EFAF0462224AAB200DAE956 /* UIView+Autolayout.swift in Sources */,
				8EFAFD492228A61700DAE956 /* UITableView+IdentifiableView.swift in Sources */,
				8EFAFFE8222DC4B400DAE956 /* ArmiesViewOutput.swift in Sources */,
				8EFAFD5A2228AAB200DAE956 /* Dictionary+Utils.swift in Sources */,
				8EFAFD452228A50200DAE956 /* SingleLabelTableViewCell.swift in Sources */,
				8EFAF56322285AF500DAE956 /* RoastersLayoutViewController.swift in Sources */,
				8EFAFD4F2228A96300DAE956 /* ResponseHandling.swift in Sources */,
				8EFAFFE6222DC49A00DAE956 /* ArmiesViewController.swift in Sources */,
				8EFAFD512228A9CB00DAE956 /* HTTPEnvironment.swift in Sources */,
				8EFAF55B2228567E00DAE956 /* CreateAccountPresenter.swift in Sources */,
				8EFAF52A2225FB8300DAE956 /* String+Encoding.swift in Sources */,
				8E19B344222D5B52003F10FA /* DetachmentTypeBuilder.swift in Sources */,
				8EFAF531222600C300DAE956 /* Storable.swift in Sources */,
				8EFAFD5E2228AB1D00DAE956 /* AlamofireHTTPClient.swift in Sources */,
				8EFAF5552228511900DAE956 /* CreateAccountViewOutput.swift in Sources */,
				8EFAF54422284C6900DAE956 /* LoginBuilder.swift in Sources */,
				8E646CE62224FA4800599834 /* JSONDecoder+Data.swift in Sources */,
				8E19B5B5222D6383003F10FA /* DetachmentDataManager.swift in Sources */,
				8EFA0263222DC7BB00DAE956 /* ArmyDataManager.swift in Sources */,
				8EFAF56722285BE700DAE956 /* RoastersViewController.swift in Sources */,
				8EFAFFD72229BEDE00DAE956 /* BaseDataManager.swift in Sources */,
				8E19E6B3222B36A600051784 /* RoasterBaseViewController.swift in Sources */,
				8EFAF52F2226009F00DAE956 /* AccountDataStore.swift in Sources */,
				8EFAFFEA222DC4C200DAE956 /* ArmiesInteractor.swift in Sources */,
				8E19B342222D5B1C003F10FA /* DetachmentTypePresenter.swift in Sources */,
				8EFAF54122284BC200DAE956 /* LoginInteractorOutput.swift in Sources */,
				8E19D7EB222AB69E00051784 /* GameDataStore.swift in Sources */,
				8EFAF56A22285D1400DAE956 /* RoastersBuilder.swift in Sources */,
				8E19D7ED222ABA2900051784 /* RoasterDataManager.swift in Sources */,
				8EFAF5802228957C00DAE956 /* CreateAccountRouter.swift in Sources */,
				8E19B340222D5B02003F10FA /* DetachmentTypeInteractorOutput.swift in Sources */,
				8E646CE82224FBB300599834 /* JSONConvertible.swift in Sources */,
				8EFAF56F2228752F00DAE956 /* RoastersInteractor.swift in Sources */,
				8EFA04E82231ACAB00DAE956 /* AccountPresenter.swift in Sources */,
				8EFAF5592228560E00DAE956 /* CreateAccountInteractor.swift in Sources */,
				8EFA04EA2231ACF900DAE956 /* AccountRouter.swift in Sources */,
				8EFAF53D22284B0700DAE956 /* LoginViewOutput.swift in Sources */,
				8EFA04DE2231AB8600DAE956 /* AccountBaseViewController.swift in Sources */,
				8EFA04EC2231ADEB00DAE956 /* AccountBuilder.swift in Sources */,
				8E311B7422257A5F00C58DBF /* AccountDataManager.swift in Sources */,
				8EFAF03E2224A90500DAE956 /* CreateAccountViewController.swift in Sources */,
				8EFAF553222850F500DAE956 /* CreateAccountView.swift in Sources */,
				8EFAFFDA2229C10B00DAE956 /* RoasterHammerError.swift in Sources */,
				8EFAF54B22284E9F00DAE956 /* FeatureFactory.swift in Sources */,
				8EFAF536222602F000DAE956 /* LoginLayoutViewController.swift in Sources */,
				8EFAFFEE222DC4E000DAE956 /* ArmiesPresenter.swift in Sources */,
				8EFA04E02231ABB400DAE956 /* AccountViewController.swift in Sources */,
				8E19E6B1222B368E00051784 /* RoasterView.swift in Sources */,
				8EDA1EF8223159450005A15B /* RoasterRoleTableViewCell.swift in Sources */,
				8EFAFD602228ABDE00DAE956 /* RoasterHammerEnvironmentManager.swift in Sources */,
				8EFAFFE4222DC47D00DAE956 /* ArmiesBaseViewController.swift in Sources */,
				8E19B33A222D5A00003F10FA /* DetachmentTypeViewController.swift in Sources */,
				8EFAFFE2222DC44D00DAE956 /* ArmiesView.swift in Sources */,
				8EFAF55D222856CA00DAE956 /* CreateAccountBuilder.swift in Sources */,
				8EFAF5792228782400DAE956 /* RoastersRouter.swift in Sources */,
				8EFAFFEC222DC4D500DAE956 /* ArmiesInteractorOutput.swift in Sources */,
				8EE227B822235FAE00DF0D72 /* AppDelegate.swift in Sources */,
				8EFAFD582228AA5600DAE956 /* HTTPMethod.swift in Sources */,
				8EFA04E22231AC6E00DAE956 /* AccountViewOutput.swift in Sources */,
				8E19B33C222D5A98003F10FA /* DetachmentTypeViewOutput.swift in Sources */,
				8EFAF0422224A9B500DAE956 /* CreateAccountLayoutViewController.swift in Sources */,
				8EFAFD4B2228A8E900DAE956 /* GameDataManager.swift in Sources */,
				8EFAFD562228AA3B00DAE956 /* HTTPRequest.swift in Sources */,
			);
			runOnlyForDeploymentPostprocessing = 0;
		};
		8EE227C422235FB000DF0D72 /* Sources */ = {
			isa = PBXSourcesBuildPhase;
			buildActionMask = 2147483647;
			files = (
				8EE227CD22235FB000DF0D72 /* RoasterHammerTests.swift in Sources */,
			);
			runOnlyForDeploymentPostprocessing = 0;
		};
/* End PBXSourcesBuildPhase section */

/* Begin PBXTargetDependency section */
		8EE227CA22235FB000DF0D72 /* PBXTargetDependency */ = {
			isa = PBXTargetDependency;
			target = 8EE227B322235FAE00DF0D72 /* RoasterHammer */;
			targetProxy = 8EE227C922235FB000DF0D72 /* PBXContainerItemProxy */;
		};
/* End PBXTargetDependency section */

/* Begin PBXVariantGroup section */
		8EE227C022235FB000DF0D72 /* LaunchScreen.storyboard */ = {
			isa = PBXVariantGroup;
			children = (
				8EE227C122235FB000DF0D72 /* Base */,
			);
			name = LaunchScreen.storyboard;
			sourceTree = "<group>";
		};
/* End PBXVariantGroup section */

/* Begin XCBuildConfiguration section */
		8EE227CF22235FB000DF0D72 /* Debug */ = {
			isa = XCBuildConfiguration;
			buildSettings = {
				ALWAYS_SEARCH_USER_PATHS = NO;
				CLANG_ANALYZER_NONNULL = YES;
				CLANG_ANALYZER_NUMBER_OBJECT_CONVERSION = YES_AGGRESSIVE;
				CLANG_CXX_LANGUAGE_STANDARD = "gnu++14";
				CLANG_CXX_LIBRARY = "libc++";
				CLANG_ENABLE_MODULES = YES;
				CLANG_ENABLE_OBJC_ARC = YES;
				CLANG_ENABLE_OBJC_WEAK = YES;
				CLANG_WARN_BLOCK_CAPTURE_AUTORELEASING = YES;
				CLANG_WARN_BOOL_CONVERSION = YES;
				CLANG_WARN_COMMA = YES;
				CLANG_WARN_CONSTANT_CONVERSION = YES;
				CLANG_WARN_DEPRECATED_OBJC_IMPLEMENTATIONS = YES;
				CLANG_WARN_DIRECT_OBJC_ISA_USAGE = YES_ERROR;
				CLANG_WARN_DOCUMENTATION_COMMENTS = YES;
				CLANG_WARN_EMPTY_BODY = YES;
				CLANG_WARN_ENUM_CONVERSION = YES;
				CLANG_WARN_INFINITE_RECURSION = YES;
				CLANG_WARN_INT_CONVERSION = YES;
				CLANG_WARN_NON_LITERAL_NULL_CONVERSION = YES;
				CLANG_WARN_OBJC_IMPLICIT_RETAIN_SELF = YES;
				CLANG_WARN_OBJC_LITERAL_CONVERSION = YES;
				CLANG_WARN_OBJC_ROOT_CLASS = YES_ERROR;
				CLANG_WARN_RANGE_LOOP_ANALYSIS = YES;
				CLANG_WARN_STRICT_PROTOTYPES = YES;
				CLANG_WARN_SUSPICIOUS_MOVE = YES;
				CLANG_WARN_UNGUARDED_AVAILABILITY = YES_AGGRESSIVE;
				CLANG_WARN_UNREACHABLE_CODE = YES;
				CLANG_WARN__DUPLICATE_METHOD_MATCH = YES;
				CODE_SIGN_IDENTITY = "iPhone Developer";
				COPY_PHASE_STRIP = NO;
				DEBUG_INFORMATION_FORMAT = dwarf;
				ENABLE_STRICT_OBJC_MSGSEND = YES;
				ENABLE_TESTABILITY = YES;
				GCC_C_LANGUAGE_STANDARD = gnu11;
				GCC_DYNAMIC_NO_PIC = NO;
				GCC_NO_COMMON_BLOCKS = YES;
				GCC_OPTIMIZATION_LEVEL = 0;
				GCC_PREPROCESSOR_DEFINITIONS = (
					"DEBUG=1",
					"$(inherited)",
				);
				GCC_WARN_64_TO_32_BIT_CONVERSION = YES;
				GCC_WARN_ABOUT_RETURN_TYPE = YES_ERROR;
				GCC_WARN_UNDECLARED_SELECTOR = YES;
				GCC_WARN_UNINITIALIZED_AUTOS = YES_AGGRESSIVE;
				GCC_WARN_UNUSED_FUNCTION = YES;
				GCC_WARN_UNUSED_VARIABLE = YES;
				IPHONEOS_DEPLOYMENT_TARGET = 12.1;
				MTL_ENABLE_DEBUG_INFO = INCLUDE_SOURCE;
				MTL_FAST_MATH = YES;
				ONLY_ACTIVE_ARCH = YES;
				SDKROOT = iphoneos;
				SWIFT_ACTIVE_COMPILATION_CONDITIONS = DEBUG;
				SWIFT_OPTIMIZATION_LEVEL = "-Onone";
			};
			name = Debug;
		};
		8EE227D022235FB000DF0D72 /* Release */ = {
			isa = XCBuildConfiguration;
			buildSettings = {
				ALWAYS_SEARCH_USER_PATHS = NO;
				CLANG_ANALYZER_NONNULL = YES;
				CLANG_ANALYZER_NUMBER_OBJECT_CONVERSION = YES_AGGRESSIVE;
				CLANG_CXX_LANGUAGE_STANDARD = "gnu++14";
				CLANG_CXX_LIBRARY = "libc++";
				CLANG_ENABLE_MODULES = YES;
				CLANG_ENABLE_OBJC_ARC = YES;
				CLANG_ENABLE_OBJC_WEAK = YES;
				CLANG_WARN_BLOCK_CAPTURE_AUTORELEASING = YES;
				CLANG_WARN_BOOL_CONVERSION = YES;
				CLANG_WARN_COMMA = YES;
				CLANG_WARN_CONSTANT_CONVERSION = YES;
				CLANG_WARN_DEPRECATED_OBJC_IMPLEMENTATIONS = YES;
				CLANG_WARN_DIRECT_OBJC_ISA_USAGE = YES_ERROR;
				CLANG_WARN_DOCUMENTATION_COMMENTS = YES;
				CLANG_WARN_EMPTY_BODY = YES;
				CLANG_WARN_ENUM_CONVERSION = YES;
				CLANG_WARN_INFINITE_RECURSION = YES;
				CLANG_WARN_INT_CONVERSION = YES;
				CLANG_WARN_NON_LITERAL_NULL_CONVERSION = YES;
				CLANG_WARN_OBJC_IMPLICIT_RETAIN_SELF = YES;
				CLANG_WARN_OBJC_LITERAL_CONVERSION = YES;
				CLANG_WARN_OBJC_ROOT_CLASS = YES_ERROR;
				CLANG_WARN_RANGE_LOOP_ANALYSIS = YES;
				CLANG_WARN_STRICT_PROTOTYPES = YES;
				CLANG_WARN_SUSPICIOUS_MOVE = YES;
				CLANG_WARN_UNGUARDED_AVAILABILITY = YES_AGGRESSIVE;
				CLANG_WARN_UNREACHABLE_CODE = YES;
				CLANG_WARN__DUPLICATE_METHOD_MATCH = YES;
				CODE_SIGN_IDENTITY = "iPhone Developer";
				COPY_PHASE_STRIP = NO;
				DEBUG_INFORMATION_FORMAT = "dwarf-with-dsym";
				ENABLE_NS_ASSERTIONS = NO;
				ENABLE_STRICT_OBJC_MSGSEND = YES;
				GCC_C_LANGUAGE_STANDARD = gnu11;
				GCC_NO_COMMON_BLOCKS = YES;
				GCC_WARN_64_TO_32_BIT_CONVERSION = YES;
				GCC_WARN_ABOUT_RETURN_TYPE = YES_ERROR;
				GCC_WARN_UNDECLARED_SELECTOR = YES;
				GCC_WARN_UNINITIALIZED_AUTOS = YES_AGGRESSIVE;
				GCC_WARN_UNUSED_FUNCTION = YES;
				GCC_WARN_UNUSED_VARIABLE = YES;
				IPHONEOS_DEPLOYMENT_TARGET = 12.1;
				MTL_ENABLE_DEBUG_INFO = NO;
				MTL_FAST_MATH = YES;
				SDKROOT = iphoneos;
				SWIFT_COMPILATION_MODE = wholemodule;
				SWIFT_OPTIMIZATION_LEVEL = "-O";
				VALIDATE_PRODUCT = YES;
			};
			name = Release;
		};
		8EE227D222235FB000DF0D72 /* Debug */ = {
			isa = XCBuildConfiguration;
			baseConfigurationReference = 844F19CF2A860DC859BFC27C /* Pods-RoasterHammer.debug.xcconfig */;
			buildSettings = {
				ASSETCATALOG_COMPILER_APPICON_NAME = AppIcon;
				CODE_SIGN_STYLE = Automatic;
				DEVELOPMENT_TEAM = 9SXMCCRGJ3;
				INFOPLIST_FILE = RoasterHammer/Info.plist;
				LD_RUNPATH_SEARCH_PATHS = (
					"$(inherited)",
					"@executable_path/Frameworks",
				);
				PRODUCT_BUNDLE_IDENTIFIER = com.thibaultklein.RoasterHammer;
				PRODUCT_NAME = "$(TARGET_NAME)";
				SWIFT_VERSION = 4.2;
				TARGETED_DEVICE_FAMILY = "1,2";
			};
			name = Debug;
		};
		8EE227D322235FB000DF0D72 /* Release */ = {
			isa = XCBuildConfiguration;
			baseConfigurationReference = 5CAB593934FB800EDA79F6FD /* Pods-RoasterHammer.release.xcconfig */;
			buildSettings = {
				ASSETCATALOG_COMPILER_APPICON_NAME = AppIcon;
				CODE_SIGN_STYLE = Automatic;
				DEVELOPMENT_TEAM = 9SXMCCRGJ3;
				INFOPLIST_FILE = RoasterHammer/Info.plist;
				LD_RUNPATH_SEARCH_PATHS = (
					"$(inherited)",
					"@executable_path/Frameworks",
				);
				PRODUCT_BUNDLE_IDENTIFIER = com.thibaultklein.RoasterHammer;
				PRODUCT_NAME = "$(TARGET_NAME)";
				SWIFT_VERSION = 4.2;
				TARGETED_DEVICE_FAMILY = "1,2";
			};
			name = Release;
		};
		8EE227D522235FB000DF0D72 /* Debug */ = {
			isa = XCBuildConfiguration;
			buildSettings = {
				ALWAYS_EMBED_SWIFT_STANDARD_LIBRARIES = YES;
				BUNDLE_LOADER = "$(TEST_HOST)";
				CODE_SIGN_STYLE = Automatic;
				DEVELOPMENT_TEAM = 9SXMCCRGJ3;
				INFOPLIST_FILE = RoasterHammerTests/Info.plist;
				LD_RUNPATH_SEARCH_PATHS = (
					"$(inherited)",
					"@executable_path/Frameworks",
					"@loader_path/Frameworks",
				);
				PRODUCT_BUNDLE_IDENTIFIER = com.thibaultklein.RoasterHammerTests;
				PRODUCT_NAME = "$(TARGET_NAME)";
				SWIFT_VERSION = 4.2;
				TARGETED_DEVICE_FAMILY = "1,2";
				TEST_HOST = "$(BUILT_PRODUCTS_DIR)/RoasterHammer.app/RoasterHammer";
			};
			name = Debug;
		};
		8EE227D622235FB000DF0D72 /* Release */ = {
			isa = XCBuildConfiguration;
			buildSettings = {
				ALWAYS_EMBED_SWIFT_STANDARD_LIBRARIES = YES;
				BUNDLE_LOADER = "$(TEST_HOST)";
				CODE_SIGN_STYLE = Automatic;
				DEVELOPMENT_TEAM = 9SXMCCRGJ3;
				INFOPLIST_FILE = RoasterHammerTests/Info.plist;
				LD_RUNPATH_SEARCH_PATHS = (
					"$(inherited)",
					"@executable_path/Frameworks",
					"@loader_path/Frameworks",
				);
				PRODUCT_BUNDLE_IDENTIFIER = com.thibaultklein.RoasterHammerTests;
				PRODUCT_NAME = "$(TARGET_NAME)";
				SWIFT_VERSION = 4.2;
				TARGETED_DEVICE_FAMILY = "1,2";
				TEST_HOST = "$(BUILT_PRODUCTS_DIR)/RoasterHammer.app/RoasterHammer";
			};
			name = Release;
		};
/* End XCBuildConfiguration section */

/* Begin XCConfigurationList section */
		8EE227AF22235FAE00DF0D72 /* Build configuration list for PBXProject "RoasterHammer" */ = {
			isa = XCConfigurationList;
			buildConfigurations = (
				8EE227CF22235FB000DF0D72 /* Debug */,
				8EE227D022235FB000DF0D72 /* Release */,
			);
			defaultConfigurationIsVisible = 0;
			defaultConfigurationName = Release;
		};
		8EE227D122235FB000DF0D72 /* Build configuration list for PBXNativeTarget "RoasterHammer" */ = {
			isa = XCConfigurationList;
			buildConfigurations = (
				8EE227D222235FB000DF0D72 /* Debug */,
				8EE227D322235FB000DF0D72 /* Release */,
			);
			defaultConfigurationIsVisible = 0;
			defaultConfigurationName = Release;
		};
		8EE227D422235FB000DF0D72 /* Build configuration list for PBXNativeTarget "RoasterHammerTests" */ = {
			isa = XCConfigurationList;
			buildConfigurations = (
				8EE227D522235FB000DF0D72 /* Debug */,
				8EE227D622235FB000DF0D72 /* Release */,
			);
			defaultConfigurationIsVisible = 0;
			defaultConfigurationName = Release;
		};
/* End XCConfigurationList section */
	};
	rootObject = 8EE227AC22235FAE00DF0D72 /* Project object */;
}
