// !$*UTF8*$!
{
	archiveVersion = 1;
	classes = {
	};
	objectVersion = 52;
	objects = {

/* Begin PBXBuildFile section */
		8E03FC4D2248277200A39ABF /* EditUnitBuilder.swift in Sources */ = {isa = PBXBuildFile; fileRef = 8E03FC4C2248277200A39ABF /* EditUnitBuilder.swift */; };
		8E0DF9F222BA5D5D00B752E4 /* EditUnitView.swift in Sources */ = {isa = PBXBuildFile; fileRef = 8E0DF9F122BA5D5D00B752E4 /* EditUnitView.swift */; };
		8E0DF9F422BA668200B752E4 /* SelectedModelResponse+Identifiable.swift in Sources */ = {isa = PBXBuildFile; fileRef = 8E0DF9F322BA668200B752E4 /* SelectedModelResponse+Identifiable.swift */; };
		8E0F5227224ACFEC0077D859 /* Array+Utils.swift in Sources */ = {isa = PBXBuildFile; fileRef = 8E0F5226224ACFEC0077D859 /* Array+Utils.swift */; };
		8E19B33C222D5A98003F10FA /* DetachmentTypeViewOutput.swift in Sources */ = {isa = PBXBuildFile; fileRef = 8E19B33B222D5A98003F10FA /* DetachmentTypeViewOutput.swift */; };
		8E19B33E222D5AC4003F10FA /* DetachmentTypeInteractor.swift in Sources */ = {isa = PBXBuildFile; fileRef = 8E19B33D222D5AC4003F10FA /* DetachmentTypeInteractor.swift */; };
		8E19B344222D5B52003F10FA /* DetachmentTypeBuilder.swift in Sources */ = {isa = PBXBuildFile; fileRef = 8E19B343222D5B52003F10FA /* DetachmentTypeBuilder.swift */; };
		8E19B5B5222D6383003F10FA /* DetachmentDataManager.swift in Sources */ = {isa = PBXBuildFile; fileRef = 8E19B5B4222D6383003F10FA /* DetachmentDataManager.swift */; };
		8E19D7EB222AB69E00051784 /* GameDataStore.swift in Sources */ = {isa = PBXBuildFile; fileRef = 8E19D7EA222AB69E00051784 /* GameDataStore.swift */; };
		8E19D7ED222ABA2900051784 /* RoasterDataManager.swift in Sources */ = {isa = PBXBuildFile; fileRef = 8E19D7EC222ABA2900051784 /* RoasterDataManager.swift */; };
		8E19E6B8222B36F200051784 /* RoasterViewOutput.swift in Sources */ = {isa = PBXBuildFile; fileRef = 8E19E6B7222B36F200051784 /* RoasterViewOutput.swift */; };
		8E19E6BA222B370900051784 /* RoasterInteractor.swift in Sources */ = {isa = PBXBuildFile; fileRef = 8E19E6B9222B370900051784 /* RoasterInteractor.swift */; };
		8E19E6C2222B37AC00051784 /* RoasterBuilder.swift in Sources */ = {isa = PBXBuildFile; fileRef = 8E19E6C1222B37AC00051784 /* RoasterBuilder.swift */; };
		8E2711BB226E62BE00EDFBD1 /* WeaponResponse+Equatable.swift in Sources */ = {isa = PBXBuildFile; fileRef = 8E2711BA226E62BE00EDFBD1 /* WeaponResponse+Equatable.swift */; };
		8E2711BE226E64DD00EDFBD1 /* ArrayUtilsTests.swift in Sources */ = {isa = PBXBuildFile; fileRef = 8E2711BD226E64DD00EDFBD1 /* ArrayUtilsTests.swift */; };
		8E2724B022B9077000534449 /* RoasterUI.swift in Sources */ = {isa = PBXBuildFile; fileRef = 8E2724AF22B9077000534449 /* RoasterUI.swift */; };
		8E2724B222B90AB100534449 /* DetachmentResponse+Identifiable.swift in Sources */ = {isa = PBXBuildFile; fileRef = 8E2724B122B90AB100534449 /* DetachmentResponse+Identifiable.swift */; };
		8E2724B422B90BFF00534449 /* DetachmentTypesView.swift in Sources */ = {isa = PBXBuildFile; fileRef = 8E2724B322B90BFF00534449 /* DetachmentTypesView.swift */; };
		8E2724B822B90F4200534449 /* ArmyResponse+Identifiable.swift in Sources */ = {isa = PBXBuildFile; fileRef = 8E2724B722B90F4200534449 /* ArmyResponse+Identifiable.swift */; };
		8E2724BA22B90FCE00534449 /* ArmiesView.swift in Sources */ = {isa = PBXBuildFile; fileRef = 8E2724B922B90FCE00534449 /* ArmiesView.swift */; };
		8E311B712225793A00C58DBF /* HTTPResponse.swift in Sources */ = {isa = PBXBuildFile; fileRef = 8E311B702225793A00C58DBF /* HTTPResponse.swift */; };
		8E311B7422257A5F00C58DBF /* AccountDataManager.swift in Sources */ = {isa = PBXBuildFile; fileRef = 8E311B7322257A5F00C58DBF /* AccountDataManager.swift */; };
		8E36450D22B967D700ED227E /* RoleResponse+Identifiable.swift in Sources */ = {isa = PBXBuildFile; fileRef = 8E36450C22B967D700ED227E /* RoleResponse+Identifiable.swift */; };
		8E36450F22B9680600ED227E /* SelectedUnitResponse+Identifiable.swift in Sources */ = {isa = PBXBuildFile; fileRef = 8E36450E22B9680600ED227E /* SelectedUnitResponse+Identifiable.swift */; };
		8E36451222B96EDF00ED227E /* SFSafeSymbols in Frameworks */ = {isa = PBXBuildFile; productRef = 8E36451122B96EDF00ED227E /* SFSafeSymbols */; };
		8E36451422B977D100ED227E /* UnitsView.swift in Sources */ = {isa = PBXBuildFile; fileRef = 8E36451322B977D100ED227E /* UnitsView.swift */; };
		8E36451622B97A4E00ED227E /* UnitResponse+Identifiable.swift in Sources */ = {isa = PBXBuildFile; fileRef = 8E36451522B97A4E00ED227E /* UnitResponse+Identifiable.swift */; };
		8E36451922B9A3F400ED227E /* DetachmentResponse+Utils.swift in Sources */ = {isa = PBXBuildFile; fileRef = 8E36451822B9A3F400ED227E /* DetachmentResponse+Utils.swift */; };
		8E36451B22BA7D0700ED227E /* HeaderAndNavigationButtonHeader.swift in Sources */ = {isa = PBXBuildFile; fileRef = 8E36451A22BA7D0700ED227E /* HeaderAndNavigationButtonHeader.swift */; };
		8E36451D22BA7D7600ED227E /* HeaderAndActionButtonHeader.swift in Sources */ = {isa = PBXBuildFile; fileRef = 8E36451C22BA7D7600ED227E /* HeaderAndActionButtonHeader.swift */; };
		8E646CE62224FA4800599834 /* JSONDecoder+Data.swift in Sources */ = {isa = PBXBuildFile; fileRef = 8E646CE52224FA4800599834 /* JSONDecoder+Data.swift */; };
		8E646CE82224FBB300599834 /* JSONConvertible.swift in Sources */ = {isa = PBXBuildFile; fileRef = 8E646CE72224FBB300599834 /* JSONConvertible.swift */; };
		8E6A8A892275E0D0001DE3D2 /* UnitHeaderView.swift in Sources */ = {isa = PBXBuildFile; fileRef = 8E6A8A882275E0D0001DE3D2 /* UnitHeaderView.swift */; };
		8E6A8A8B2275E0EC001DE3D2 /* ModelCharacteristicsView.swift in Sources */ = {isa = PBXBuildFile; fileRef = 8E6A8A8A2275E0EC001DE3D2 /* ModelCharacteristicsView.swift */; };
		8E6A8A8D2275E113001DE3D2 /* WeaponCharacteristicsView.swift in Sources */ = {isa = PBXBuildFile; fileRef = 8E6A8A8C2275E113001DE3D2 /* WeaponCharacteristicsView.swift */; };
		8E7C402D22B7B72100AB2275 /* CredentialsView.swift in Sources */ = {isa = PBXBuildFile; fileRef = 8E7C402C22B7B72100AB2275 /* CredentialsView.swift */; };
		8E7C402F22B7B72B00AB2275 /* ProfileView.swift in Sources */ = {isa = PBXBuildFile; fileRef = 8E7C402E22B7B72B00AB2275 /* ProfileView.swift */; };
		8E7C403122B86B5900AB2275 /* CreateRoasterView.swift in Sources */ = {isa = PBXBuildFile; fileRef = 8E7C403022B86B5900AB2275 /* CreateRoasterView.swift */; };
		8E90E0A7226DEB230065BBFE /* ModelWeaponSelectionLayoutViewController.swift in Sources */ = {isa = PBXBuildFile; fileRef = 8E90E0A6226DEB230065BBFE /* ModelWeaponSelectionLayoutViewController.swift */; };
		8E90E0A9226DEB740065BBFE /* ModelWeaponSelectionViewController.swift in Sources */ = {isa = PBXBuildFile; fileRef = 8E90E0A8226DEB740065BBFE /* ModelWeaponSelectionViewController.swift */; };
		8E90E0AB226DEB930065BBFE /* ModelWeaponSelectionView.swift in Sources */ = {isa = PBXBuildFile; fileRef = 8E90E0AA226DEB930065BBFE /* ModelWeaponSelectionView.swift */; };
		8E90E0AD226DEC4A0065BBFE /* ModelWeaponSelectionInteractor.swift in Sources */ = {isa = PBXBuildFile; fileRef = 8E90E0AC226DEC4A0065BBFE /* ModelWeaponSelectionInteractor.swift */; };
		8E90E0AF226DEC5F0065BBFE /* ModelWeaponSelectionViewOutput.swift in Sources */ = {isa = PBXBuildFile; fileRef = 8E90E0AE226DEC5F0065BBFE /* ModelWeaponSelectionViewOutput.swift */; };
		8E90E0B1226DEC7A0065BBFE /* ModelWeaponSelectionPresenter.swift in Sources */ = {isa = PBXBuildFile; fileRef = 8E90E0B0226DEC7A0065BBFE /* ModelWeaponSelectionPresenter.swift */; };
		8E90E0B3226DEC8C0065BBFE /* ModelWeaponSelectionInteractorOutput.swift in Sources */ = {isa = PBXBuildFile; fileRef = 8E90E0B2226DEC8C0065BBFE /* ModelWeaponSelectionInteractorOutput.swift */; };
		8E90E0B5226DECE90065BBFE /* ModelWeaponSelectionBuilder.swift in Sources */ = {isa = PBXBuildFile; fileRef = 8E90E0B4226DECE90065BBFE /* ModelWeaponSelectionBuilder.swift */; };
		8E90E0BA226DEF750065BBFE /* SingleLabelWithActionButtonTableViewCell.swift in Sources */ = {isa = PBXBuildFile; fileRef = 8E90E0B9226DEF750065BBFE /* SingleLabelWithActionButtonTableViewCell.swift */; };
		8E97AFE722BBB1AB009D08AE /* EditModelView.swift in Sources */ = {isa = PBXBuildFile; fileRef = 8E97AFE622BBB1AB009D08AE /* EditModelView.swift */; };
		8E97AFE922BBB361009D08AE /* WeaponResponse+Identifiable.swift in Sources */ = {isa = PBXBuildFile; fileRef = 8E97AFE822BBB361009D08AE /* WeaponResponse+Identifiable.swift */; };
		8E97AFEB22BBB6F8009D08AE /* WeaponRow.swift in Sources */ = {isa = PBXBuildFile; fileRef = 8E97AFEA22BBB6F8009D08AE /* WeaponRow.swift */; };
		8EAEB933227CB9680047BB61 /* RulesView.swift in Sources */ = {isa = PBXBuildFile; fileRef = 8EAEB932227CB9680047BB61 /* RulesView.swift */; };
		8EAEBBA4227CC6260047BB61 /* RoasterSelectedDetachmentCollectionViewCell.swift in Sources */ = {isa = PBXBuildFile; fileRef = 8EAEBBA3227CC6260047BB61 /* RoasterSelectedDetachmentCollectionViewCell.swift */; };
		8EAEBBA6227CD2B80047BB61 /* RoasterSelectionBaseCollectionViewCell.swift in Sources */ = {isa = PBXBuildFile; fileRef = 8EAEBBA5227CD2B80047BB61 /* RoasterSelectionBaseCollectionViewCell.swift */; };
		8EAEBBA8227CD50A0047BB61 /* DetachmentHeaderView.swift in Sources */ = {isa = PBXBuildFile; fileRef = 8EAEBBA7227CD50A0047BB61 /* DetachmentHeaderView.swift */; };
		8EC084A522B7067500554850 /* RoastersView.swift in Sources */ = {isa = PBXBuildFile; fileRef = 8EC084A422B7067500554850 /* RoastersView.swift */; };
		8EC084A722B7201600554850 /* SceneDelegate.swift in Sources */ = {isa = PBXBuildFile; fileRef = 8EC084A622B7201600554850 /* SceneDelegate.swift */; };
		8EC084A922B72BE900554850 /* AccountView.swift in Sources */ = {isa = PBXBuildFile; fileRef = 8EC084A822B72BE900554850 /* AccountView.swift */; };
		8EC084AB22B72C7700554850 /* RoasterRow.swift in Sources */ = {isa = PBXBuildFile; fileRef = 8EC084AA22B72C7700554850 /* RoasterRow.swift */; };
		8EC084AE22B72EE100554850 /* RoasterResponse+Identifiable.swift in Sources */ = {isa = PBXBuildFile; fileRef = 8EC084AD22B72EE100554850 /* RoasterResponse+Identifiable.swift */; };
		8ECBE7292271645F006917CA /* RoasterDetachmentUpdateDelegate.swift in Sources */ = {isa = PBXBuildFile; fileRef = 8ECBE7282271645F006917CA /* RoasterDetachmentUpdateDelegate.swift */; };
		8ED7EDFF22748EEE00A21A38 /* RoasterViewerView.swift in Sources */ = {isa = PBXBuildFile; fileRef = 8ED7EDFE22748EEE00A21A38 /* RoasterViewerView.swift */; };
		8ED7EE0122748F0200A21A38 /* RoasterViewerLayoutViewController.swift in Sources */ = {isa = PBXBuildFile; fileRef = 8ED7EE0022748F0200A21A38 /* RoasterViewerLayoutViewController.swift */; };
		8ED7EE0322748F2200A21A38 /* RoasterViewerViewController.swift in Sources */ = {isa = PBXBuildFile; fileRef = 8ED7EE0222748F2200A21A38 /* RoasterViewerViewController.swift */; };
		8ED7EE0522748F6200A21A38 /* RoasterViewerInteractor.swift in Sources */ = {isa = PBXBuildFile; fileRef = 8ED7EE0422748F6200A21A38 /* RoasterViewerInteractor.swift */; };
		8ED7EE0722748F7900A21A38 /* RoasterViewerViewOutput.swift in Sources */ = {isa = PBXBuildFile; fileRef = 8ED7EE0622748F7900A21A38 /* RoasterViewerViewOutput.swift */; };
		8ED7EE0922748F9100A21A38 /* RoasterViewerPresenter.swift in Sources */ = {isa = PBXBuildFile; fileRef = 8ED7EE0822748F9100A21A38 /* RoasterViewerPresenter.swift */; };
		8ED7EE0B22748FAA00A21A38 /* RoasterViewerInteractorOutput.swift in Sources */ = {isa = PBXBuildFile; fileRef = 8ED7EE0A22748FAA00A21A38 /* RoasterViewerInteractorOutput.swift */; };
		8ED7EE0D22748FC300A21A38 /* RoasterViewerRouter.swift in Sources */ = {isa = PBXBuildFile; fileRef = 8ED7EE0C22748FC300A21A38 /* RoasterViewerRouter.swift */; };
		8ED7EE0F22748FD200A21A38 /* RoasterViewerBuilder.swift in Sources */ = {isa = PBXBuildFile; fileRef = 8ED7EE0E22748FD200A21A38 /* RoasterViewerBuilder.swift */; };
		8ED7EE132274983800A21A38 /* RoasterSelectedModelCollectionViewCell.swift in Sources */ = {isa = PBXBuildFile; fileRef = 8ED7EE122274983800A21A38 /* RoasterSelectedModelCollectionViewCell.swift */; };
		8ED7EE152274A2F700A21A38 /* UICollectionView+IdentifiableView.swift in Sources */ = {isa = PBXBuildFile; fileRef = 8ED7EE142274A2F700A21A38 /* UICollectionView+IdentifiableView.swift */; };
		8ED9AA9322B6957B00455FD8 /* RoasterHammer-Shared in Frameworks */ = {isa = PBXBuildFile; productRef = 8ED9AA9222B6957B00455FD8 /* RoasterHammer-Shared */; };
		8ED9AA9622B6958C00455FD8 /* Alamofire in Frameworks */ = {isa = PBXBuildFile; productRef = 8ED9AA9522B6958C00455FD8 /* Alamofire */; };
		8EE0A2722257C95600CA703B /* TableViewHeaderLabelWithAddButton.swift in Sources */ = {isa = PBXBuildFile; fileRef = 8EE0A2712257C95600CA703B /* TableViewHeaderLabelWithAddButton.swift */; };
		8EE0A274225BE60300CA703B /* TableViewHeaderLabel.swift in Sources */ = {isa = PBXBuildFile; fileRef = 8EE0A273225BE60300CA703B /* TableViewHeaderLabel.swift */; };
		8EE227B822235FAE00DF0D72 /* AppDelegate.swift in Sources */ = {isa = PBXBuildFile; fileRef = 8EE227B722235FAE00DF0D72 /* AppDelegate.swift */; };
		8EE227BF22235FB000DF0D72 /* Assets.xcassets in Resources */ = {isa = PBXBuildFile; fileRef = 8EE227BE22235FB000DF0D72 /* Assets.xcassets */; };
		8EE227C222235FB000DF0D72 /* LaunchScreen.storyboard in Resources */ = {isa = PBXBuildFile; fileRef = 8EE227C022235FB000DF0D72 /* LaunchScreen.storyboard */; };
		8EE227CD22235FB000DF0D72 /* RoasterHammerTests.swift in Sources */ = {isa = PBXBuildFile; fileRef = 8EE227CC22235FB000DF0D72 /* RoasterHammerTests.swift */; };
		8EE4E39B2235B2020043BDD7 /* UnitsViewOutput.swift in Sources */ = {isa = PBXBuildFile; fileRef = 8EE4E39A2235B2020043BDD7 /* UnitsViewOutput.swift */; };
		8EE4E39D2235B2130043BDD7 /* UnitsInteractor.swift in Sources */ = {isa = PBXBuildFile; fileRef = 8EE4E39C2235B2130043BDD7 /* UnitsInteractor.swift */; };
		8EE4E3A32235B2A30043BDD7 /* UnitsBuilder.swift in Sources */ = {isa = PBXBuildFile; fileRef = 8EE4E3A22235B2A30043BDD7 /* UnitsBuilder.swift */; };
		8EE4EAF72235B6FF0043BDD7 /* UnitDataManager.swift in Sources */ = {isa = PBXBuildFile; fileRef = 8EE4EAF62235B6FF0043BDD7 /* UnitDataManager.swift */; };
		8EE4EAF92235B7950043BDD7 /* QueryItemConvertible.swift in Sources */ = {isa = PBXBuildFile; fileRef = 8EE4EAF82235B7950043BDD7 /* QueryItemConvertible.swift */; };
		8EFA0263222DC7BB00DAE956 /* ArmyDataManager.swift in Sources */ = {isa = PBXBuildFile; fileRef = 8EFA0262222DC7BB00DAE956 /* ArmyDataManager.swift */; };
		8EFA04E22231AC6E00DAE956 /* AccountViewOutput.swift in Sources */ = {isa = PBXBuildFile; fileRef = 8EFA04E12231AC6E00DAE956 /* AccountViewOutput.swift */; };
		8EFA04E42231AC7B00DAE956 /* AccountInteractor.swift in Sources */ = {isa = PBXBuildFile; fileRef = 8EFA04E32231AC7B00DAE956 /* AccountInteractor.swift */; };
		8EFA04EC2231ADEB00DAE956 /* AccountBuilder.swift in Sources */ = {isa = PBXBuildFile; fileRef = 8EFA04EB2231ADEB00DAE956 /* AccountBuilder.swift */; };
		8EFAF0462224AAB200DAE956 /* UIView+Autolayout.swift in Sources */ = {isa = PBXBuildFile; fileRef = 8EFAF0452224AAB200DAE956 /* UIView+Autolayout.swift */; };
		8EFAF5272225F9AE00DAE956 /* JSONDecodingError.swift in Sources */ = {isa = PBXBuildFile; fileRef = 8EFAF5262225F9AE00DAE956 /* JSONDecodingError.swift */; };
		8EFAF52A2225FB8300DAE956 /* String+Encoding.swift in Sources */ = {isa = PBXBuildFile; fileRef = 8EFAF5292225FB8300DAE956 /* String+Encoding.swift */; };
		8EFAF52F2226009F00DAE956 /* AccountDataStore.swift in Sources */ = {isa = PBXBuildFile; fileRef = 8EFAF52E2226009F00DAE956 /* AccountDataStore.swift */; };
		8EFAF531222600C300DAE956 /* Storable.swift in Sources */ = {isa = PBXBuildFile; fileRef = 8EFAF530222600C300DAE956 /* Storable.swift */; };
		8EFAF5332226011000DAE956 /* UserDefaultStore.swift in Sources */ = {isa = PBXBuildFile; fileRef = 8EFAF5322226011000DAE956 /* UserDefaultStore.swift */; };
		8EFAF54B22284E9F00DAE956 /* FeatureFactory.swift in Sources */ = {isa = PBXBuildFile; fileRef = 8EFAF54A22284E9F00DAE956 /* FeatureFactory.swift */; };
		8EFAF54D22284EBD00DAE956 /* DependencyManager.swift in Sources */ = {isa = PBXBuildFile; fileRef = 8EFAF54C22284EBD00DAE956 /* DependencyManager.swift */; };
		8EFAF54F22284ECF00DAE956 /* RoasterHammerDependencyManager.swift in Sources */ = {isa = PBXBuildFile; fileRef = 8EFAF54E22284ECF00DAE956 /* RoasterHammerDependencyManager.swift */; };
		8EFAF5602228575C00DAE956 /* Alerter.swift in Sources */ = {isa = PBXBuildFile; fileRef = 8EFAF55F2228575C00DAE956 /* Alerter.swift */; };
		8EFAF56522285B2700DAE956 /* BaseViewController.swift in Sources */ = {isa = PBXBuildFile; fileRef = 8EFAF56422285B2700DAE956 /* BaseViewController.swift */; };
		8EFAF56A22285D1400DAE956 /* RoastersBuilder.swift in Sources */ = {isa = PBXBuildFile; fileRef = 8EFAF56922285D1400DAE956 /* RoastersBuilder.swift */; };
		8EFAF56D2228750200DAE956 /* RoastersViewOutput.swift in Sources */ = {isa = PBXBuildFile; fileRef = 8EFAF56C2228750200DAE956 /* RoastersViewOutput.swift */; };
		8EFAF56F2228752F00DAE956 /* RoastersInteractor.swift in Sources */ = {isa = PBXBuildFile; fileRef = 8EFAF56E2228752F00DAE956 /* RoastersInteractor.swift */; };
		8EFAFD452228A50200DAE956 /* SingleLabelTableViewCell.swift in Sources */ = {isa = PBXBuildFile; fileRef = 8EFAFD442228A50100DAE956 /* SingleLabelTableViewCell.swift */; };
		8EFAFD472228A55000DAE956 /* IdentifiableView.swift in Sources */ = {isa = PBXBuildFile; fileRef = 8EFAFD462228A55000DAE956 /* IdentifiableView.swift */; };
		8EFAFD492228A61700DAE956 /* UITableView+IdentifiableView.swift in Sources */ = {isa = PBXBuildFile; fileRef = 8EFAFD482228A61700DAE956 /* UITableView+IdentifiableView.swift */; };
		8EFAFD4B2228A8E900DAE956 /* GameDataManager.swift in Sources */ = {isa = PBXBuildFile; fileRef = 8EFAFD4A2228A8E900DAE956 /* GameDataManager.swift */; };
		8EFAFD4F2228A96300DAE956 /* ResponseHandling.swift in Sources */ = {isa = PBXBuildFile; fileRef = 8EFAFD4E2228A96300DAE956 /* ResponseHandling.swift */; };
		8EFAFD512228A9CB00DAE956 /* HTTPEnvironment.swift in Sources */ = {isa = PBXBuildFile; fileRef = 8EFAFD502228A9CB00DAE956 /* HTTPEnvironment.swift */; };
		8EFAFD542228AA0800DAE956 /* HTTPEnvironmentManager.swift in Sources */ = {isa = PBXBuildFile; fileRef = 8EFAFD532228AA0800DAE956 /* HTTPEnvironmentManager.swift */; };
		8EFAFD562228AA3B00DAE956 /* HTTPRequest.swift in Sources */ = {isa = PBXBuildFile; fileRef = 8EFAFD552228AA3B00DAE956 /* HTTPRequest.swift */; };
		8EFAFD582228AA5600DAE956 /* HTTPMethod.swift in Sources */ = {isa = PBXBuildFile; fileRef = 8EFAFD572228AA5600DAE956 /* HTTPMethod.swift */; };
		8EFAFD5A2228AAB200DAE956 /* Dictionary+Utils.swift in Sources */ = {isa = PBXBuildFile; fileRef = 8EFAFD592228AAB200DAE956 /* Dictionary+Utils.swift */; };
		8EFAFD5C2228AAF900DAE956 /* HTTPClient.swift in Sources */ = {isa = PBXBuildFile; fileRef = 8EFAFD5B2228AAF900DAE956 /* HTTPClient.swift */; };
		8EFAFD5E2228AB1D00DAE956 /* AlamofireHTTPClient.swift in Sources */ = {isa = PBXBuildFile; fileRef = 8EFAFD5D2228AB1D00DAE956 /* AlamofireHTTPClient.swift */; };
		8EFAFD602228ABDE00DAE956 /* RoasterHammerEnvironmentManager.swift in Sources */ = {isa = PBXBuildFile; fileRef = 8EFAFD5F2228ABDE00DAE956 /* RoasterHammerEnvironmentManager.swift */; };
		8EFAFD632228AEF400DAE956 /* FeatureBuilderBase.swift in Sources */ = {isa = PBXBuildFile; fileRef = 8EFAFD622228AEF400DAE956 /* FeatureBuilderBase.swift */; };
		8EFAFFD72229BEDE00DAE956 /* BaseDataManager.swift in Sources */ = {isa = PBXBuildFile; fileRef = 8EFAFFD62229BEDE00DAE956 /* BaseDataManager.swift */; };
		8EFAFFDA2229C10B00DAE956 /* RoasterHammerError.swift in Sources */ = {isa = PBXBuildFile; fileRef = 8EFAFFD92229C10B00DAE956 /* RoasterHammerError.swift */; };
		8EFAFFE8222DC4B400DAE956 /* ArmiesViewOutput.swift in Sources */ = {isa = PBXBuildFile; fileRef = 8EFAFFE7222DC4B400DAE956 /* ArmiesViewOutput.swift */; };
		8EFAFFEA222DC4C200DAE956 /* ArmiesInteractor.swift in Sources */ = {isa = PBXBuildFile; fileRef = 8EFAFFE9222DC4C200DAE956 /* ArmiesInteractor.swift */; };
		8EFAFFF0222DC53100DAE956 /* ArmiesBuilder.swift in Sources */ = {isa = PBXBuildFile; fileRef = 8EFAFFEF222DC53100DAE956 /* ArmiesBuilder.swift */; };
		8EFCBD7022BBE0780044E726 /* IfLetView.swift in Sources */ = {isa = PBXBuildFile; fileRef = 8EFCBD6F22BBE0780044E726 /* IfLetView.swift */; };
		8EFCBD7222BBE3BE0044E726 /* PsychicPowerResponse+Identifiable.swift in Sources */ = {isa = PBXBuildFile; fileRef = 8EFCBD7122BBE3BE0044E726 /* PsychicPowerResponse+Identifiable.swift */; };
/* End PBXBuildFile section */

/* Begin PBXContainerItemProxy section */
		8EE227C922235FB000DF0D72 /* PBXContainerItemProxy */ = {
			isa = PBXContainerItemProxy;
			containerPortal = 8EE227AC22235FAE00DF0D72 /* Project object */;
			proxyType = 1;
			remoteGlobalIDString = 8EE227B322235FAE00DF0D72;
			remoteInfo = RoasterHammer;
		};
/* End PBXContainerItemProxy section */

/* Begin PBXFileReference section */
		8E03FC4C2248277200A39ABF /* EditUnitBuilder.swift */ = {isa = PBXFileReference; lastKnownFileType = sourcecode.swift; path = EditUnitBuilder.swift; sourceTree = "<group>"; };
		8E0DF9F122BA5D5D00B752E4 /* EditUnitView.swift */ = {isa = PBXFileReference; lastKnownFileType = sourcecode.swift; path = EditUnitView.swift; sourceTree = "<group>"; };
		8E0DF9F322BA668200B752E4 /* SelectedModelResponse+Identifiable.swift */ = {isa = PBXFileReference; lastKnownFileType = sourcecode.swift; path = "SelectedModelResponse+Identifiable.swift"; sourceTree = "<group>"; };
		8E0F5226224ACFEC0077D859 /* Array+Utils.swift */ = {isa = PBXFileReference; lastKnownFileType = sourcecode.swift; path = "Array+Utils.swift"; sourceTree = "<group>"; };
		8E19B33B222D5A98003F10FA /* DetachmentTypeViewOutput.swift */ = {isa = PBXFileReference; lastKnownFileType = sourcecode.swift; path = DetachmentTypeViewOutput.swift; sourceTree = "<group>"; };
		8E19B33D222D5AC4003F10FA /* DetachmentTypeInteractor.swift */ = {isa = PBXFileReference; lastKnownFileType = sourcecode.swift; path = DetachmentTypeInteractor.swift; sourceTree = "<group>"; };
		8E19B343222D5B52003F10FA /* DetachmentTypeBuilder.swift */ = {isa = PBXFileReference; lastKnownFileType = sourcecode.swift; path = DetachmentTypeBuilder.swift; sourceTree = "<group>"; };
		8E19B5B4222D6383003F10FA /* DetachmentDataManager.swift */ = {isa = PBXFileReference; lastKnownFileType = sourcecode.swift; path = DetachmentDataManager.swift; sourceTree = "<group>"; };
		8E19D7EA222AB69E00051784 /* GameDataStore.swift */ = {isa = PBXFileReference; lastKnownFileType = sourcecode.swift; path = GameDataStore.swift; sourceTree = "<group>"; };
		8E19D7EC222ABA2900051784 /* RoasterDataManager.swift */ = {isa = PBXFileReference; lastKnownFileType = sourcecode.swift; path = RoasterDataManager.swift; sourceTree = "<group>"; };
		8E19E6B7222B36F200051784 /* RoasterViewOutput.swift */ = {isa = PBXFileReference; lastKnownFileType = sourcecode.swift; path = RoasterViewOutput.swift; sourceTree = "<group>"; };
		8E19E6B9222B370900051784 /* RoasterInteractor.swift */ = {isa = PBXFileReference; lastKnownFileType = sourcecode.swift; path = RoasterInteractor.swift; sourceTree = "<group>"; };
		8E19E6C1222B37AC00051784 /* RoasterBuilder.swift */ = {isa = PBXFileReference; lastKnownFileType = sourcecode.swift; path = RoasterBuilder.swift; sourceTree = "<group>"; };
		8E2711BA226E62BE00EDFBD1 /* WeaponResponse+Equatable.swift */ = {isa = PBXFileReference; lastKnownFileType = sourcecode.swift; path = "WeaponResponse+Equatable.swift"; sourceTree = "<group>"; };
		8E2711BD226E64DD00EDFBD1 /* ArrayUtilsTests.swift */ = {isa = PBXFileReference; lastKnownFileType = sourcecode.swift; path = ArrayUtilsTests.swift; sourceTree = "<group>"; };
		8E2724AF22B9077000534449 /* RoasterUI.swift */ = {isa = PBXFileReference; lastKnownFileType = sourcecode.swift; path = RoasterUI.swift; sourceTree = "<group>"; };
		8E2724B122B90AB100534449 /* DetachmentResponse+Identifiable.swift */ = {isa = PBXFileReference; lastKnownFileType = sourcecode.swift; path = "DetachmentResponse+Identifiable.swift"; sourceTree = "<group>"; };
		8E2724B322B90BFF00534449 /* DetachmentTypesView.swift */ = {isa = PBXFileReference; lastKnownFileType = sourcecode.swift; path = DetachmentTypesView.swift; sourceTree = "<group>"; };
		8E2724B722B90F4200534449 /* ArmyResponse+Identifiable.swift */ = {isa = PBXFileReference; lastKnownFileType = sourcecode.swift; path = "ArmyResponse+Identifiable.swift"; sourceTree = "<group>"; };
		8E2724B922B90FCE00534449 /* ArmiesView.swift */ = {isa = PBXFileReference; lastKnownFileType = sourcecode.swift; path = ArmiesView.swift; sourceTree = "<group>"; };
		8E311B702225793A00C58DBF /* HTTPResponse.swift */ = {isa = PBXFileReference; lastKnownFileType = sourcecode.swift; path = HTTPResponse.swift; sourceTree = "<group>"; };
		8E311B7322257A5F00C58DBF /* AccountDataManager.swift */ = {isa = PBXFileReference; lastKnownFileType = sourcecode.swift; path = AccountDataManager.swift; sourceTree = "<group>"; };
		8E36450C22B967D700ED227E /* RoleResponse+Identifiable.swift */ = {isa = PBXFileReference; lastKnownFileType = sourcecode.swift; path = "RoleResponse+Identifiable.swift"; sourceTree = "<group>"; };
		8E36450E22B9680600ED227E /* SelectedUnitResponse+Identifiable.swift */ = {isa = PBXFileReference; lastKnownFileType = sourcecode.swift; path = "SelectedUnitResponse+Identifiable.swift"; sourceTree = "<group>"; };
		8E36451322B977D100ED227E /* UnitsView.swift */ = {isa = PBXFileReference; lastKnownFileType = sourcecode.swift; path = UnitsView.swift; sourceTree = "<group>"; };
		8E36451522B97A4E00ED227E /* UnitResponse+Identifiable.swift */ = {isa = PBXFileReference; lastKnownFileType = sourcecode.swift; path = "UnitResponse+Identifiable.swift"; sourceTree = "<group>"; };
		8E36451822B9A3F400ED227E /* DetachmentResponse+Utils.swift */ = {isa = PBXFileReference; lastKnownFileType = sourcecode.swift; path = "DetachmentResponse+Utils.swift"; sourceTree = "<group>"; };
		8E36451A22BA7D0700ED227E /* HeaderAndNavigationButtonHeader.swift */ = {isa = PBXFileReference; lastKnownFileType = sourcecode.swift; path = HeaderAndNavigationButtonHeader.swift; sourceTree = "<group>"; };
		8E36451C22BA7D7600ED227E /* HeaderAndActionButtonHeader.swift */ = {isa = PBXFileReference; lastKnownFileType = sourcecode.swift; path = HeaderAndActionButtonHeader.swift; sourceTree = "<group>"; };
		8E646CE52224FA4800599834 /* JSONDecoder+Data.swift */ = {isa = PBXFileReference; lastKnownFileType = sourcecode.swift; path = "JSONDecoder+Data.swift"; sourceTree = "<group>"; };
		8E646CE72224FBB300599834 /* JSONConvertible.swift */ = {isa = PBXFileReference; lastKnownFileType = sourcecode.swift; path = JSONConvertible.swift; sourceTree = "<group>"; };
		8E6A8A882275E0D0001DE3D2 /* UnitHeaderView.swift */ = {isa = PBXFileReference; lastKnownFileType = sourcecode.swift; path = UnitHeaderView.swift; sourceTree = "<group>"; };
		8E6A8A8A2275E0EC001DE3D2 /* ModelCharacteristicsView.swift */ = {isa = PBXFileReference; lastKnownFileType = sourcecode.swift; path = ModelCharacteristicsView.swift; sourceTree = "<group>"; };
		8E6A8A8C2275E113001DE3D2 /* WeaponCharacteristicsView.swift */ = {isa = PBXFileReference; lastKnownFileType = sourcecode.swift; path = WeaponCharacteristicsView.swift; sourceTree = "<group>"; };
		8E7C402C22B7B72100AB2275 /* CredentialsView.swift */ = {isa = PBXFileReference; lastKnownFileType = sourcecode.swift; path = CredentialsView.swift; sourceTree = "<group>"; };
		8E7C402E22B7B72B00AB2275 /* ProfileView.swift */ = {isa = PBXFileReference; lastKnownFileType = sourcecode.swift; path = ProfileView.swift; sourceTree = "<group>"; };
		8E7C403022B86B5900AB2275 /* CreateRoasterView.swift */ = {isa = PBXFileReference; lastKnownFileType = sourcecode.swift; path = CreateRoasterView.swift; sourceTree = "<group>"; };
		8E90E0A6226DEB230065BBFE /* ModelWeaponSelectionLayoutViewController.swift */ = {isa = PBXFileReference; lastKnownFileType = sourcecode.swift; path = ModelWeaponSelectionLayoutViewController.swift; sourceTree = "<group>"; };
		8E90E0A8226DEB740065BBFE /* ModelWeaponSelectionViewController.swift */ = {isa = PBXFileReference; lastKnownFileType = sourcecode.swift; path = ModelWeaponSelectionViewController.swift; sourceTree = "<group>"; };
		8E90E0AA226DEB930065BBFE /* ModelWeaponSelectionView.swift */ = {isa = PBXFileReference; lastKnownFileType = sourcecode.swift; path = ModelWeaponSelectionView.swift; sourceTree = "<group>"; };
		8E90E0AC226DEC4A0065BBFE /* ModelWeaponSelectionInteractor.swift */ = {isa = PBXFileReference; lastKnownFileType = sourcecode.swift; path = ModelWeaponSelectionInteractor.swift; sourceTree = "<group>"; };
		8E90E0AE226DEC5F0065BBFE /* ModelWeaponSelectionViewOutput.swift */ = {isa = PBXFileReference; lastKnownFileType = sourcecode.swift; path = ModelWeaponSelectionViewOutput.swift; sourceTree = "<group>"; };
		8E90E0B0226DEC7A0065BBFE /* ModelWeaponSelectionPresenter.swift */ = {isa = PBXFileReference; lastKnownFileType = sourcecode.swift; path = ModelWeaponSelectionPresenter.swift; sourceTree = "<group>"; };
		8E90E0B2226DEC8C0065BBFE /* ModelWeaponSelectionInteractorOutput.swift */ = {isa = PBXFileReference; lastKnownFileType = sourcecode.swift; path = ModelWeaponSelectionInteractorOutput.swift; sourceTree = "<group>"; };
		8E90E0B4226DECE90065BBFE /* ModelWeaponSelectionBuilder.swift */ = {isa = PBXFileReference; lastKnownFileType = sourcecode.swift; path = ModelWeaponSelectionBuilder.swift; sourceTree = "<group>"; };
		8E90E0B9226DEF750065BBFE /* SingleLabelWithActionButtonTableViewCell.swift */ = {isa = PBXFileReference; lastKnownFileType = sourcecode.swift; path = SingleLabelWithActionButtonTableViewCell.swift; sourceTree = "<group>"; };
		8E97AFE622BBB1AB009D08AE /* EditModelView.swift */ = {isa = PBXFileReference; lastKnownFileType = sourcecode.swift; path = EditModelView.swift; sourceTree = "<group>"; };
		8E97AFE822BBB361009D08AE /* WeaponResponse+Identifiable.swift */ = {isa = PBXFileReference; lastKnownFileType = sourcecode.swift; path = "WeaponResponse+Identifiable.swift"; sourceTree = "<group>"; };
		8E97AFEA22BBB6F8009D08AE /* WeaponRow.swift */ = {isa = PBXFileReference; lastKnownFileType = sourcecode.swift; path = WeaponRow.swift; sourceTree = "<group>"; };
		8EAEB932227CB9680047BB61 /* RulesView.swift */ = {isa = PBXFileReference; lastKnownFileType = sourcecode.swift; path = RulesView.swift; sourceTree = "<group>"; };
		8EAEBBA3227CC6260047BB61 /* RoasterSelectedDetachmentCollectionViewCell.swift */ = {isa = PBXFileReference; lastKnownFileType = sourcecode.swift; path = RoasterSelectedDetachmentCollectionViewCell.swift; sourceTree = "<group>"; };
		8EAEBBA5227CD2B80047BB61 /* RoasterSelectionBaseCollectionViewCell.swift */ = {isa = PBXFileReference; lastKnownFileType = sourcecode.swift; path = RoasterSelectionBaseCollectionViewCell.swift; sourceTree = "<group>"; };
		8EAEBBA7227CD50A0047BB61 /* DetachmentHeaderView.swift */ = {isa = PBXFileReference; lastKnownFileType = sourcecode.swift; path = DetachmentHeaderView.swift; sourceTree = "<group>"; };
		8EC084A422B7067500554850 /* RoastersView.swift */ = {isa = PBXFileReference; lastKnownFileType = sourcecode.swift; path = RoastersView.swift; sourceTree = "<group>"; };
		8EC084A622B7201600554850 /* SceneDelegate.swift */ = {isa = PBXFileReference; lastKnownFileType = sourcecode.swift; path = SceneDelegate.swift; sourceTree = "<group>"; };
		8EC084A822B72BE900554850 /* AccountView.swift */ = {isa = PBXFileReference; lastKnownFileType = sourcecode.swift; path = AccountView.swift; sourceTree = "<group>"; };
		8EC084AA22B72C7700554850 /* RoasterRow.swift */ = {isa = PBXFileReference; lastKnownFileType = sourcecode.swift; path = RoasterRow.swift; sourceTree = "<group>"; };
		8EC084AD22B72EE100554850 /* RoasterResponse+Identifiable.swift */ = {isa = PBXFileReference; lastKnownFileType = sourcecode.swift; path = "RoasterResponse+Identifiable.swift"; sourceTree = "<group>"; };
		8ECBE7282271645F006917CA /* RoasterDetachmentUpdateDelegate.swift */ = {isa = PBXFileReference; lastKnownFileType = sourcecode.swift; path = RoasterDetachmentUpdateDelegate.swift; sourceTree = "<group>"; };
		8ED7EDFE22748EEE00A21A38 /* RoasterViewerView.swift */ = {isa = PBXFileReference; lastKnownFileType = sourcecode.swift; path = RoasterViewerView.swift; sourceTree = "<group>"; };
		8ED7EE0022748F0200A21A38 /* RoasterViewerLayoutViewController.swift */ = {isa = PBXFileReference; lastKnownFileType = sourcecode.swift; path = RoasterViewerLayoutViewController.swift; sourceTree = "<group>"; };
		8ED7EE0222748F2200A21A38 /* RoasterViewerViewController.swift */ = {isa = PBXFileReference; lastKnownFileType = sourcecode.swift; path = RoasterViewerViewController.swift; sourceTree = "<group>"; };
		8ED7EE0422748F6200A21A38 /* RoasterViewerInteractor.swift */ = {isa = PBXFileReference; lastKnownFileType = sourcecode.swift; path = RoasterViewerInteractor.swift; sourceTree = "<group>"; };
		8ED7EE0622748F7900A21A38 /* RoasterViewerViewOutput.swift */ = {isa = PBXFileReference; lastKnownFileType = sourcecode.swift; path = RoasterViewerViewOutput.swift; sourceTree = "<group>"; };
		8ED7EE0822748F9100A21A38 /* RoasterViewerPresenter.swift */ = {isa = PBXFileReference; lastKnownFileType = sourcecode.swift; path = RoasterViewerPresenter.swift; sourceTree = "<group>"; };
		8ED7EE0A22748FAA00A21A38 /* RoasterViewerInteractorOutput.swift */ = {isa = PBXFileReference; lastKnownFileType = sourcecode.swift; path = RoasterViewerInteractorOutput.swift; sourceTree = "<group>"; };
		8ED7EE0C22748FC300A21A38 /* RoasterViewerRouter.swift */ = {isa = PBXFileReference; lastKnownFileType = sourcecode.swift; path = RoasterViewerRouter.swift; sourceTree = "<group>"; };
		8ED7EE0E22748FD200A21A38 /* RoasterViewerBuilder.swift */ = {isa = PBXFileReference; lastKnownFileType = sourcecode.swift; path = RoasterViewerBuilder.swift; sourceTree = "<group>"; };
		8ED7EE122274983800A21A38 /* RoasterSelectedModelCollectionViewCell.swift */ = {isa = PBXFileReference; lastKnownFileType = sourcecode.swift; name = RoasterSelectedModelCollectionViewCell.swift; path = ../RoasterSelectedModelCollectionViewCell.swift; sourceTree = "<group>"; };
		8ED7EE142274A2F700A21A38 /* UICollectionView+IdentifiableView.swift */ = {isa = PBXFileReference; lastKnownFileType = sourcecode.swift; path = "UICollectionView+IdentifiableView.swift"; sourceTree = "<group>"; };
		8EE0A2712257C95600CA703B /* TableViewHeaderLabelWithAddButton.swift */ = {isa = PBXFileReference; lastKnownFileType = sourcecode.swift; path = TableViewHeaderLabelWithAddButton.swift; sourceTree = "<group>"; };
		8EE0A273225BE60300CA703B /* TableViewHeaderLabel.swift */ = {isa = PBXFileReference; lastKnownFileType = sourcecode.swift; path = TableViewHeaderLabel.swift; sourceTree = "<group>"; };
		8EE227B422235FAE00DF0D72 /* RoasterHammer.app */ = {isa = PBXFileReference; explicitFileType = wrapper.application; includeInIndex = 0; path = RoasterHammer.app; sourceTree = BUILT_PRODUCTS_DIR; };
		8EE227B722235FAE00DF0D72 /* AppDelegate.swift */ = {isa = PBXFileReference; lastKnownFileType = sourcecode.swift; path = AppDelegate.swift; sourceTree = "<group>"; };
		8EE227BE22235FB000DF0D72 /* Assets.xcassets */ = {isa = PBXFileReference; lastKnownFileType = folder.assetcatalog; path = Assets.xcassets; sourceTree = "<group>"; };
		8EE227C122235FB000DF0D72 /* Base */ = {isa = PBXFileReference; lastKnownFileType = file.storyboard; name = Base; path = Base.lproj/LaunchScreen.storyboard; sourceTree = "<group>"; };
		8EE227C322235FB000DF0D72 /* Info.plist */ = {isa = PBXFileReference; lastKnownFileType = text.plist.xml; path = Info.plist; sourceTree = "<group>"; };
		8EE227C822235FB000DF0D72 /* RoasterHammerTests.xctest */ = {isa = PBXFileReference; explicitFileType = wrapper.cfbundle; includeInIndex = 0; path = RoasterHammerTests.xctest; sourceTree = BUILT_PRODUCTS_DIR; };
		8EE227CC22235FB000DF0D72 /* RoasterHammerTests.swift */ = {isa = PBXFileReference; lastKnownFileType = sourcecode.swift; path = RoasterHammerTests.swift; sourceTree = "<group>"; };
		8EE227CE22235FB000DF0D72 /* Info.plist */ = {isa = PBXFileReference; lastKnownFileType = text.plist.xml; path = Info.plist; sourceTree = "<group>"; };
		8EE4E39A2235B2020043BDD7 /* UnitsViewOutput.swift */ = {isa = PBXFileReference; lastKnownFileType = sourcecode.swift; path = UnitsViewOutput.swift; sourceTree = "<group>"; };
		8EE4E39C2235B2130043BDD7 /* UnitsInteractor.swift */ = {isa = PBXFileReference; lastKnownFileType = sourcecode.swift; path = UnitsInteractor.swift; sourceTree = "<group>"; };
		8EE4E3A22235B2A30043BDD7 /* UnitsBuilder.swift */ = {isa = PBXFileReference; lastKnownFileType = sourcecode.swift; path = UnitsBuilder.swift; sourceTree = "<group>"; };
		8EE4EAF62235B6FF0043BDD7 /* UnitDataManager.swift */ = {isa = PBXFileReference; lastKnownFileType = sourcecode.swift; path = UnitDataManager.swift; sourceTree = "<group>"; };
		8EE4EAF82235B7950043BDD7 /* QueryItemConvertible.swift */ = {isa = PBXFileReference; lastKnownFileType = sourcecode.swift; path = QueryItemConvertible.swift; sourceTree = "<group>"; };
		8EFA0262222DC7BB00DAE956 /* ArmyDataManager.swift */ = {isa = PBXFileReference; lastKnownFileType = sourcecode.swift; path = ArmyDataManager.swift; sourceTree = "<group>"; };
		8EFA04E12231AC6E00DAE956 /* AccountViewOutput.swift */ = {isa = PBXFileReference; lastKnownFileType = sourcecode.swift; path = AccountViewOutput.swift; sourceTree = "<group>"; };
		8EFA04E32231AC7B00DAE956 /* AccountInteractor.swift */ = {isa = PBXFileReference; lastKnownFileType = sourcecode.swift; path = AccountInteractor.swift; sourceTree = "<group>"; };
		8EFA04EB2231ADEB00DAE956 /* AccountBuilder.swift */ = {isa = PBXFileReference; lastKnownFileType = sourcecode.swift; path = AccountBuilder.swift; sourceTree = "<group>"; };
		8EFAF0452224AAB200DAE956 /* UIView+Autolayout.swift */ = {isa = PBXFileReference; lastKnownFileType = sourcecode.swift; path = "UIView+Autolayout.swift"; sourceTree = "<group>"; };
		8EFAF5262225F9AE00DAE956 /* JSONDecodingError.swift */ = {isa = PBXFileReference; lastKnownFileType = sourcecode.swift; path = JSONDecodingError.swift; sourceTree = "<group>"; };
		8EFAF5292225FB8300DAE956 /* String+Encoding.swift */ = {isa = PBXFileReference; lastKnownFileType = sourcecode.swift; path = "String+Encoding.swift"; sourceTree = "<group>"; };
		8EFAF52E2226009F00DAE956 /* AccountDataStore.swift */ = {isa = PBXFileReference; lastKnownFileType = sourcecode.swift; path = AccountDataStore.swift; sourceTree = "<group>"; };
		8EFAF530222600C300DAE956 /* Storable.swift */ = {isa = PBXFileReference; lastKnownFileType = sourcecode.swift; path = Storable.swift; sourceTree = "<group>"; };
		8EFAF5322226011000DAE956 /* UserDefaultStore.swift */ = {isa = PBXFileReference; lastKnownFileType = sourcecode.swift; path = UserDefaultStore.swift; sourceTree = "<group>"; };
		8EFAF54A22284E9F00DAE956 /* FeatureFactory.swift */ = {isa = PBXFileReference; lastKnownFileType = sourcecode.swift; path = FeatureFactory.swift; sourceTree = "<group>"; };
		8EFAF54C22284EBD00DAE956 /* DependencyManager.swift */ = {isa = PBXFileReference; lastKnownFileType = sourcecode.swift; path = DependencyManager.swift; sourceTree = "<group>"; };
		8EFAF54E22284ECF00DAE956 /* RoasterHammerDependencyManager.swift */ = {isa = PBXFileReference; lastKnownFileType = sourcecode.swift; path = RoasterHammerDependencyManager.swift; sourceTree = "<group>"; };
		8EFAF55F2228575C00DAE956 /* Alerter.swift */ = {isa = PBXFileReference; lastKnownFileType = sourcecode.swift; path = Alerter.swift; sourceTree = "<group>"; };
		8EFAF56422285B2700DAE956 /* BaseViewController.swift */ = {isa = PBXFileReference; lastKnownFileType = sourcecode.swift; path = BaseViewController.swift; sourceTree = "<group>"; };
		8EFAF56922285D1400DAE956 /* RoastersBuilder.swift */ = {isa = PBXFileReference; lastKnownFileType = sourcecode.swift; path = RoastersBuilder.swift; sourceTree = "<group>"; };
		8EFAF56C2228750200DAE956 /* RoastersViewOutput.swift */ = {isa = PBXFileReference; lastKnownFileType = sourcecode.swift; path = RoastersViewOutput.swift; sourceTree = "<group>"; };
		8EFAF56E2228752F00DAE956 /* RoastersInteractor.swift */ = {isa = PBXFileReference; lastKnownFileType = sourcecode.swift; path = RoastersInteractor.swift; sourceTree = "<group>"; };
		8EFAFD442228A50100DAE956 /* SingleLabelTableViewCell.swift */ = {isa = PBXFileReference; lastKnownFileType = sourcecode.swift; path = SingleLabelTableViewCell.swift; sourceTree = "<group>"; };
		8EFAFD462228A55000DAE956 /* IdentifiableView.swift */ = {isa = PBXFileReference; lastKnownFileType = sourcecode.swift; path = IdentifiableView.swift; sourceTree = "<group>"; };
		8EFAFD482228A61700DAE956 /* UITableView+IdentifiableView.swift */ = {isa = PBXFileReference; lastKnownFileType = sourcecode.swift; path = "UITableView+IdentifiableView.swift"; sourceTree = "<group>"; };
		8EFAFD4A2228A8E900DAE956 /* GameDataManager.swift */ = {isa = PBXFileReference; lastKnownFileType = sourcecode.swift; path = GameDataManager.swift; sourceTree = "<group>"; };
		8EFAFD4E2228A96300DAE956 /* ResponseHandling.swift */ = {isa = PBXFileReference; lastKnownFileType = sourcecode.swift; path = ResponseHandling.swift; sourceTree = "<group>"; };
		8EFAFD502228A9CB00DAE956 /* HTTPEnvironment.swift */ = {isa = PBXFileReference; lastKnownFileType = sourcecode.swift; path = HTTPEnvironment.swift; sourceTree = "<group>"; };
		8EFAFD532228AA0800DAE956 /* HTTPEnvironmentManager.swift */ = {isa = PBXFileReference; fileEncoding = 4; lastKnownFileType = sourcecode.swift; path = HTTPEnvironmentManager.swift; sourceTree = "<group>"; };
		8EFAFD552228AA3B00DAE956 /* HTTPRequest.swift */ = {isa = PBXFileReference; fileEncoding = 4; lastKnownFileType = sourcecode.swift; path = HTTPRequest.swift; sourceTree = "<group>"; };
		8EFAFD572228AA5600DAE956 /* HTTPMethod.swift */ = {isa = PBXFileReference; fileEncoding = 4; lastKnownFileType = sourcecode.swift; path = HTTPMethod.swift; sourceTree = "<group>"; };
		8EFAFD592228AAB200DAE956 /* Dictionary+Utils.swift */ = {isa = PBXFileReference; lastKnownFileType = sourcecode.swift; path = "Dictionary+Utils.swift"; sourceTree = "<group>"; };
		8EFAFD5B2228AAF900DAE956 /* HTTPClient.swift */ = {isa = PBXFileReference; lastKnownFileType = sourcecode.swift; path = HTTPClient.swift; sourceTree = "<group>"; };
		8EFAFD5D2228AB1D00DAE956 /* AlamofireHTTPClient.swift */ = {isa = PBXFileReference; lastKnownFileType = sourcecode.swift; path = AlamofireHTTPClient.swift; sourceTree = "<group>"; };
		8EFAFD5F2228ABDE00DAE956 /* RoasterHammerEnvironmentManager.swift */ = {isa = PBXFileReference; lastKnownFileType = sourcecode.swift; path = RoasterHammerEnvironmentManager.swift; sourceTree = "<group>"; };
		8EFAFD622228AEF400DAE956 /* FeatureBuilderBase.swift */ = {isa = PBXFileReference; lastKnownFileType = sourcecode.swift; path = FeatureBuilderBase.swift; sourceTree = "<group>"; };
		8EFAFFD62229BEDE00DAE956 /* BaseDataManager.swift */ = {isa = PBXFileReference; lastKnownFileType = sourcecode.swift; path = BaseDataManager.swift; sourceTree = "<group>"; };
		8EFAFFD92229C10B00DAE956 /* RoasterHammerError.swift */ = {isa = PBXFileReference; lastKnownFileType = sourcecode.swift; path = RoasterHammerError.swift; sourceTree = "<group>"; };
		8EFAFFE7222DC4B400DAE956 /* ArmiesViewOutput.swift */ = {isa = PBXFileReference; lastKnownFileType = sourcecode.swift; path = ArmiesViewOutput.swift; sourceTree = "<group>"; };
		8EFAFFE9222DC4C200DAE956 /* ArmiesInteractor.swift */ = {isa = PBXFileReference; lastKnownFileType = sourcecode.swift; path = ArmiesInteractor.swift; sourceTree = "<group>"; };
		8EFAFFEF222DC53100DAE956 /* ArmiesBuilder.swift */ = {isa = PBXFileReference; lastKnownFileType = sourcecode.swift; path = ArmiesBuilder.swift; sourceTree = "<group>"; };
		8EFCBD6F22BBE0780044E726 /* IfLetView.swift */ = {isa = PBXFileReference; lastKnownFileType = sourcecode.swift; path = IfLetView.swift; sourceTree = "<group>"; };
		8EFCBD7122BBE3BE0044E726 /* PsychicPowerResponse+Identifiable.swift */ = {isa = PBXFileReference; lastKnownFileType = sourcecode.swift; path = "PsychicPowerResponse+Identifiable.swift"; sourceTree = "<group>"; };
/* End PBXFileReference section */

/* Begin PBXFrameworksBuildPhase section */
		8EE227B122235FAE00DF0D72 /* Frameworks */ = {
			isa = PBXFrameworksBuildPhase;
			buildActionMask = 2147483647;
			files = (
				8E36451222B96EDF00ED227E /* SFSafeSymbols in Frameworks */,
				8ED9AA9322B6957B00455FD8 /* RoasterHammer-Shared in Frameworks */,
				8ED9AA9622B6958C00455FD8 /* Alamofire in Frameworks */,
			);
			runOnlyForDeploymentPostprocessing = 0;
		};
		8EE227C522235FB000DF0D72 /* Frameworks */ = {
			isa = PBXFrameworksBuildPhase;
			buildActionMask = 2147483647;
			files = (
			);
			runOnlyForDeploymentPostprocessing = 0;
		};
/* End PBXFrameworksBuildPhase section */

/* Begin PBXGroup section */
		8E03FC39224825C000A39ABF /* Edit Unit */ = {
			isa = PBXGroup;
			children = (
				8E03FC3D224825D800A39ABF /* Builder */,
				8E03FC3A224825C900A39ABF /* View */,
			);
			path = "Edit Unit";
			sourceTree = "<group>";
		};
		8E03FC3A224825C900A39ABF /* View */ = {
			isa = PBXGroup;
			children = (
				8E0DF9F122BA5D5D00B752E4 /* EditUnitView.swift */,
			);
			path = View;
			sourceTree = "<group>";
		};
		8E03FC3D224825D800A39ABF /* Builder */ = {
			isa = PBXGroup;
			children = (
				8E03FC4C2248277200A39ABF /* EditUnitBuilder.swift */,
			);
			path = Builder;
			sourceTree = "<group>";
		};
		8E19B32F222D58C8003F10FA /* Detachment */ = {
			isa = PBXGroup;
			children = (
				8E19B330222D58D0003F10FA /* Detachment Types */,
			);
			path = Detachment;
			sourceTree = "<group>";
		};
		8E19B330222D58D0003F10FA /* Detachment Types */ = {
			isa = PBXGroup;
			children = (
				8E19B334222D59D6003F10FA /* Builder */,
				8E19B332222D58F2003F10FA /* Interactor */,
				8E19B331222D58EB003F10FA /* View */,
			);
			path = "Detachment Types";
			sourceTree = "<group>";
		};
		8E19B331222D58EB003F10FA /* View */ = {
			isa = PBXGroup;
			children = (
				8E2724B322B90BFF00534449 /* DetachmentTypesView.swift */,
			);
			path = View;
			sourceTree = "<group>";
		};
		8E19B332222D58F2003F10FA /* Interactor */ = {
			isa = PBXGroup;
			children = (
				8E19B33B222D5A98003F10FA /* DetachmentTypeViewOutput.swift */,
				8E19B33D222D5AC4003F10FA /* DetachmentTypeInteractor.swift */,
			);
			path = Interactor;
			sourceTree = "<group>";
		};
		8E19B334222D59D6003F10FA /* Builder */ = {
			isa = PBXGroup;
			children = (
				8E19B343222D5B52003F10FA /* DetachmentTypeBuilder.swift */,
			);
			path = Builder;
			sourceTree = "<group>";
		};
		8E19E6AE222B367500051784 /* Roaster */ = {
			isa = PBXGroup;
			children = (
				8E19E6C0222B37A000051784 /* Builder */,
				8E19E6B6222B36E700051784 /* Interactor */,
				8E19E6AF222B368400051784 /* View */,
			);
			path = Roaster;
			sourceTree = "<group>";
		};
		8E19E6AF222B368400051784 /* View */ = {
			isa = PBXGroup;
			children = (
				8E2724AF22B9077000534449 /* RoasterUI.swift */,
			);
			path = View;
			sourceTree = "<group>";
		};
		8E19E6B6222B36E700051784 /* Interactor */ = {
			isa = PBXGroup;
			children = (
				8E19E6B7222B36F200051784 /* RoasterViewOutput.swift */,
				8E19E6B9222B370900051784 /* RoasterInteractor.swift */,
			);
			path = Interactor;
			sourceTree = "<group>";
		};
		8E19E6C0222B37A000051784 /* Builder */ = {
			isa = PBXGroup;
			children = (
				8E19E6C1222B37AC00051784 /* RoasterBuilder.swift */,
			);
			path = Builder;
			sourceTree = "<group>";
		};
		8E2711BC226E64CE00EDFBD1 /* Utils */ = {
			isa = PBXGroup;
			children = (
				8E2711BD226E64DD00EDFBD1 /* ArrayUtilsTests.swift */,
			);
			path = Utils;
			sourceTree = "<group>";
		};
		8E36451722B9A3E700ED227E /* Models */ = {
			isa = PBXGroup;
			children = (
				8E36451822B9A3F400ED227E /* DetachmentResponse+Utils.swift */,
			);
			path = Models;
			sourceTree = "<group>";
		};
		8E6467F32224ED8400599834 /* Networking */ = {
			isa = PBXGroup;
			children = (
				8EFAFD522228A9F400DAE956 /* HTTP */,
				8EFAFD4E2228A96300DAE956 /* ResponseHandling.swift */,
				8EFAFD5D2228AB1D00DAE956 /* AlamofireHTTPClient.swift */,
				8EFAFD5F2228ABDE00DAE956 /* RoasterHammerEnvironmentManager.swift */,
			);
			path = Networking;
			sourceTree = "<group>";
		};
		8E646CE42224FA3E00599834 /* Data */ = {
			isa = PBXGroup;
			children = (
				8E646CE72224FBB300599834 /* JSONConvertible.swift */,
				8EFAF5262225F9AE00DAE956 /* JSONDecodingError.swift */,
				8EE4EAF82235B7950043BDD7 /* QueryItemConvertible.swift */,
			);
			path = Data;
			sourceTree = "<group>";
		};
		8E6A8A862275E09D001DE3D2 /* Roaster Viewer Cell */ = {
			isa = PBXGroup;
			children = (
				8EAEBBA5227CD2B80047BB61 /* RoasterSelectionBaseCollectionViewCell.swift */,
				8EAEBBA3227CC6260047BB61 /* RoasterSelectedDetachmentCollectionViewCell.swift */,
				8ED7EE122274983800A21A38 /* RoasterSelectedModelCollectionViewCell.swift */,
				8EAEBBA7227CD50A0047BB61 /* DetachmentHeaderView.swift */,
				8E6A8A882275E0D0001DE3D2 /* UnitHeaderView.swift */,
				8E6A8A8A2275E0EC001DE3D2 /* ModelCharacteristicsView.swift */,
				8E6A8A8C2275E113001DE3D2 /* WeaponCharacteristicsView.swift */,
				8EAEB932227CB9680047BB61 /* RulesView.swift */,
			);
			path = "Roaster Viewer Cell";
			sourceTree = "<group>";
		};
		8E90E0A1226DEAEE0065BBFE /* Model Weapon Selection */ = {
			isa = PBXGroup;
			children = (
				8E90E0A5226DEB0D0065BBFE /* Builder */,
				8E90E0A4226DEB080065BBFE /* Presenter */,
				8E90E0A3226DEB030065BBFE /* Interactor */,
				8E90E0A2226DEAFD0065BBFE /* View */,
			);
			path = "Model Weapon Selection";
			sourceTree = "<group>";
		};
		8E90E0A2226DEAFD0065BBFE /* View */ = {
			isa = PBXGroup;
			children = (
				8E90E0A6226DEB230065BBFE /* ModelWeaponSelectionLayoutViewController.swift */,
				8E90E0A8226DEB740065BBFE /* ModelWeaponSelectionViewController.swift */,
				8E90E0AA226DEB930065BBFE /* ModelWeaponSelectionView.swift */,
			);
			path = View;
			sourceTree = "<group>";
		};
		8E90E0A3226DEB030065BBFE /* Interactor */ = {
			isa = PBXGroup;
			children = (
				8E90E0AC226DEC4A0065BBFE /* ModelWeaponSelectionInteractor.swift */,
				8E90E0AE226DEC5F0065BBFE /* ModelWeaponSelectionViewOutput.swift */,
			);
			path = Interactor;
			sourceTree = "<group>";
		};
		8E90E0A4226DEB080065BBFE /* Presenter */ = {
			isa = PBXGroup;
			children = (
				8E90E0B0226DEC7A0065BBFE /* ModelWeaponSelectionPresenter.swift */,
				8E90E0B2226DEC8C0065BBFE /* ModelWeaponSelectionInteractorOutput.swift */,
			);
			path = Presenter;
			sourceTree = "<group>";
		};
		8E90E0A5226DEB0D0065BBFE /* Builder */ = {
			isa = PBXGroup;
			children = (
				8E90E0B4226DECE90065BBFE /* ModelWeaponSelectionBuilder.swift */,
			);
			path = Builder;
			sourceTree = "<group>";
		};
		8E97AFE422BBB182009D08AE /* Edit Model */ = {
			isa = PBXGroup;
			children = (
				8E97AFE522BBB18F009D08AE /* View */,
			);
			path = "Edit Model";
			sourceTree = "<group>";
		};
		8E97AFE522BBB18F009D08AE /* View */ = {
			isa = PBXGroup;
			children = (
				8E97AFE622BBB1AB009D08AE /* EditModelView.swift */,
			);
			path = View;
			sourceTree = "<group>";
		};
		8EB6E776223C2DEE0090B125 /* View */ = {
			isa = PBXGroup;
			children = (
				8EE0A2712257C95600CA703B /* TableViewHeaderLabelWithAddButton.swift */,
				8EFAFD442228A50100DAE956 /* SingleLabelTableViewCell.swift */,
				8E90E0B9226DEF750065BBFE /* SingleLabelWithActionButtonTableViewCell.swift */,
				8EE0A273225BE60300CA703B /* TableViewHeaderLabel.swift */,
				8E36451A22BA7D0700ED227E /* HeaderAndNavigationButtonHeader.swift */,
				8E36451C22BA7D7600ED227E /* HeaderAndActionButtonHeader.swift */,
				8E97AFEA22BBB6F8009D08AE /* WeaponRow.swift */,
				8EFCBD6F22BBE0780044E726 /* IfLetView.swift */,
			);
			path = View;
			sourceTree = "<group>";
		};
		8EC084AC22B72ED000554850 /* Identifiable */ = {
			isa = PBXGroup;
			children = (
				8EC084AD22B72EE100554850 /* RoasterResponse+Identifiable.swift */,
				8E2724B122B90AB100534449 /* DetachmentResponse+Identifiable.swift */,
				8E2724B722B90F4200534449 /* ArmyResponse+Identifiable.swift */,
				8E36450C22B967D700ED227E /* RoleResponse+Identifiable.swift */,
				8E36450E22B9680600ED227E /* SelectedUnitResponse+Identifiable.swift */,
				8E36451522B97A4E00ED227E /* UnitResponse+Identifiable.swift */,
				8E0DF9F322BA668200B752E4 /* SelectedModelResponse+Identifiable.swift */,
				8E97AFE822BBB361009D08AE /* WeaponResponse+Identifiable.swift */,
				8EFCBD7122BBE3BE0044E726 /* PsychicPowerResponse+Identifiable.swift */,
			);
			path = Identifiable;
			sourceTree = "<group>";
		};
		8ECBE7272271644D006917CA /* Delegation */ = {
			isa = PBXGroup;
			children = (
				8ECBE7282271645F006917CA /* RoasterDetachmentUpdateDelegate.swift */,
			);
			path = Delegation;
			sourceTree = "<group>";
		};
		8ED7EDF822748EB000A21A38 /* Roaster Viewer */ = {
			isa = PBXGroup;
			children = (
				8ED7EDFD22748EE000A21A38 /* Builder */,
				8ED7EDFC22748ECB00A21A38 /* Router */,
				8ED7EDFB22748EC700A21A38 /* Presenter */,
				8ED7EDFA22748EC200A21A38 /* Interactor */,
				8ED7EDF922748EBE00A21A38 /* View */,
			);
			path = "Roaster Viewer";
			sourceTree = "<group>";
		};
		8ED7EDF922748EBE00A21A38 /* View */ = {
			isa = PBXGroup;
			children = (
				8E6A8A862275E09D001DE3D2 /* Roaster Viewer Cell */,
				8ED7EE0022748F0200A21A38 /* RoasterViewerLayoutViewController.swift */,
				8ED7EE0222748F2200A21A38 /* RoasterViewerViewController.swift */,
				8ED7EDFE22748EEE00A21A38 /* RoasterViewerView.swift */,
			);
			path = View;
			sourceTree = "<group>";
		};
		8ED7EDFA22748EC200A21A38 /* Interactor */ = {
			isa = PBXGroup;
			children = (
				8ED7EE0422748F6200A21A38 /* RoasterViewerInteractor.swift */,
				8ED7EE0622748F7900A21A38 /* RoasterViewerViewOutput.swift */,
			);
			path = Interactor;
			sourceTree = "<group>";
		};
		8ED7EDFB22748EC700A21A38 /* Presenter */ = {
			isa = PBXGroup;
			children = (
				8ED7EE0822748F9100A21A38 /* RoasterViewerPresenter.swift */,
				8ED7EE0A22748FAA00A21A38 /* RoasterViewerInteractorOutput.swift */,
			);
			path = Presenter;
			sourceTree = "<group>";
		};
		8ED7EDFC22748ECB00A21A38 /* Router */ = {
			isa = PBXGroup;
			children = (
				8ED7EE0C22748FC300A21A38 /* RoasterViewerRouter.swift */,
			);
			path = Router;
			sourceTree = "<group>";
		};
		8ED7EDFD22748EE000A21A38 /* Builder */ = {
			isa = PBXGroup;
			children = (
				8ED7EE0E22748FD200A21A38 /* RoasterViewerBuilder.swift */,
			);
			path = Builder;
			sourceTree = "<group>";
		};
		8EE227AB22235FAE00DF0D72 = {
			isa = PBXGroup;
			children = (
				8EE227B622235FAE00DF0D72 /* RoasterHammer */,
				8EE227CB22235FB000DF0D72 /* RoasterHammerTests */,
				8EE227B522235FAE00DF0D72 /* Products */,
			);
			sourceTree = "<group>";
		};
		8EE227B522235FAE00DF0D72 /* Products */ = {
			isa = PBXGroup;
			children = (
				8EE227B422235FAE00DF0D72 /* RoasterHammer.app */,
				8EE227C822235FB000DF0D72 /* RoasterHammerTests.xctest */,
			);
			name = Products;
			sourceTree = "<group>";
		};
		8EE227B622235FAE00DF0D72 /* RoasterHammer */ = {
			isa = PBXGroup;
			children = (
				8EFAF54922284E8B00DAE956 /* Dependency Manager */,
				8EFAF52B2226006C00DAE956 /* Shared */,
				8E6467F32224ED8400599834 /* Networking */,
				8EFAF0432224AAA200DAE956 /* Utils */,
				8EFAF03A2224A8E400DAE956 /* Features */,
				8EE227B722235FAE00DF0D72 /* AppDelegate.swift */,
				8EC084A622B7201600554850 /* SceneDelegate.swift */,
				8EE227BE22235FB000DF0D72 /* Assets.xcassets */,
				8EE227C022235FB000DF0D72 /* LaunchScreen.storyboard */,
				8EE227C322235FB000DF0D72 /* Info.plist */,
			);
			path = RoasterHammer;
			sourceTree = "<group>";
		};
		8EE227CB22235FB000DF0D72 /* RoasterHammerTests */ = {
			isa = PBXGroup;
			children = (
				8E2711BC226E64CE00EDFBD1 /* Utils */,
				8EE227CC22235FB000DF0D72 /* RoasterHammerTests.swift */,
				8EE227CE22235FB000DF0D72 /* Info.plist */,
			);
			path = RoasterHammerTests;
			sourceTree = "<group>";
		};
		8EE4E38F2235B1740043BDD7 /* Units */ = {
			isa = PBXGroup;
			children = (
				8EE4E3932235B1A90043BDD7 /* Builder */,
				8EE4E3912235B19F0043BDD7 /* Interactor */,
				8EE4E3902235B1990043BDD7 /* View */,
			);
			path = Units;
			sourceTree = "<group>";
		};
		8EE4E3902235B1990043BDD7 /* View */ = {
			isa = PBXGroup;
			children = (
				8E36451322B977D100ED227E /* UnitsView.swift */,
			);
			path = View;
			sourceTree = "<group>";
		};
		8EE4E3912235B19F0043BDD7 /* Interactor */ = {
			isa = PBXGroup;
			children = (
				8EE4E39A2235B2020043BDD7 /* UnitsViewOutput.swift */,
				8EE4E39C2235B2130043BDD7 /* UnitsInteractor.swift */,
			);
			path = Interactor;
			sourceTree = "<group>";
		};
		8EE4E3932235B1A90043BDD7 /* Builder */ = {
			isa = PBXGroup;
			children = (
				8EE4E3A22235B2A30043BDD7 /* UnitsBuilder.swift */,
			);
			path = Builder;
			sourceTree = "<group>";
		};
		8EFA04D52231AAF300DAE956 /* Account */ = {
			isa = PBXGroup;
			children = (
				8EFA04D92231AB0E00DAE956 /* Builder */,
				8EFA04D72231AB0100DAE956 /* Interactor */,
				8EFA04D62231AAFB00DAE956 /* View */,
			);
			path = Account;
			sourceTree = "<group>";
		};
		8EFA04D62231AAFB00DAE956 /* View */ = {
			isa = PBXGroup;
			children = (
				8EC084A822B72BE900554850 /* AccountView.swift */,
				8E7C402C22B7B72100AB2275 /* CredentialsView.swift */,
				8E7C402E22B7B72B00AB2275 /* ProfileView.swift */,
			);
			path = View;
			sourceTree = "<group>";
		};
		8EFA04D72231AB0100DAE956 /* Interactor */ = {
			isa = PBXGroup;
			children = (
				8EFA04E12231AC6E00DAE956 /* AccountViewOutput.swift */,
				8EFA04E32231AC7B00DAE956 /* AccountInteractor.swift */,
			);
			path = Interactor;
			sourceTree = "<group>";
		};
		8EFA04D92231AB0E00DAE956 /* Builder */ = {
			isa = PBXGroup;
			children = (
				8EFA04EB2231ADEB00DAE956 /* AccountBuilder.swift */,
			);
			path = Builder;
			sourceTree = "<group>";
		};
		8EFAF03A2224A8E400DAE956 /* Features */ = {
			isa = PBXGroup;
			children = (
				8E97AFE422BBB182009D08AE /* Edit Model */,
				8E90E0A1226DEAEE0065BBFE /* Model Weapon Selection */,
				8E03FC39224825C000A39ABF /* Edit Unit */,
				8EFA04D52231AAF300DAE956 /* Account */,
				8EFAFFDB222DC41600DAE956 /* Armies */,
				8E19B32F222D58C8003F10FA /* Detachment */,
				8E19E6AE222B367500051784 /* Roaster */,
				8EFAF53822284A5700DAE956 /* Roasters */,
				8ED7EDF822748EB000A21A38 /* Roaster Viewer */,
				8EE4E38F2235B1740043BDD7 /* Units */,
			);
			path = Features;
			sourceTree = "<group>";
		};
		8EFAF0432224AAA200DAE956 /* Utils */ = {
			isa = PBXGroup;
			children = (
				8EFAFFD82229C10300DAE956 /* Error */,
				8EFAF55E2228574D00DAE956 /* Interface */,
				8E646CE42224FA3E00599834 /* Data */,
				8EFAF0442224AAA700DAE956 /* Extensions */,
			);
			path = Utils;
			sourceTree = "<group>";
		};
		8EFAF0442224AAA700DAE956 /* Extensions */ = {
			isa = PBXGroup;
			children = (
				8E36451722B9A3E700ED227E /* Models */,
				8EC084AC22B72ED000554850 /* Identifiable */,
				8E646CE52224FA4800599834 /* JSONDecoder+Data.swift */,
				8EFAF0452224AAB200DAE956 /* UIView+Autolayout.swift */,
				8EFAF5292225FB8300DAE956 /* String+Encoding.swift */,
				8EFAFD482228A61700DAE956 /* UITableView+IdentifiableView.swift */,
				8EFAFD592228AAB200DAE956 /* Dictionary+Utils.swift */,
				8E0F5226224ACFEC0077D859 /* Array+Utils.swift */,
				8E2711BA226E62BE00EDFBD1 /* WeaponResponse+Equatable.swift */,
				8ED7EE142274A2F700A21A38 /* UICollectionView+IdentifiableView.swift */,
			);
			path = Extensions;
			sourceTree = "<group>";
		};
		8EFAF52B2226006C00DAE956 /* Shared */ = {
			isa = PBXGroup;
			children = (
				8ECBE7272271644D006917CA /* Delegation */,
				8EB6E776223C2DEE0090B125 /* View */,
				8EFAFD612228AEDF00DAE956 /* Builder */,
				8EFAF52D2226008C00DAE956 /* Storage */,
				8EFAF52C2226007100DAE956 /* Data Manager */,
			);
			path = Shared;
			sourceTree = "<group>";
		};
		8EFAF52C2226007100DAE956 /* Data Manager */ = {
			isa = PBXGroup;
			children = (
				8EFAFFD62229BEDE00DAE956 /* BaseDataManager.swift */,
				8E311B7322257A5F00C58DBF /* AccountDataManager.swift */,
				8EFAFD4A2228A8E900DAE956 /* GameDataManager.swift */,
				8E19D7EC222ABA2900051784 /* RoasterDataManager.swift */,
				8E19B5B4222D6383003F10FA /* DetachmentDataManager.swift */,
				8EFA0262222DC7BB00DAE956 /* ArmyDataManager.swift */,
				8EE4EAF62235B6FF0043BDD7 /* UnitDataManager.swift */,
			);
			path = "Data Manager";
			sourceTree = "<group>";
		};
		8EFAF52D2226008C00DAE956 /* Storage */ = {
			isa = PBXGroup;
			children = (
				8EFAF52E2226009F00DAE956 /* AccountDataStore.swift */,
				8E19D7EA222AB69E00051784 /* GameDataStore.swift */,
				8EFAF530222600C300DAE956 /* Storable.swift */,
				8EFAF5322226011000DAE956 /* UserDefaultStore.swift */,
			);
			path = Storage;
			sourceTree = "<group>";
		};
		8EFAF53822284A5700DAE956 /* Roasters */ = {
			isa = PBXGroup;
			children = (
				8EFAF56B2228747F00DAE956 /* Interactor */,
				8EFAF56822285D0C00DAE956 /* Builder */,
				8EFAF56122285AE700DAE956 /* View */,
			);
			path = Roasters;
			sourceTree = "<group>";
		};
		8EFAF54922284E8B00DAE956 /* Dependency Manager */ = {
			isa = PBXGroup;
			children = (
				8EFAF54A22284E9F00DAE956 /* FeatureFactory.swift */,
				8EFAF54C22284EBD00DAE956 /* DependencyManager.swift */,
				8EFAF54E22284ECF00DAE956 /* RoasterHammerDependencyManager.swift */,
			);
			path = "Dependency Manager";
			sourceTree = "<group>";
		};
		8EFAF55E2228574D00DAE956 /* Interface */ = {
			isa = PBXGroup;
			children = (
				8EFAF55F2228575C00DAE956 /* Alerter.swift */,
				8EFAF56422285B2700DAE956 /* BaseViewController.swift */,
				8EFAFD462228A55000DAE956 /* IdentifiableView.swift */,
			);
			path = Interface;
			sourceTree = "<group>";
		};
		8EFAF56122285AE700DAE956 /* View */ = {
			isa = PBXGroup;
			children = (
				8EC084A422B7067500554850 /* RoastersView.swift */,
				8EC084AA22B72C7700554850 /* RoasterRow.swift */,
				8E7C403022B86B5900AB2275 /* CreateRoasterView.swift */,
			);
			path = View;
			sourceTree = "<group>";
		};
		8EFAF56822285D0C00DAE956 /* Builder */ = {
			isa = PBXGroup;
			children = (
				8EFAF56922285D1400DAE956 /* RoastersBuilder.swift */,
			);
			path = Builder;
			sourceTree = "<group>";
		};
		8EFAF56B2228747F00DAE956 /* Interactor */ = {
			isa = PBXGroup;
			children = (
				8EFAF56C2228750200DAE956 /* RoastersViewOutput.swift */,
				8EFAF56E2228752F00DAE956 /* RoastersInteractor.swift */,
			);
			path = Interactor;
			sourceTree = "<group>";
		};
		8EFAFD522228A9F400DAE956 /* HTTP */ = {
			isa = PBXGroup;
			children = (
				8EFAFD572228AA5600DAE956 /* HTTPMethod.swift */,
				8EFAFD552228AA3B00DAE956 /* HTTPRequest.swift */,
				8E311B702225793A00C58DBF /* HTTPResponse.swift */,
				8EFAFD502228A9CB00DAE956 /* HTTPEnvironment.swift */,
				8EFAFD532228AA0800DAE956 /* HTTPEnvironmentManager.swift */,
				8EFAFD5B2228AAF900DAE956 /* HTTPClient.swift */,
			);
			path = HTTP;
			sourceTree = "<group>";
		};
		8EFAFD612228AEDF00DAE956 /* Builder */ = {
			isa = PBXGroup;
			children = (
				8EFAFD622228AEF400DAE956 /* FeatureBuilderBase.swift */,
			);
			path = Builder;
			sourceTree = "<group>";
		};
		8EFAFFD82229C10300DAE956 /* Error */ = {
			isa = PBXGroup;
			children = (
				8EFAFFD92229C10B00DAE956 /* RoasterHammerError.swift */,
			);
			path = Error;
			sourceTree = "<group>";
		};
		8EFAFFDB222DC41600DAE956 /* Armies */ = {
			isa = PBXGroup;
			children = (
				8EFAFFDF222DC43000DAE956 /* Builder */,
				8EFAFFDD222DC42400DAE956 /* Interactor */,
				8EFAFFDC222DC41F00DAE956 /* View */,
			);
			path = Armies;
			sourceTree = "<group>";
		};
		8EFAFFDC222DC41F00DAE956 /* View */ = {
			isa = PBXGroup;
			children = (
				8E2724B922B90FCE00534449 /* ArmiesView.swift */,
			);
			path = View;
			sourceTree = "<group>";
		};
		8EFAFFDD222DC42400DAE956 /* Interactor */ = {
			isa = PBXGroup;
			children = (
				8EFAFFE7222DC4B400DAE956 /* ArmiesViewOutput.swift */,
				8EFAFFE9222DC4C200DAE956 /* ArmiesInteractor.swift */,
			);
			path = Interactor;
			sourceTree = "<group>";
		};
		8EFAFFDF222DC43000DAE956 /* Builder */ = {
			isa = PBXGroup;
			children = (
				8EFAFFEF222DC53100DAE956 /* ArmiesBuilder.swift */,
			);
			path = Builder;
			sourceTree = "<group>";
		};
/* End PBXGroup section */

/* Begin PBXNativeTarget section */
		8EE227B322235FAE00DF0D72 /* RoasterHammer */ = {
			isa = PBXNativeTarget;
			buildConfigurationList = 8EE227D122235FB000DF0D72 /* Build configuration list for PBXNativeTarget "RoasterHammer" */;
			buildPhases = (
				8EE227B022235FAE00DF0D72 /* Sources */,
				8EE227B122235FAE00DF0D72 /* Frameworks */,
				8EE227B222235FAE00DF0D72 /* Resources */,
			);
			buildRules = (
			);
			dependencies = (
			);
			name = RoasterHammer;
			packageProductDependencies = (
				8ED9AA9222B6957B00455FD8 /* RoasterHammer-Shared */,
				8ED9AA9522B6958C00455FD8 /* Alamofire */,
				8E36451122B96EDF00ED227E /* SFSafeSymbols */,
			);
			productName = RoasterHammer;
			productReference = 8EE227B422235FAE00DF0D72 /* RoasterHammer.app */;
			productType = "com.apple.product-type.application";
		};
		8EE227C722235FB000DF0D72 /* RoasterHammerTests */ = {
			isa = PBXNativeTarget;
			buildConfigurationList = 8EE227D422235FB000DF0D72 /* Build configuration list for PBXNativeTarget "RoasterHammerTests" */;
			buildPhases = (
				8EE227C422235FB000DF0D72 /* Sources */,
				8EE227C522235FB000DF0D72 /* Frameworks */,
				8EE227C622235FB000DF0D72 /* Resources */,
			);
			buildRules = (
			);
			dependencies = (
				8EE227CA22235FB000DF0D72 /* PBXTargetDependency */,
			);
			name = RoasterHammerTests;
			productName = RoasterHammerTests;
			productReference = 8EE227C822235FB000DF0D72 /* RoasterHammerTests.xctest */;
			productType = "com.apple.product-type.bundle.unit-test";
		};
/* End PBXNativeTarget section */

/* Begin PBXProject section */
		8EE227AC22235FAE00DF0D72 /* Project object */ = {
			isa = PBXProject;
			attributes = {
				LastSwiftUpdateCheck = 1010;
				LastUpgradeCheck = 1010;
				ORGANIZATIONNAME = "Thibault Klein";
				TargetAttributes = {
					8EE227B322235FAE00DF0D72 = {
						CreatedOnToolsVersion = 10.1;
						LastSwiftMigration = 1020;
					};
					8EE227C722235FB000DF0D72 = {
						CreatedOnToolsVersion = 10.1;
						LastSwiftMigration = 1020;
						TestTargetID = 8EE227B322235FAE00DF0D72;
					};
				};
			};
			buildConfigurationList = 8EE227AF22235FAE00DF0D72 /* Build configuration list for PBXProject "RoasterHammer" */;
			compatibilityVersion = "Xcode 9.3";
			developmentRegion = en;
			hasScannedForEncodings = 0;
			knownRegions = (
				en,
				Base,
			);
			mainGroup = 8EE227AB22235FAE00DF0D72;
			packageReferences = (
				8ED9AA9122B6957B00455FD8 /* XCRemoteSwiftPackageReference "RoasterHammer-Shared" */,
				8ED9AA9422B6958C00455FD8 /* XCRemoteSwiftPackageReference "Alamofire" */,
				8E36451022B96EDF00ED227E /* XCRemoteSwiftPackageReference "SFSafeSymbols" */,
			);
			productRefGroup = 8EE227B522235FAE00DF0D72 /* Products */;
			projectDirPath = "";
			projectRoot = "";
			targets = (
				8EE227B322235FAE00DF0D72 /* RoasterHammer */,
				8EE227C722235FB000DF0D72 /* RoasterHammerTests */,
			);
		};
/* End PBXProject section */

/* Begin PBXResourcesBuildPhase section */
		8EE227B222235FAE00DF0D72 /* Resources */ = {
			isa = PBXResourcesBuildPhase;
			buildActionMask = 2147483647;
			files = (
				8EE227C222235FB000DF0D72 /* LaunchScreen.storyboard in Resources */,
				8EE227BF22235FB000DF0D72 /* Assets.xcassets in Resources */,
			);
			runOnlyForDeploymentPostprocessing = 0;
		};
		8EE227C622235FB000DF0D72 /* Resources */ = {
			isa = PBXResourcesBuildPhase;
			buildActionMask = 2147483647;
			files = (
			);
			runOnlyForDeploymentPostprocessing = 0;
		};
/* End PBXResourcesBuildPhase section */

/* Begin PBXSourcesBuildPhase section */
		8EE227B022235FAE00DF0D72 /* Sources */ = {
			isa = PBXSourcesBuildPhase;
			buildActionMask = 2147483647;
			files = (
				8E2724BA22B90FCE00534449 /* ArmiesView.swift in Sources */,
				8E2711BB226E62BE00EDFBD1 /* WeaponResponse+Equatable.swift in Sources */,
				8EFAF56D2228750200DAE956 /* RoastersViewOutput.swift in Sources */,
				8EFAFD542228AA0800DAE956 /* HTTPEnvironmentManager.swift in Sources */,
				8E97AFEB22BBB6F8009D08AE /* WeaponRow.swift in Sources */,
				8E19E6BA222B370900051784 /* RoasterInteractor.swift in Sources */,
				8E90E0AB226DEB930065BBFE /* ModelWeaponSelectionView.swift in Sources */,
				8EFAF54D22284EBD00DAE956 /* DependencyManager.swift in Sources */,
				8E19E6B8222B36F200051784 /* RoasterViewOutput.swift in Sources */,
				8E03FC4D2248277200A39ABF /* EditUnitBuilder.swift in Sources */,
				8E19B33E222D5AC4003F10FA /* DetachmentTypeInteractor.swift in Sources */,
				8EE0A2722257C95600CA703B /* TableViewHeaderLabelWithAddButton.swift in Sources */,
				8EAEB933227CB9680047BB61 /* RulesView.swift in Sources */,
				8EFAFFF0222DC53100DAE956 /* ArmiesBuilder.swift in Sources */,
				8ED7EE132274983800A21A38 /* RoasterSelectedModelCollectionViewCell.swift in Sources */,
				8EFAFD5C2228AAF900DAE956 /* HTTPClient.swift in Sources */,
				8ED7EE0722748F7900A21A38 /* RoasterViewerViewOutput.swift in Sources */,
				8E19E6C2222B37AC00051784 /* RoasterBuilder.swift in Sources */,
				8EFAF56522285B2700DAE956 /* BaseViewController.swift in Sources */,
				8EE4E39B2235B2020043BDD7 /* UnitsViewOutput.swift in Sources */,
				8E90E0A7226DEB230065BBFE /* ModelWeaponSelectionLayoutViewController.swift in Sources */,
				8ED7EE0B22748FAA00A21A38 /* RoasterViewerInteractorOutput.swift in Sources */,
				8E90E0AD226DEC4A0065BBFE /* ModelWeaponSelectionInteractor.swift in Sources */,
				8EFAFD632228AEF400DAE956 /* FeatureBuilderBase.swift in Sources */,
				8EFAF5332226011000DAE956 /* UserDefaultStore.swift in Sources */,
				8EC084AE22B72EE100554850 /* RoasterResponse+Identifiable.swift in Sources */,
				8EFA04E42231AC7B00DAE956 /* AccountInteractor.swift in Sources */,
				8E36450D22B967D700ED227E /* RoleResponse+Identifiable.swift in Sources */,
				8EFAF5602228575C00DAE956 /* Alerter.swift in Sources */,
				8EFAF54F22284ECF00DAE956 /* RoasterHammerDependencyManager.swift in Sources */,
				8EFAFD472228A55000DAE956 /* IdentifiableView.swift in Sources */,
				8E90E0B1226DEC7A0065BBFE /* ModelWeaponSelectionPresenter.swift in Sources */,
				8E311B712225793A00C58DBF /* HTTPResponse.swift in Sources */,
				8EFCBD7022BBE0780044E726 /* IfLetView.swift in Sources */,
				8E0DF9F422BA668200B752E4 /* SelectedModelResponse+Identifiable.swift in Sources */,
				8EFAF5272225F9AE00DAE956 /* JSONDecodingError.swift in Sources */,
				8E0F5227224ACFEC0077D859 /* Array+Utils.swift in Sources */,
				8ED7EE0522748F6200A21A38 /* RoasterViewerInteractor.swift in Sources */,
				8EFAF0462224AAB200DAE956 /* UIView+Autolayout.swift in Sources */,
				8EFAFD492228A61700DAE956 /* UITableView+IdentifiableView.swift in Sources */,
				8E2724B022B9077000534449 /* RoasterUI.swift in Sources */,
				8EFAFFE8222DC4B400DAE956 /* ArmiesViewOutput.swift in Sources */,
				8EFAFD5A2228AAB200DAE956 /* Dictionary+Utils.swift in Sources */,
				8EC084A522B7067500554850 /* RoastersView.swift in Sources */,
				8EFAFD452228A50200DAE956 /* SingleLabelTableViewCell.swift in Sources */,
				8E6A8A8B2275E0EC001DE3D2 /* ModelCharacteristicsView.swift in Sources */,
				8EFAFD4F2228A96300DAE956 /* ResponseHandling.swift in Sources */,
				8ED7EE152274A2F700A21A38 /* UICollectionView+IdentifiableView.swift in Sources */,
				8EFAFD512228A9CB00DAE956 /* HTTPEnvironment.swift in Sources */,
				8EE0A274225BE60300CA703B /* TableViewHeaderLabel.swift in Sources */,
				8EFAF52A2225FB8300DAE956 /* String+Encoding.swift in Sources */,
				8E90E0B5226DECE90065BBFE /* ModelWeaponSelectionBuilder.swift in Sources */,
				8EFCBD7222BBE3BE0044E726 /* PsychicPowerResponse+Identifiable.swift in Sources */,
				8EE4E3A32235B2A30043BDD7 /* UnitsBuilder.swift in Sources */,
				8E19B344222D5B52003F10FA /* DetachmentTypeBuilder.swift in Sources */,
				8ED7EE0122748F0200A21A38 /* RoasterViewerLayoutViewController.swift in Sources */,
				8E6A8A8D2275E113001DE3D2 /* WeaponCharacteristicsView.swift in Sources */,
				8EFAF531222600C300DAE956 /* Storable.swift in Sources */,
				8E97AFE922BBB361009D08AE /* WeaponResponse+Identifiable.swift in Sources */,
				8E2724B422B90BFF00534449 /* DetachmentTypesView.swift in Sources */,
				8EFAFD5E2228AB1D00DAE956 /* AlamofireHTTPClient.swift in Sources */,
				8E646CE62224FA4800599834 /* JSONDecoder+Data.swift in Sources */,
				8E19B5B5222D6383003F10FA /* DetachmentDataManager.swift in Sources */,
				8E36451B22BA7D0700ED227E /* HeaderAndNavigationButtonHeader.swift in Sources */,
				8E36451422B977D100ED227E /* UnitsView.swift in Sources */,
				8E90E0A9226DEB740065BBFE /* ModelWeaponSelectionViewController.swift in Sources */,
				8E36450F22B9680600ED227E /* SelectedUnitResponse+Identifiable.swift in Sources */,
				8ECBE7292271645F006917CA /* RoasterDetachmentUpdateDelegate.swift in Sources */,
				8EFA0263222DC7BB00DAE956 /* ArmyDataManager.swift in Sources */,
				8E36451922B9A3F400ED227E /* DetachmentResponse+Utils.swift in Sources */,
				8E7C403122B86B5900AB2275 /* CreateRoasterView.swift in Sources */,
				8EFAFFD72229BEDE00DAE956 /* BaseDataManager.swift in Sources */,
				8E0DF9F222BA5D5D00B752E4 /* EditUnitView.swift in Sources */,
				8ED7EE0D22748FC300A21A38 /* RoasterViewerRouter.swift in Sources */,
				8EFAF52F2226009F00DAE956 /* AccountDataStore.swift in Sources */,
				8E6A8A892275E0D0001DE3D2 /* UnitHeaderView.swift in Sources */,
				8EFAFFEA222DC4C200DAE956 /* ArmiesInteractor.swift in Sources */,
				8EAEBBA8227CD50A0047BB61 /* DetachmentHeaderView.swift in Sources */,
				8EC084A722B7201600554850 /* SceneDelegate.swift in Sources */,
				8EAEBBA6227CD2B80047BB61 /* RoasterSelectionBaseCollectionViewCell.swift in Sources */,
				8E36451622B97A4E00ED227E /* UnitResponse+Identifiable.swift in Sources */,
				8E19D7EB222AB69E00051784 /* GameDataStore.swift in Sources */,
				8EC084AB22B72C7700554850 /* RoasterRow.swift in Sources */,
				8EFAF56A22285D1400DAE956 /* RoastersBuilder.swift in Sources */,
				8E19D7ED222ABA2900051784 /* RoasterDataManager.swift in Sources */,
				8ED7EDFF22748EEE00A21A38 /* RoasterViewerView.swift in Sources */,
				8EE4E39D2235B2130043BDD7 /* UnitsInteractor.swift in Sources */,
				8ED7EE0322748F2200A21A38 /* RoasterViewerViewController.swift in Sources */,
				8E646CE82224FBB300599834 /* JSONConvertible.swift in Sources */,
				8EFAF56F2228752F00DAE956 /* RoastersInteractor.swift in Sources */,
				8EFA04EC2231ADEB00DAE956 /* AccountBuilder.swift in Sources */,
				8E311B7422257A5F00C58DBF /* AccountDataManager.swift in Sources */,
				8E90E0B3226DEC8C0065BBFE /* ModelWeaponSelectionInteractorOutput.swift in Sources */,
				8EC084A922B72BE900554850 /* AccountView.swift in Sources */,
				8EFAFFDA2229C10B00DAE956 /* RoasterHammerError.swift in Sources */,
				8EFAF54B22284E9F00DAE956 /* FeatureFactory.swift in Sources */,
				8EAEBBA4227CC6260047BB61 /* RoasterSelectedDetachmentCollectionViewCell.swift in Sources */,
				8EE4EAF72235B6FF0043BDD7 /* UnitDataManager.swift in Sources */,
				8E90E0AF226DEC5F0065BBFE /* ModelWeaponSelectionViewOutput.swift in Sources */,
				8EFAFD602228ABDE00DAE956 /* RoasterHammerEnvironmentManager.swift in Sources */,
				8E97AFE722BBB1AB009D08AE /* EditModelView.swift in Sources */,
				8E36451D22BA7D7600ED227E /* HeaderAndActionButtonHeader.swift in Sources */,
				8EE227B822235FAE00DF0D72 /* AppDelegate.swift in Sources */,
				8E90E0BA226DEF750065BBFE /* SingleLabelWithActionButtonTableViewCell.swift in Sources */,
				8EFAFD582228AA5600DAE956 /* HTTPMethod.swift in Sources */,
				8EE4EAF92235B7950043BDD7 /* QueryItemConvertible.swift in Sources */,
				8E2724B222B90AB100534449 /* DetachmentResponse+Identifiable.swift in Sources */,
				8EFA04E22231AC6E00DAE956 /* AccountViewOutput.swift in Sources */,
				8ED7EE0922748F9100A21A38 /* RoasterViewerPresenter.swift in Sources */,
				8E19B33C222D5A98003F10FA /* DetachmentTypeViewOutput.swift in Sources */,
				8EFAFD4B2228A8E900DAE956 /* GameDataManager.swift in Sources */,
				8E7C402D22B7B72100AB2275 /* CredentialsView.swift in Sources */,
				8EFAFD562228AA3B00DAE956 /* HTTPRequest.swift in Sources */,
				8E2724B822B90F4200534449 /* ArmyResponse+Identifiable.swift in Sources */,
				8ED7EE0F22748FD200A21A38 /* RoasterViewerBuilder.swift in Sources */,
				8E7C402F22B7B72B00AB2275 /* ProfileView.swift in Sources */,
			);
			runOnlyForDeploymentPostprocessing = 0;
		};
		8EE227C422235FB000DF0D72 /* Sources */ = {
			isa = PBXSourcesBuildPhase;
			buildActionMask = 2147483647;
			files = (
				8EE227CD22235FB000DF0D72 /* RoasterHammerTests.swift in Sources */,
				8E2711BE226E64DD00EDFBD1 /* ArrayUtilsTests.swift in Sources */,
			);
			runOnlyForDeploymentPostprocessing = 0;
		};
/* End PBXSourcesBuildPhase section */

/* Begin PBXTargetDependency section */
		8EE227CA22235FB000DF0D72 /* PBXTargetDependency */ = {
			isa = PBXTargetDependency;
			target = 8EE227B322235FAE00DF0D72 /* RoasterHammer */;
			targetProxy = 8EE227C922235FB000DF0D72 /* PBXContainerItemProxy */;
		};
/* End PBXTargetDependency section */

/* Begin PBXVariantGroup section */
		8EE227C022235FB000DF0D72 /* LaunchScreen.storyboard */ = {
			isa = PBXVariantGroup;
			children = (
				8EE227C122235FB000DF0D72 /* Base */,
			);
			name = LaunchScreen.storyboard;
			sourceTree = "<group>";
		};
/* End PBXVariantGroup section */

/* Begin XCBuildConfiguration section */
		8EE227CF22235FB000DF0D72 /* Debug */ = {
			isa = XCBuildConfiguration;
			buildSettings = {
				ALWAYS_SEARCH_USER_PATHS = NO;
				CLANG_ANALYZER_NONNULL = YES;
				CLANG_ANALYZER_NUMBER_OBJECT_CONVERSION = YES_AGGRESSIVE;
				CLANG_CXX_LANGUAGE_STANDARD = "gnu++14";
				CLANG_CXX_LIBRARY = "libc++";
				CLANG_ENABLE_MODULES = YES;
				CLANG_ENABLE_OBJC_ARC = YES;
				CLANG_ENABLE_OBJC_WEAK = YES;
				CLANG_WARN_BLOCK_CAPTURE_AUTORELEASING = YES;
				CLANG_WARN_BOOL_CONVERSION = YES;
				CLANG_WARN_COMMA = YES;
				CLANG_WARN_CONSTANT_CONVERSION = YES;
				CLANG_WARN_DEPRECATED_OBJC_IMPLEMENTATIONS = YES;
				CLANG_WARN_DIRECT_OBJC_ISA_USAGE = YES_ERROR;
				CLANG_WARN_DOCUMENTATION_COMMENTS = YES;
				CLANG_WARN_EMPTY_BODY = YES;
				CLANG_WARN_ENUM_CONVERSION = YES;
				CLANG_WARN_INFINITE_RECURSION = YES;
				CLANG_WARN_INT_CONVERSION = YES;
				CLANG_WARN_NON_LITERAL_NULL_CONVERSION = YES;
				CLANG_WARN_OBJC_IMPLICIT_RETAIN_SELF = YES;
				CLANG_WARN_OBJC_LITERAL_CONVERSION = YES;
				CLANG_WARN_OBJC_ROOT_CLASS = YES_ERROR;
				CLANG_WARN_RANGE_LOOP_ANALYSIS = YES;
				CLANG_WARN_STRICT_PROTOTYPES = YES;
				CLANG_WARN_SUSPICIOUS_MOVE = YES;
				CLANG_WARN_UNGUARDED_AVAILABILITY = YES_AGGRESSIVE;
				CLANG_WARN_UNREACHABLE_CODE = YES;
				CLANG_WARN__DUPLICATE_METHOD_MATCH = YES;
				CODE_SIGN_IDENTITY = "iPhone Developer";
				COPY_PHASE_STRIP = NO;
				DEBUG_INFORMATION_FORMAT = dwarf;
				ENABLE_STRICT_OBJC_MSGSEND = YES;
				ENABLE_TESTABILITY = YES;
				GCC_C_LANGUAGE_STANDARD = gnu11;
				GCC_DYNAMIC_NO_PIC = NO;
				GCC_NO_COMMON_BLOCKS = YES;
				GCC_OPTIMIZATION_LEVEL = 0;
				GCC_PREPROCESSOR_DEFINITIONS = (
					"DEBUG=1",
					"$(inherited)",
				);
				GCC_WARN_64_TO_32_BIT_CONVERSION = YES;
				GCC_WARN_ABOUT_RETURN_TYPE = YES_ERROR;
				GCC_WARN_UNDECLARED_SELECTOR = YES;
				GCC_WARN_UNINITIALIZED_AUTOS = YES_AGGRESSIVE;
				GCC_WARN_UNUSED_FUNCTION = YES;
				GCC_WARN_UNUSED_VARIABLE = YES;
				IPHONEOS_DEPLOYMENT_TARGET = 13.0;
				MTL_ENABLE_DEBUG_INFO = INCLUDE_SOURCE;
				MTL_FAST_MATH = YES;
				ONLY_ACTIVE_ARCH = YES;
				SDKROOT = iphoneos;
				SWIFT_ACTIVE_COMPILATION_CONDITIONS = DEBUG;
				SWIFT_COMPILATION_MODE = singlefile;
				SWIFT_OPTIMIZATION_LEVEL = "-Onone";
			};
			name = Debug;
		};
		8EE227D022235FB000DF0D72 /* Release */ = {
			isa = XCBuildConfiguration;
			buildSettings = {
				ALWAYS_SEARCH_USER_PATHS = NO;
				CLANG_ANALYZER_NONNULL = YES;
				CLANG_ANALYZER_NUMBER_OBJECT_CONVERSION = YES_AGGRESSIVE;
				CLANG_CXX_LANGUAGE_STANDARD = "gnu++14";
				CLANG_CXX_LIBRARY = "libc++";
				CLANG_ENABLE_MODULES = YES;
				CLANG_ENABLE_OBJC_ARC = YES;
				CLANG_ENABLE_OBJC_WEAK = YES;
				CLANG_WARN_BLOCK_CAPTURE_AUTORELEASING = YES;
				CLANG_WARN_BOOL_CONVERSION = YES;
				CLANG_WARN_COMMA = YES;
				CLANG_WARN_CONSTANT_CONVERSION = YES;
				CLANG_WARN_DEPRECATED_OBJC_IMPLEMENTATIONS = YES;
				CLANG_WARN_DIRECT_OBJC_ISA_USAGE = YES_ERROR;
				CLANG_WARN_DOCUMENTATION_COMMENTS = YES;
				CLANG_WARN_EMPTY_BODY = YES;
				CLANG_WARN_ENUM_CONVERSION = YES;
				CLANG_WARN_INFINITE_RECURSION = YES;
				CLANG_WARN_INT_CONVERSION = YES;
				CLANG_WARN_NON_LITERAL_NULL_CONVERSION = YES;
				CLANG_WARN_OBJC_IMPLICIT_RETAIN_SELF = YES;
				CLANG_WARN_OBJC_LITERAL_CONVERSION = YES;
				CLANG_WARN_OBJC_ROOT_CLASS = YES_ERROR;
				CLANG_WARN_RANGE_LOOP_ANALYSIS = YES;
				CLANG_WARN_STRICT_PROTOTYPES = YES;
				CLANG_WARN_SUSPICIOUS_MOVE = YES;
				CLANG_WARN_UNGUARDED_AVAILABILITY = YES_AGGRESSIVE;
				CLANG_WARN_UNREACHABLE_CODE = YES;
				CLANG_WARN__DUPLICATE_METHOD_MATCH = YES;
				CODE_SIGN_IDENTITY = "iPhone Developer";
				COPY_PHASE_STRIP = NO;
				DEBUG_INFORMATION_FORMAT = "dwarf-with-dsym";
				ENABLE_NS_ASSERTIONS = NO;
				ENABLE_STRICT_OBJC_MSGSEND = YES;
				GCC_C_LANGUAGE_STANDARD = gnu11;
				GCC_NO_COMMON_BLOCKS = YES;
				GCC_WARN_64_TO_32_BIT_CONVERSION = YES;
				GCC_WARN_ABOUT_RETURN_TYPE = YES_ERROR;
				GCC_WARN_UNDECLARED_SELECTOR = YES;
				GCC_WARN_UNINITIALIZED_AUTOS = YES_AGGRESSIVE;
				GCC_WARN_UNUSED_FUNCTION = YES;
				GCC_WARN_UNUSED_VARIABLE = YES;
				IPHONEOS_DEPLOYMENT_TARGET = 13.0;
				MTL_ENABLE_DEBUG_INFO = NO;
				MTL_FAST_MATH = YES;
				SDKROOT = iphoneos;
				SWIFT_COMPILATION_MODE = wholemodule;
				SWIFT_OPTIMIZATION_LEVEL = "-O";
				VALIDATE_PRODUCT = YES;
			};
			name = Release;
		};
		8EE227D222235FB000DF0D72 /* Debug */ = {
			isa = XCBuildConfiguration;
			buildSettings = {
				ASSETCATALOG_COMPILER_APPICON_NAME = AppIcon;
				CODE_SIGN_STYLE = Automatic;
				DEVELOPMENT_TEAM = 9SXMCCRGJ3;
				INFOPLIST_FILE = RoasterHammer/Info.plist;
				LD_RUNPATH_SEARCH_PATHS = (
					"$(inherited)",
					"@executable_path/Frameworks",
				);
				PRODUCT_BUNDLE_IDENTIFIER = com.thibaultklein.RoasterHammer;
				PRODUCT_NAME = "$(TARGET_NAME)";
				SWIFT_VERSION = 5.0;
				TARGETED_DEVICE_FAMILY = "1,2";
			};
			name = Debug;
		};
		8EE227D322235FB000DF0D72 /* Release */ = {
			isa = XCBuildConfiguration;
			buildSettings = {
				ASSETCATALOG_COMPILER_APPICON_NAME = AppIcon;
				CODE_SIGN_STYLE = Automatic;
				DEVELOPMENT_TEAM = 9SXMCCRGJ3;
				INFOPLIST_FILE = RoasterHammer/Info.plist;
				LD_RUNPATH_SEARCH_PATHS = (
					"$(inherited)",
					"@executable_path/Frameworks",
				);
				PRODUCT_BUNDLE_IDENTIFIER = com.thibaultklein.RoasterHammer;
				PRODUCT_NAME = "$(TARGET_NAME)";
				SWIFT_VERSION = 5.0;
				TARGETED_DEVICE_FAMILY = "1,2";
			};
			name = Release;
		};
		8EE227D522235FB000DF0D72 /* Debug */ = {
			isa = XCBuildConfiguration;
			buildSettings = {
				ALWAYS_EMBED_SWIFT_STANDARD_LIBRARIES = YES;
				BUNDLE_LOADER = "$(TEST_HOST)";
				CODE_SIGN_STYLE = Automatic;
				DEVELOPMENT_TEAM = 9SXMCCRGJ3;
				INFOPLIST_FILE = RoasterHammerTests/Info.plist;
				LD_RUNPATH_SEARCH_PATHS = (
					"$(inherited)",
					"@executable_path/Frameworks",
					"@loader_path/Frameworks",
				);
				PRODUCT_BUNDLE_IDENTIFIER = com.thibaultklein.RoasterHammerTests;
				PRODUCT_NAME = "$(TARGET_NAME)";
				SWIFT_VERSION = 5.0;
				TARGETED_DEVICE_FAMILY = "1,2";
				TEST_HOST = "$(BUILT_PRODUCTS_DIR)/RoasterHammer.app/RoasterHammer";
			};
			name = Debug;
		};
		8EE227D622235FB000DF0D72 /* Release */ = {
			isa = XCBuildConfiguration;
			buildSettings = {
				ALWAYS_EMBED_SWIFT_STANDARD_LIBRARIES = YES;
				BUNDLE_LOADER = "$(TEST_HOST)";
				CODE_SIGN_STYLE = Automatic;
				DEVELOPMENT_TEAM = 9SXMCCRGJ3;
				INFOPLIST_FILE = RoasterHammerTests/Info.plist;
				LD_RUNPATH_SEARCH_PATHS = (
					"$(inherited)",
					"@executable_path/Frameworks",
					"@loader_path/Frameworks",
				);
				PRODUCT_BUNDLE_IDENTIFIER = com.thibaultklein.RoasterHammerTests;
				PRODUCT_NAME = "$(TARGET_NAME)";
				SWIFT_VERSION = 5.0;
				TARGETED_DEVICE_FAMILY = "1,2";
				TEST_HOST = "$(BUILT_PRODUCTS_DIR)/RoasterHammer.app/RoasterHammer";
			};
			name = Release;
		};
/* End XCBuildConfiguration section */

/* Begin XCConfigurationList section */
		8EE227AF22235FAE00DF0D72 /* Build configuration list for PBXProject "RoasterHammer" */ = {
			isa = XCConfigurationList;
			buildConfigurations = (
				8EE227CF22235FB000DF0D72 /* Debug */,
				8EE227D022235FB000DF0D72 /* Release */,
			);
			defaultConfigurationIsVisible = 0;
			defaultConfigurationName = Release;
		};
		8EE227D122235FB000DF0D72 /* Build configuration list for PBXNativeTarget "RoasterHammer" */ = {
			isa = XCConfigurationList;
			buildConfigurations = (
				8EE227D222235FB000DF0D72 /* Debug */,
				8EE227D322235FB000DF0D72 /* Release */,
			);
			defaultConfigurationIsVisible = 0;
			defaultConfigurationName = Release;
		};
		8EE227D422235FB000DF0D72 /* Build configuration list for PBXNativeTarget "RoasterHammerTests" */ = {
			isa = XCConfigurationList;
			buildConfigurations = (
				8EE227D522235FB000DF0D72 /* Debug */,
				8EE227D622235FB000DF0D72 /* Release */,
			);
			defaultConfigurationIsVisible = 0;
			defaultConfigurationName = Release;
		};
/* End XCConfigurationList section */

/* Begin XCRemoteSwiftPackageReference section */
		8E36451022B96EDF00ED227E /* XCRemoteSwiftPackageReference "SFSafeSymbols" */ = {
			isa = XCRemoteSwiftPackageReference;
			repositoryURL = "https://github.com/piknotech/SFSafeSymbols/";
			requirement = {
				kind = upToNextMajorVersion;
				minimumVersion = 0.3.0;
			};
		};
		8ED9AA9122B6957B00455FD8 /* XCRemoteSwiftPackageReference "RoasterHammer-Shared" */ = {
			isa = XCRemoteSwiftPackageReference;
			repositoryURL = "https://github.com/klein-thibault/RoasterHammer-Shared.git";
			requirement = {
				kind = upToNextMajorVersion;
				minimumVersion = 0.0.30;
			};
		};
		8ED9AA9422B6958C00455FD8 /* XCRemoteSwiftPackageReference "Alamofire" */ = {
			isa = XCRemoteSwiftPackageReference;
			repositoryURL = "https://github.com/Alamofire/Alamofire";
			requirement = {
				kind = upToNextMajorVersion;
				minimumVersion = 4.8.2;
			};
		};
/* End XCRemoteSwiftPackageReference section */

/* Begin XCSwiftPackageProductDependency section */
		8E36451122B96EDF00ED227E /* SFSafeSymbols */ = {
			isa = XCSwiftPackageProductDependency;
			package = 8E36451022B96EDF00ED227E /* XCRemoteSwiftPackageReference "SFSafeSymbols" */;
			productName = SFSafeSymbols;
		};
		8ED9AA9222B6957B00455FD8 /* RoasterHammer-Shared */ = {
			isa = XCSwiftPackageProductDependency;
			package = 8ED9AA9122B6957B00455FD8 /* XCRemoteSwiftPackageReference "RoasterHammer-Shared" */;
			productName = "RoasterHammer-Shared";
		};
		8ED9AA9522B6958C00455FD8 /* Alamofire */ = {
			isa = XCSwiftPackageProductDependency;
			package = 8ED9AA9422B6958C00455FD8 /* XCRemoteSwiftPackageReference "Alamofire" */;
			productName = Alamofire;
		};
/* End XCSwiftPackageProductDependency section */
	};
	rootObject = 8EE227AC22235FAE00DF0D72 /* Project object */;
}
